
Microsoft Visual Studio Solution File, Format Version 12.00
# Visual Studio 15
VisualStudioVersion = 15.0.27130.2027
MinimumVisualStudioVersion = 10.0.40219.1
Project("{F184B08F-C81C-45F6-A57F-5ABD9991F28F}") = "Yilia", "Yilia\Yilia\Yilia.vbproj", "{6561DAB5-596D-4BAE-9161-C27821B1B8F1}"
EndProject
Project("{2150E333-8FDC-42A3-9474-1A3956D46DE8}") = "runtime", "runtime", "{10635F0E-96BF-4B81-95F6-2CF93DFB64D4}"
EndProject
Project("{F184B08F-C81C-45F6-A57F-5ABD9991F28F}") = "47-dotnet_Microsoft.VisualBasic", "Yilia\runtime\sciBASIC#\Microsoft.VisualBasic.Core\47-dotnet_Microsoft.VisualBasic.vbproj", "{FECCE1FD-E1D4-49E3-A668-60BB5E7AED99}"
EndProject
Project("{F184B08F-C81C-45F6-A57F-5ABD9991F28F}") = "SMRUCC.WebCloud.HTTPInternal", "Yilia\runtime\httpd\WebCloud\SMRUCC.HTTPInternal\SMRUCC.WebCloud.HTTPInternal.vbproj", "{FBFC1455-B232-4F16-AFC7-4054A8B864AB}"
EndProject
Project("{F184B08F-C81C-45F6-A57F-5ABD9991F28F}") = "httpd", "Yilia\runtime\httpd\httpd\httpd.vbproj", "{CE825E49-0386-4AB1-B452-B104ED3F7DEB}"
EndProject
Project("{2150E333-8FDC-42A3-9474-1A3956D46DE8}") = "web-server", "web-server", "{4E646342-45EB-4820-9A94-386712557456}"
EndProject
Project("{F184B08F-C81C-45F6-A57F-5ABD9991F28F}") = "SMRUCC.WebCloud.VBScript", "Yilia\runtime\httpd\WebCloud\SMRUCC.WebCloud.VBScript\SMRUCC.WebCloud.VBScript.vbproj", "{D0D2AFE0-547C-440E-B978-23E40B9C53EE}"
EndProject
Project("{F184B08F-C81C-45F6-A57F-5ABD9991F28F}") = "SMRUCC.WebCloud.QRCode", "Yilia\runtime\httpd\WebCloud\SMRUCC.WebCloud.QRCode\SMRUCC.WebCloud.QRCode.vbproj", "{4B6D92DD-09AA-425B-ADE6-FBC92134B155}"
EndProject
Project("{F184B08F-C81C-45F6-A57F-5ABD9991F28F}") = "text.yaml", "Yilia\runtime\sciBASIC#\mime\text%yaml\text.yaml.vbproj", "{FB637DE6-6BEB-4722-968A-F76DEB851DFC}"
EndProject
Project("{F184B08F-C81C-45F6-A57F-5ABD9991F28F}") = "MIME-htmls", "Yilia\runtime\sciBASIC#\mime\text%html\MIME-htmls.vbproj", "{2DD4BE80-DDC3-4767-94A7-10F1C3395716}"
EndProject
Project("{F184B08F-C81C-45F6-A57F-5ABD9991F28F}") = "xDoc", "xDoc\xDoc.vbproj", "{AC36906A-9765-4743-8EBA-A552F4F23F2A}"
EndProject
Project("{F184B08F-C81C-45F6-A57F-5ABD9991F28F}") = "VisualStudio", "Yilia\runtime\sciBASIC#\vs_solutions\dev\VisualStudio\VisualStudio.vbproj", "{3A65D811-FC5C-4AD9-8456-8F720FF14C16}"
EndProject
Project("{F184B08F-C81C-45F6-A57F-5ABD9991F28F}") = "vbcode-highlight", "vbcode-highlight\vbcode-highlight.vbproj", "{4A1D6588-3574-40B5-881A-2707846A7318}"
EndProject
Global
	GlobalSection(SolutionConfigurationPlatforms) = preSolution
		Biodeep_UNIX_x64|Any CPU = Biodeep_UNIX_x64|Any CPU
		Biodeep_UNIX_x64|x64 = Biodeep_UNIX_x64|x64
		Biodeep_UNIX_x64|x86 = Biodeep_UNIX_x64|x86
		Biodeep|Any CPU = Biodeep|Any CPU
		Biodeep|x64 = Biodeep|x64
		Biodeep|x86 = Biodeep|x86
		Debug|Any CPU = Debug|Any CPU
		Debug|x64 = Debug|x64
		Debug|x86 = Debug|x86
		DEMO|Any CPU = DEMO|Any CPU
		DEMO|x64 = DEMO|x64
		DEMO|x86 = DEMO|x86
		docs|Any CPU = docs|Any CPU
		docs|x64 = docs|x64
		docs|x86 = docs|x86
		GCModeller(Release_X64)|Any CPU = GCModeller(Release_X64)|Any CPU
		GCModeller(Release_X64)|x64 = GCModeller(Release_X64)|x64
		GCModeller(Release_X64)|x86 = GCModeller(Release_X64)|x86
		GCModeller(UNIX-Release_X64)|Any CPU = GCModeller(UNIX-Release_X64)|Any CPU
		GCModeller(UNIX-Release_X64)|x64 = GCModeller(UNIX-Release_X64)|x64
		GCModeller(UNIX-Release_X64)|x86 = GCModeller(UNIX-Release_X64)|x86
		installer_x64|Any CPU = installer_x64|Any CPU
		installer_x64|x64 = installer_x64|x64
		installer_x64|x86 = installer_x64|x86
		mysqli_X64_release|Any CPU = mysqli_X64_release|Any CPU
		mysqli_X64_release|x64 = mysqli_X64_release|x64
		mysqli_X64_release|x86 = mysqli_X64_release|x86
		Publish|Any CPU = Publish|Any CPU
		Publish|x64 = Publish|x64
		Publish|x86 = Publish|x86
		Release|Any CPU = Release|Any CPU
		Release|x64 = Release|x64
		Release|x86 = Release|x86
		Surveillance-of-infectious-diseases|Any CPU = Surveillance-of-infectious-diseases|Any CPU
		Surveillance-of-infectious-diseases|x64 = Surveillance-of-infectious-diseases|x64
		Surveillance-of-infectious-diseases|x86 = Surveillance-of-infectious-diseases|x86
		Yilia-Release_x64|Any CPU = Yilia-Release_x64|Any CPU
		Yilia-Release_x64|x64 = Yilia-Release_x64|x64
		Yilia-Release_x64|x86 = Yilia-Release_x64|x86
	EndGlobalSection
	GlobalSection(ProjectConfigurationPlatforms) = postSolution
		{6561DAB5-596D-4BAE-9161-C27821B1B8F1}.Biodeep_UNIX_x64|Any CPU.ActiveCfg = Yilia-Release_x64|Any CPU
		{6561DAB5-596D-4BAE-9161-C27821B1B8F1}.Biodeep_UNIX_x64|Any CPU.Build.0 = Yilia-Release_x64|Any CPU
		{6561DAB5-596D-4BAE-9161-C27821B1B8F1}.Biodeep_UNIX_x64|x64.ActiveCfg = Yilia-Release_x64|x64
		{6561DAB5-596D-4BAE-9161-C27821B1B8F1}.Biodeep_UNIX_x64|x64.Build.0 = Yilia-Release_x64|x64
		{6561DAB5-596D-4BAE-9161-C27821B1B8F1}.Biodeep_UNIX_x64|x86.ActiveCfg = Yilia-Release_x64|Any CPU
		{6561DAB5-596D-4BAE-9161-C27821B1B8F1}.Biodeep_UNIX_x64|x86.Build.0 = Yilia-Release_x64|Any CPU
		{6561DAB5-596D-4BAE-9161-C27821B1B8F1}.Biodeep|Any CPU.ActiveCfg = Yilia-Release_x64|Any CPU
		{6561DAB5-596D-4BAE-9161-C27821B1B8F1}.Biodeep|Any CPU.Build.0 = Yilia-Release_x64|Any CPU
		{6561DAB5-596D-4BAE-9161-C27821B1B8F1}.Biodeep|x64.ActiveCfg = Yilia-Release_x64|x64
		{6561DAB5-596D-4BAE-9161-C27821B1B8F1}.Biodeep|x64.Build.0 = Yilia-Release_x64|x64
		{6561DAB5-596D-4BAE-9161-C27821B1B8F1}.Biodeep|x86.ActiveCfg = Yilia-Release_x64|Any CPU
		{6561DAB5-596D-4BAE-9161-C27821B1B8F1}.Biodeep|x86.Build.0 = Yilia-Release_x64|Any CPU
		{6561DAB5-596D-4BAE-9161-C27821B1B8F1}.Debug|Any CPU.ActiveCfg = Debug|Any CPU
		{6561DAB5-596D-4BAE-9161-C27821B1B8F1}.Debug|Any CPU.Build.0 = Debug|Any CPU
		{6561DAB5-596D-4BAE-9161-C27821B1B8F1}.Debug|x64.ActiveCfg = Debug|x64
		{6561DAB5-596D-4BAE-9161-C27821B1B8F1}.Debug|x64.Build.0 = Debug|x64
		{6561DAB5-596D-4BAE-9161-C27821B1B8F1}.Debug|x86.ActiveCfg = Debug|Any CPU
		{6561DAB5-596D-4BAE-9161-C27821B1B8F1}.Debug|x86.Build.0 = Debug|Any CPU
		{6561DAB5-596D-4BAE-9161-C27821B1B8F1}.DEMO|Any CPU.ActiveCfg = Debug|Any CPU
		{6561DAB5-596D-4BAE-9161-C27821B1B8F1}.DEMO|Any CPU.Build.0 = Debug|Any CPU
		{6561DAB5-596D-4BAE-9161-C27821B1B8F1}.DEMO|x64.ActiveCfg = Debug|Any CPU
		{6561DAB5-596D-4BAE-9161-C27821B1B8F1}.DEMO|x64.Build.0 = Debug|Any CPU
		{6561DAB5-596D-4BAE-9161-C27821B1B8F1}.DEMO|x86.ActiveCfg = Debug|Any CPU
		{6561DAB5-596D-4BAE-9161-C27821B1B8F1}.DEMO|x86.Build.0 = Debug|Any CPU
		{6561DAB5-596D-4BAE-9161-C27821B1B8F1}.docs|Any CPU.ActiveCfg = Debug|Any CPU
		{6561DAB5-596D-4BAE-9161-C27821B1B8F1}.docs|Any CPU.Build.0 = Debug|Any CPU
		{6561DAB5-596D-4BAE-9161-C27821B1B8F1}.docs|x64.ActiveCfg = Debug|Any CPU
		{6561DAB5-596D-4BAE-9161-C27821B1B8F1}.docs|x64.Build.0 = Debug|Any CPU
		{6561DAB5-596D-4BAE-9161-C27821B1B8F1}.docs|x86.ActiveCfg = Debug|Any CPU
		{6561DAB5-596D-4BAE-9161-C27821B1B8F1}.docs|x86.Build.0 = Debug|Any CPU
		{6561DAB5-596D-4BAE-9161-C27821B1B8F1}.GCModeller(Release_X64)|Any CPU.ActiveCfg = Release|Any CPU
		{6561DAB5-596D-4BAE-9161-C27821B1B8F1}.GCModeller(Release_X64)|Any CPU.Build.0 = Release|Any CPU
		{6561DAB5-596D-4BAE-9161-C27821B1B8F1}.GCModeller(Release_X64)|x64.ActiveCfg = Release|x64
		{6561DAB5-596D-4BAE-9161-C27821B1B8F1}.GCModeller(Release_X64)|x64.Build.0 = Release|x64
		{6561DAB5-596D-4BAE-9161-C27821B1B8F1}.GCModeller(Release_X64)|x86.ActiveCfg = Release|Any CPU
		{6561DAB5-596D-4BAE-9161-C27821B1B8F1}.GCModeller(Release_X64)|x86.Build.0 = Release|Any CPU
		{6561DAB5-596D-4BAE-9161-C27821B1B8F1}.GCModeller(UNIX-Release_X64)|Any CPU.ActiveCfg = Release|Any CPU
		{6561DAB5-596D-4BAE-9161-C27821B1B8F1}.GCModeller(UNIX-Release_X64)|Any CPU.Build.0 = Release|Any CPU
		{6561DAB5-596D-4BAE-9161-C27821B1B8F1}.GCModeller(UNIX-Release_X64)|x64.ActiveCfg = Release|x64
		{6561DAB5-596D-4BAE-9161-C27821B1B8F1}.GCModeller(UNIX-Release_X64)|x64.Build.0 = Release|x64
		{6561DAB5-596D-4BAE-9161-C27821B1B8F1}.GCModeller(UNIX-Release_X64)|x86.ActiveCfg = Release|Any CPU
		{6561DAB5-596D-4BAE-9161-C27821B1B8F1}.GCModeller(UNIX-Release_X64)|x86.Build.0 = Release|Any CPU
		{6561DAB5-596D-4BAE-9161-C27821B1B8F1}.installer_x64|Any CPU.ActiveCfg = Yilia-Release_x64|Any CPU
		{6561DAB5-596D-4BAE-9161-C27821B1B8F1}.installer_x64|Any CPU.Build.0 = Yilia-Release_x64|Any CPU
		{6561DAB5-596D-4BAE-9161-C27821B1B8F1}.installer_x64|x64.ActiveCfg = installer_x64|x64
		{6561DAB5-596D-4BAE-9161-C27821B1B8F1}.installer_x64|x64.Build.0 = installer_x64|x64
		{6561DAB5-596D-4BAE-9161-C27821B1B8F1}.installer_x64|x86.ActiveCfg = Yilia-Release_x64|Any CPU
		{6561DAB5-596D-4BAE-9161-C27821B1B8F1}.installer_x64|x86.Build.0 = Yilia-Release_x64|Any CPU
		{6561DAB5-596D-4BAE-9161-C27821B1B8F1}.mysqli_X64_release|Any CPU.ActiveCfg = Yilia-Release_x64|Any CPU
		{6561DAB5-596D-4BAE-9161-C27821B1B8F1}.mysqli_X64_release|Any CPU.Build.0 = Yilia-Release_x64|Any CPU
		{6561DAB5-596D-4BAE-9161-C27821B1B8F1}.mysqli_X64_release|x64.ActiveCfg = Yilia-Release_x64|x64
		{6561DAB5-596D-4BAE-9161-C27821B1B8F1}.mysqli_X64_release|x64.Build.0 = Yilia-Release_x64|x64
		{6561DAB5-596D-4BAE-9161-C27821B1B8F1}.mysqli_X64_release|x86.ActiveCfg = Yilia-Release_x64|Any CPU
		{6561DAB5-596D-4BAE-9161-C27821B1B8F1}.mysqli_X64_release|x86.Build.0 = Yilia-Release_x64|Any CPU
		{6561DAB5-596D-4BAE-9161-C27821B1B8F1}.Publish|Any CPU.ActiveCfg = Release|Any CPU
		{6561DAB5-596D-4BAE-9161-C27821B1B8F1}.Publish|Any CPU.Build.0 = Release|Any CPU
		{6561DAB5-596D-4BAE-9161-C27821B1B8F1}.Publish|x64.ActiveCfg = Release|Any CPU
		{6561DAB5-596D-4BAE-9161-C27821B1B8F1}.Publish|x64.Build.0 = Release|Any CPU
		{6561DAB5-596D-4BAE-9161-C27821B1B8F1}.Publish|x86.ActiveCfg = Release|Any CPU
		{6561DAB5-596D-4BAE-9161-C27821B1B8F1}.Publish|x86.Build.0 = Release|Any CPU
		{6561DAB5-596D-4BAE-9161-C27821B1B8F1}.Release|Any CPU.ActiveCfg = Release|Any CPU
		{6561DAB5-596D-4BAE-9161-C27821B1B8F1}.Release|Any CPU.Build.0 = Release|Any CPU
		{6561DAB5-596D-4BAE-9161-C27821B1B8F1}.Release|x64.ActiveCfg = Release|x64
		{6561DAB5-596D-4BAE-9161-C27821B1B8F1}.Release|x64.Build.0 = Release|x64
		{6561DAB5-596D-4BAE-9161-C27821B1B8F1}.Release|x86.ActiveCfg = Release|Any CPU
		{6561DAB5-596D-4BAE-9161-C27821B1B8F1}.Release|x86.Build.0 = Release|Any CPU
		{6561DAB5-596D-4BAE-9161-C27821B1B8F1}.Surveillance-of-infectious-diseases|Any CPU.ActiveCfg = Yilia-Release_x64|Any CPU
		{6561DAB5-596D-4BAE-9161-C27821B1B8F1}.Surveillance-of-infectious-diseases|Any CPU.Build.0 = Yilia-Release_x64|Any CPU
		{6561DAB5-596D-4BAE-9161-C27821B1B8F1}.Surveillance-of-infectious-diseases|x64.ActiveCfg = Yilia-Release_x64|x64
		{6561DAB5-596D-4BAE-9161-C27821B1B8F1}.Surveillance-of-infectious-diseases|x64.Build.0 = Yilia-Release_x64|x64
		{6561DAB5-596D-4BAE-9161-C27821B1B8F1}.Surveillance-of-infectious-diseases|x86.ActiveCfg = Yilia-Release_x64|Any CPU
		{6561DAB5-596D-4BAE-9161-C27821B1B8F1}.Surveillance-of-infectious-diseases|x86.Build.0 = Yilia-Release_x64|Any CPU
		{6561DAB5-596D-4BAE-9161-C27821B1B8F1}.Yilia-Release_x64|Any CPU.ActiveCfg = Release|Any CPU
		{6561DAB5-596D-4BAE-9161-C27821B1B8F1}.Yilia-Release_x64|Any CPU.Build.0 = Release|Any CPU
		{6561DAB5-596D-4BAE-9161-C27821B1B8F1}.Yilia-Release_x64|x64.ActiveCfg = Yilia-Release_x64|x64
		{6561DAB5-596D-4BAE-9161-C27821B1B8F1}.Yilia-Release_x64|x64.Build.0 = Yilia-Release_x64|x64
		{6561DAB5-596D-4BAE-9161-C27821B1B8F1}.Yilia-Release_x64|x86.ActiveCfg = Release|Any CPU
		{6561DAB5-596D-4BAE-9161-C27821B1B8F1}.Yilia-Release_x64|x86.Build.0 = Release|Any CPU
		{FECCE1FD-E1D4-49E3-A668-60BB5E7AED99}.Biodeep_UNIX_x64|Any CPU.ActiveCfg = Biodeep_UNIX_x64|Any CPU
		{FECCE1FD-E1D4-49E3-A668-60BB5E7AED99}.Biodeep_UNIX_x64|Any CPU.Build.0 = Biodeep_UNIX_x64|Any CPU
		{FECCE1FD-E1D4-49E3-A668-60BB5E7AED99}.Biodeep_UNIX_x64|x64.ActiveCfg = Biodeep_UNIX_x64|x64
		{FECCE1FD-E1D4-49E3-A668-60BB5E7AED99}.Biodeep_UNIX_x64|x64.Build.0 = Biodeep_UNIX_x64|x64
		{FECCE1FD-E1D4-49E3-A668-60BB5E7AED99}.Biodeep_UNIX_x64|x86.ActiveCfg = Biodeep_UNIX_x64|x86
		{FECCE1FD-E1D4-49E3-A668-60BB5E7AED99}.Biodeep_UNIX_x64|x86.Build.0 = Biodeep_UNIX_x64|x86
		{FECCE1FD-E1D4-49E3-A668-60BB5E7AED99}.Biodeep|Any CPU.ActiveCfg = Biodeep|Any CPU
		{FECCE1FD-E1D4-49E3-A668-60BB5E7AED99}.Biodeep|Any CPU.Build.0 = Biodeep|Any CPU
		{FECCE1FD-E1D4-49E3-A668-60BB5E7AED99}.Biodeep|x64.ActiveCfg = Biodeep|x64
		{FECCE1FD-E1D4-49E3-A668-60BB5E7AED99}.Biodeep|x64.Build.0 = Biodeep|x64
		{FECCE1FD-E1D4-49E3-A668-60BB5E7AED99}.Biodeep|x86.ActiveCfg = Biodeep|x86
		{FECCE1FD-E1D4-49E3-A668-60BB5E7AED99}.Biodeep|x86.Build.0 = Biodeep|x86
		{FECCE1FD-E1D4-49E3-A668-60BB5E7AED99}.Debug|Any CPU.ActiveCfg = Debug|Any CPU
		{FECCE1FD-E1D4-49E3-A668-60BB5E7AED99}.Debug|Any CPU.Build.0 = Debug|Any CPU
		{FECCE1FD-E1D4-49E3-A668-60BB5E7AED99}.Debug|x64.ActiveCfg = Debug|x64
		{FECCE1FD-E1D4-49E3-A668-60BB5E7AED99}.Debug|x64.Build.0 = Debug|x64
		{FECCE1FD-E1D4-49E3-A668-60BB5E7AED99}.Debug|x86.ActiveCfg = Debug|x86
		{FECCE1FD-E1D4-49E3-A668-60BB5E7AED99}.Debug|x86.Build.0 = Debug|x86
		{FECCE1FD-E1D4-49E3-A668-60BB5E7AED99}.DEMO|Any CPU.ActiveCfg = DEMO|Any CPU
		{FECCE1FD-E1D4-49E3-A668-60BB5E7AED99}.DEMO|Any CPU.Build.0 = DEMO|Any CPU
		{FECCE1FD-E1D4-49E3-A668-60BB5E7AED99}.DEMO|x64.ActiveCfg = DEMO|x64
		{FECCE1FD-E1D4-49E3-A668-60BB5E7AED99}.DEMO|x64.Build.0 = DEMO|x64
		{FECCE1FD-E1D4-49E3-A668-60BB5E7AED99}.DEMO|x86.ActiveCfg = DEMO|x86
		{FECCE1FD-E1D4-49E3-A668-60BB5E7AED99}.DEMO|x86.Build.0 = DEMO|x86
		{FECCE1FD-E1D4-49E3-A668-60BB5E7AED99}.docs|Any CPU.ActiveCfg = docs|Any CPU
		{FECCE1FD-E1D4-49E3-A668-60BB5E7AED99}.docs|Any CPU.Build.0 = docs|Any CPU
		{FECCE1FD-E1D4-49E3-A668-60BB5E7AED99}.docs|x64.ActiveCfg = docs|x64
		{FECCE1FD-E1D4-49E3-A668-60BB5E7AED99}.docs|x64.Build.0 = docs|x64
		{FECCE1FD-E1D4-49E3-A668-60BB5E7AED99}.docs|x86.ActiveCfg = docs|x86
		{FECCE1FD-E1D4-49E3-A668-60BB5E7AED99}.docs|x86.Build.0 = docs|x86
		{FECCE1FD-E1D4-49E3-A668-60BB5E7AED99}.GCModeller(Release_X64)|Any CPU.ActiveCfg = GCModeller(Release_X64)|Any CPU
		{FECCE1FD-E1D4-49E3-A668-60BB5E7AED99}.GCModeller(Release_X64)|Any CPU.Build.0 = GCModeller(Release_X64)|Any CPU
		{FECCE1FD-E1D4-49E3-A668-60BB5E7AED99}.GCModeller(Release_X64)|x64.ActiveCfg = GCModeller(Release_X64)|x64
		{FECCE1FD-E1D4-49E3-A668-60BB5E7AED99}.GCModeller(Release_X64)|x64.Build.0 = GCModeller(Release_X64)|x64
		{FECCE1FD-E1D4-49E3-A668-60BB5E7AED99}.GCModeller(Release_X64)|x86.ActiveCfg = GCModeller(Release_X64)|x86
		{FECCE1FD-E1D4-49E3-A668-60BB5E7AED99}.GCModeller(Release_X64)|x86.Build.0 = GCModeller(Release_X64)|x86
		{FECCE1FD-E1D4-49E3-A668-60BB5E7AED99}.GCModeller(UNIX-Release_X64)|Any CPU.ActiveCfg = GCModeller(UNIX-Release_X64)|Any CPU
		{FECCE1FD-E1D4-49E3-A668-60BB5E7AED99}.GCModeller(UNIX-Release_X64)|Any CPU.Build.0 = GCModeller(UNIX-Release_X64)|Any CPU
		{FECCE1FD-E1D4-49E3-A668-60BB5E7AED99}.GCModeller(UNIX-Release_X64)|x64.ActiveCfg = GCModeller(UNIX-Release_X64)|x64
		{FECCE1FD-E1D4-49E3-A668-60BB5E7AED99}.GCModeller(UNIX-Release_X64)|x64.Build.0 = GCModeller(UNIX-Release_X64)|x64
		{FECCE1FD-E1D4-49E3-A668-60BB5E7AED99}.GCModeller(UNIX-Release_X64)|x86.ActiveCfg = GCModeller(UNIX-Release_X64)|x86
		{FECCE1FD-E1D4-49E3-A668-60BB5E7AED99}.GCModeller(UNIX-Release_X64)|x86.Build.0 = GCModeller(UNIX-Release_X64)|x86
		{FECCE1FD-E1D4-49E3-A668-60BB5E7AED99}.installer_x64|Any CPU.ActiveCfg = installer_x64|Any CPU
		{FECCE1FD-E1D4-49E3-A668-60BB5E7AED99}.installer_x64|Any CPU.Build.0 = installer_x64|Any CPU
		{FECCE1FD-E1D4-49E3-A668-60BB5E7AED99}.installer_x64|x64.ActiveCfg = installer_x64|x64
		{FECCE1FD-E1D4-49E3-A668-60BB5E7AED99}.installer_x64|x64.Build.0 = installer_x64|x64
		{FECCE1FD-E1D4-49E3-A668-60BB5E7AED99}.installer_x64|x86.ActiveCfg = installer_x64|x86
		{FECCE1FD-E1D4-49E3-A668-60BB5E7AED99}.installer_x64|x86.Build.0 = installer_x64|x86
		{FECCE1FD-E1D4-49E3-A668-60BB5E7AED99}.mysqli_X64_release|Any CPU.ActiveCfg = mysqli_X64_release|Any CPU
		{FECCE1FD-E1D4-49E3-A668-60BB5E7AED99}.mysqli_X64_release|Any CPU.Build.0 = mysqli_X64_release|Any CPU
		{FECCE1FD-E1D4-49E3-A668-60BB5E7AED99}.mysqli_X64_release|x64.ActiveCfg = mysqli_X64_release|x64
		{FECCE1FD-E1D4-49E3-A668-60BB5E7AED99}.mysqli_X64_release|x64.Build.0 = mysqli_X64_release|x64
		{FECCE1FD-E1D4-49E3-A668-60BB5E7AED99}.mysqli_X64_release|x86.ActiveCfg = mysqli_X64_release|x86
		{FECCE1FD-E1D4-49E3-A668-60BB5E7AED99}.mysqli_X64_release|x86.Build.0 = mysqli_X64_release|x86
		{FECCE1FD-E1D4-49E3-A668-60BB5E7AED99}.Publish|Any CPU.ActiveCfg = Publish|Any CPU
		{FECCE1FD-E1D4-49E3-A668-60BB5E7AED99}.Publish|Any CPU.Build.0 = Publish|Any CPU
		{FECCE1FD-E1D4-49E3-A668-60BB5E7AED99}.Publish|x64.ActiveCfg = Publish|x64
		{FECCE1FD-E1D4-49E3-A668-60BB5E7AED99}.Publish|x64.Build.0 = Publish|x64
		{FECCE1FD-E1D4-49E3-A668-60BB5E7AED99}.Publish|x86.ActiveCfg = Publish|x86
		{FECCE1FD-E1D4-49E3-A668-60BB5E7AED99}.Publish|x86.Build.0 = Publish|x86
		{FECCE1FD-E1D4-49E3-A668-60BB5E7AED99}.Release|Any CPU.ActiveCfg = Release|Any CPU
		{FECCE1FD-E1D4-49E3-A668-60BB5E7AED99}.Release|Any CPU.Build.0 = Release|Any CPU
		{FECCE1FD-E1D4-49E3-A668-60BB5E7AED99}.Release|x64.ActiveCfg = Release|x64
		{FECCE1FD-E1D4-49E3-A668-60BB5E7AED99}.Release|x64.Build.0 = Release|x64
		{FECCE1FD-E1D4-49E3-A668-60BB5E7AED99}.Release|x86.ActiveCfg = Release|x86
		{FECCE1FD-E1D4-49E3-A668-60BB5E7AED99}.Release|x86.Build.0 = Release|x86
		{FECCE1FD-E1D4-49E3-A668-60BB5E7AED99}.Surveillance-of-infectious-diseases|Any CPU.ActiveCfg = Surveillance-of-infectious-diseases|Any CPU
		{FECCE1FD-E1D4-49E3-A668-60BB5E7AED99}.Surveillance-of-infectious-diseases|Any CPU.Build.0 = Surveillance-of-infectious-diseases|Any CPU
		{FECCE1FD-E1D4-49E3-A668-60BB5E7AED99}.Surveillance-of-infectious-diseases|x64.ActiveCfg = Surveillance-of-infectious-diseases|x64
		{FECCE1FD-E1D4-49E3-A668-60BB5E7AED99}.Surveillance-of-infectious-diseases|x64.Build.0 = Surveillance-of-infectious-diseases|x64
		{FECCE1FD-E1D4-49E3-A668-60BB5E7AED99}.Surveillance-of-infectious-diseases|x86.ActiveCfg = Surveillance-of-infectious-diseases|x86
		{FECCE1FD-E1D4-49E3-A668-60BB5E7AED99}.Surveillance-of-infectious-diseases|x86.Build.0 = Surveillance-of-infectious-diseases|x86
		{FECCE1FD-E1D4-49E3-A668-60BB5E7AED99}.Yilia-Release_x64|Any CPU.ActiveCfg = Release|Any CPU
		{FECCE1FD-E1D4-49E3-A668-60BB5E7AED99}.Yilia-Release_x64|Any CPU.Build.0 = Release|Any CPU
		{FECCE1FD-E1D4-49E3-A668-60BB5E7AED99}.Yilia-Release_x64|x64.ActiveCfg = Yilia-Release_x64|x64
		{FECCE1FD-E1D4-49E3-A668-60BB5E7AED99}.Yilia-Release_x64|x64.Build.0 = Yilia-Release_x64|x64
		{FECCE1FD-E1D4-49E3-A668-60BB5E7AED99}.Yilia-Release_x64|x86.ActiveCfg = Release|x86
		{FECCE1FD-E1D4-49E3-A668-60BB5E7AED99}.Yilia-Release_x64|x86.Build.0 = Release|x86
		{FBFC1455-B232-4F16-AFC7-4054A8B864AB}.Biodeep_UNIX_x64|Any CPU.ActiveCfg = Biodeep|Any CPU
		{FBFC1455-B232-4F16-AFC7-4054A8B864AB}.Biodeep_UNIX_x64|Any CPU.Build.0 = Biodeep|Any CPU
		{FBFC1455-B232-4F16-AFC7-4054A8B864AB}.Biodeep_UNIX_x64|x64.ActiveCfg = Biodeep|x64
		{FBFC1455-B232-4F16-AFC7-4054A8B864AB}.Biodeep_UNIX_x64|x64.Build.0 = Biodeep|x64
		{FBFC1455-B232-4F16-AFC7-4054A8B864AB}.Biodeep_UNIX_x64|x86.ActiveCfg = Biodeep|x86
		{FBFC1455-B232-4F16-AFC7-4054A8B864AB}.Biodeep_UNIX_x64|x86.Build.0 = Biodeep|x86
		{FBFC1455-B232-4F16-AFC7-4054A8B864AB}.Biodeep|Any CPU.ActiveCfg = Biodeep|Any CPU
		{FBFC1455-B232-4F16-AFC7-4054A8B864AB}.Biodeep|Any CPU.Build.0 = Biodeep|Any CPU
		{FBFC1455-B232-4F16-AFC7-4054A8B864AB}.Biodeep|x64.ActiveCfg = Biodeep|x64
		{FBFC1455-B232-4F16-AFC7-4054A8B864AB}.Biodeep|x64.Build.0 = Biodeep|x64
		{FBFC1455-B232-4F16-AFC7-4054A8B864AB}.Biodeep|x86.ActiveCfg = Biodeep|x86
		{FBFC1455-B232-4F16-AFC7-4054A8B864AB}.Biodeep|x86.Build.0 = Biodeep|x86
		{FBFC1455-B232-4F16-AFC7-4054A8B864AB}.Debug|Any CPU.ActiveCfg = Debug|Any CPU
		{FBFC1455-B232-4F16-AFC7-4054A8B864AB}.Debug|Any CPU.Build.0 = Debug|Any CPU
		{FBFC1455-B232-4F16-AFC7-4054A8B864AB}.Debug|x64.ActiveCfg = Debug|x64
		{FBFC1455-B232-4F16-AFC7-4054A8B864AB}.Debug|x64.Build.0 = Debug|x64
		{FBFC1455-B232-4F16-AFC7-4054A8B864AB}.Debug|x86.ActiveCfg = Debug|x86
		{FBFC1455-B232-4F16-AFC7-4054A8B864AB}.Debug|x86.Build.0 = Debug|x86
		{FBFC1455-B232-4F16-AFC7-4054A8B864AB}.DEMO|Any CPU.ActiveCfg = DEMO|Any CPU
		{FBFC1455-B232-4F16-AFC7-4054A8B864AB}.DEMO|Any CPU.Build.0 = DEMO|Any CPU
		{FBFC1455-B232-4F16-AFC7-4054A8B864AB}.DEMO|x64.ActiveCfg = DEMO|x64
		{FBFC1455-B232-4F16-AFC7-4054A8B864AB}.DEMO|x64.Build.0 = DEMO|x64
		{FBFC1455-B232-4F16-AFC7-4054A8B864AB}.DEMO|x86.ActiveCfg = DEMO|x86
		{FBFC1455-B232-4F16-AFC7-4054A8B864AB}.DEMO|x86.Build.0 = DEMO|x86
		{FBFC1455-B232-4F16-AFC7-4054A8B864AB}.docs|Any CPU.ActiveCfg = docs|Any CPU
		{FBFC1455-B232-4F16-AFC7-4054A8B864AB}.docs|Any CPU.Build.0 = docs|Any CPU
		{FBFC1455-B232-4F16-AFC7-4054A8B864AB}.docs|x64.ActiveCfg = docs|x64
		{FBFC1455-B232-4F16-AFC7-4054A8B864AB}.docs|x64.Build.0 = docs|x64
		{FBFC1455-B232-4F16-AFC7-4054A8B864AB}.docs|x86.ActiveCfg = docs|x86
		{FBFC1455-B232-4F16-AFC7-4054A8B864AB}.docs|x86.Build.0 = docs|x86
		{FBFC1455-B232-4F16-AFC7-4054A8B864AB}.GCModeller(Release_X64)|Any CPU.ActiveCfg = GCModeller(Release_X64)|Any CPU
		{FBFC1455-B232-4F16-AFC7-4054A8B864AB}.GCModeller(Release_X64)|Any CPU.Build.0 = GCModeller(Release_X64)|Any CPU
		{FBFC1455-B232-4F16-AFC7-4054A8B864AB}.GCModeller(Release_X64)|x64.ActiveCfg = GCModeller(Release_X64)|x64
		{FBFC1455-B232-4F16-AFC7-4054A8B864AB}.GCModeller(Release_X64)|x64.Build.0 = GCModeller(Release_X64)|x64
		{FBFC1455-B232-4F16-AFC7-4054A8B864AB}.GCModeller(Release_X64)|x86.ActiveCfg = GCModeller(Release_X64)|x86
		{FBFC1455-B232-4F16-AFC7-4054A8B864AB}.GCModeller(Release_X64)|x86.Build.0 = GCModeller(Release_X64)|x86
		{FBFC1455-B232-4F16-AFC7-4054A8B864AB}.GCModeller(UNIX-Release_X64)|Any CPU.ActiveCfg = GCModeller(UNIX-Release_X64)|Any CPU
		{FBFC1455-B232-4F16-AFC7-4054A8B864AB}.GCModeller(UNIX-Release_X64)|Any CPU.Build.0 = GCModeller(UNIX-Release_X64)|Any CPU
		{FBFC1455-B232-4F16-AFC7-4054A8B864AB}.GCModeller(UNIX-Release_X64)|x64.ActiveCfg = GCModeller(UNIX-Release_X64)|x64
		{FBFC1455-B232-4F16-AFC7-4054A8B864AB}.GCModeller(UNIX-Release_X64)|x64.Build.0 = GCModeller(UNIX-Release_X64)|x64
		{FBFC1455-B232-4F16-AFC7-4054A8B864AB}.GCModeller(UNIX-Release_X64)|x86.ActiveCfg = GCModeller(UNIX-Release_X64)|x86
		{FBFC1455-B232-4F16-AFC7-4054A8B864AB}.GCModeller(UNIX-Release_X64)|x86.Build.0 = GCModeller(UNIX-Release_X64)|x86
		{FBFC1455-B232-4F16-AFC7-4054A8B864AB}.installer_x64|Any CPU.ActiveCfg = Yilia-Release_x64|Any CPU
		{FBFC1455-B232-4F16-AFC7-4054A8B864AB}.installer_x64|Any CPU.Build.0 = Yilia-Release_x64|Any CPU
		{FBFC1455-B232-4F16-AFC7-4054A8B864AB}.installer_x64|x64.ActiveCfg = installer_x64|x64
		{FBFC1455-B232-4F16-AFC7-4054A8B864AB}.installer_x64|x64.Build.0 = installer_x64|x64
		{FBFC1455-B232-4F16-AFC7-4054A8B864AB}.installer_x64|x86.ActiveCfg = Yilia-Release_x64|x86
		{FBFC1455-B232-4F16-AFC7-4054A8B864AB}.installer_x64|x86.Build.0 = Yilia-Release_x64|x86
		{FBFC1455-B232-4F16-AFC7-4054A8B864AB}.mysqli_X64_release|Any CPU.ActiveCfg = Yilia-Release_x64|Any CPU
		{FBFC1455-B232-4F16-AFC7-4054A8B864AB}.mysqli_X64_release|Any CPU.Build.0 = Yilia-Release_x64|Any CPU
		{FBFC1455-B232-4F16-AFC7-4054A8B864AB}.mysqli_X64_release|x64.ActiveCfg = GCModeller(UNIX-Release_X64)|x64
		{FBFC1455-B232-4F16-AFC7-4054A8B864AB}.mysqli_X64_release|x64.Build.0 = GCModeller(UNIX-Release_X64)|x64
		{FBFC1455-B232-4F16-AFC7-4054A8B864AB}.mysqli_X64_release|x86.ActiveCfg = Yilia-Release_x64|x86
		{FBFC1455-B232-4F16-AFC7-4054A8B864AB}.mysqli_X64_release|x86.Build.0 = Yilia-Release_x64|x86
		{FBFC1455-B232-4F16-AFC7-4054A8B864AB}.Publish|Any CPU.ActiveCfg = Publish|Any CPU
		{FBFC1455-B232-4F16-AFC7-4054A8B864AB}.Publish|Any CPU.Build.0 = Publish|Any CPU
		{FBFC1455-B232-4F16-AFC7-4054A8B864AB}.Publish|x64.ActiveCfg = Publish|x64
		{FBFC1455-B232-4F16-AFC7-4054A8B864AB}.Publish|x64.Build.0 = Publish|x64
		{FBFC1455-B232-4F16-AFC7-4054A8B864AB}.Publish|x86.ActiveCfg = Publish|x86
		{FBFC1455-B232-4F16-AFC7-4054A8B864AB}.Publish|x86.Build.0 = Publish|x86
		{FBFC1455-B232-4F16-AFC7-4054A8B864AB}.Release|Any CPU.ActiveCfg = Release|Any CPU
		{FBFC1455-B232-4F16-AFC7-4054A8B864AB}.Release|Any CPU.Build.0 = Release|Any CPU
		{FBFC1455-B232-4F16-AFC7-4054A8B864AB}.Release|x64.ActiveCfg = Release|x64
		{FBFC1455-B232-4F16-AFC7-4054A8B864AB}.Release|x64.Build.0 = Release|x64
		{FBFC1455-B232-4F16-AFC7-4054A8B864AB}.Release|x86.ActiveCfg = Release|x86
		{FBFC1455-B232-4F16-AFC7-4054A8B864AB}.Release|x86.Build.0 = Release|x86
		{FBFC1455-B232-4F16-AFC7-4054A8B864AB}.Surveillance-of-infectious-diseases|Any CPU.ActiveCfg = Surveillance-of-infectious-diseases|Any CPU
		{FBFC1455-B232-4F16-AFC7-4054A8B864AB}.Surveillance-of-infectious-diseases|Any CPU.Build.0 = Surveillance-of-infectious-diseases|Any CPU
		{FBFC1455-B232-4F16-AFC7-4054A8B864AB}.Surveillance-of-infectious-diseases|x64.ActiveCfg = Surveillance-of-infectious-diseases|x64
		{FBFC1455-B232-4F16-AFC7-4054A8B864AB}.Surveillance-of-infectious-diseases|x64.Build.0 = Surveillance-of-infectious-diseases|x64
		{FBFC1455-B232-4F16-AFC7-4054A8B864AB}.Surveillance-of-infectious-diseases|x86.ActiveCfg = Surveillance-of-infectious-diseases|x86
		{FBFC1455-B232-4F16-AFC7-4054A8B864AB}.Surveillance-of-infectious-diseases|x86.Build.0 = Surveillance-of-infectious-diseases|x86
		{FBFC1455-B232-4F16-AFC7-4054A8B864AB}.Yilia-Release_x64|Any CPU.ActiveCfg = Release|Any CPU
		{FBFC1455-B232-4F16-AFC7-4054A8B864AB}.Yilia-Release_x64|Any CPU.Build.0 = Release|Any CPU
		{FBFC1455-B232-4F16-AFC7-4054A8B864AB}.Yilia-Release_x64|x64.ActiveCfg = Yilia-Release_x64|x64
		{FBFC1455-B232-4F16-AFC7-4054A8B864AB}.Yilia-Release_x64|x64.Build.0 = Yilia-Release_x64|x64
		{FBFC1455-B232-4F16-AFC7-4054A8B864AB}.Yilia-Release_x64|x86.ActiveCfg = Release|x86
		{FBFC1455-B232-4F16-AFC7-4054A8B864AB}.Yilia-Release_x64|x86.Build.0 = Release|x86
		{CE825E49-0386-4AB1-B452-B104ED3F7DEB}.Biodeep_UNIX_x64|Any CPU.ActiveCfg = Biodeep|Any CPU
		{CE825E49-0386-4AB1-B452-B104ED3F7DEB}.Biodeep_UNIX_x64|Any CPU.Build.0 = Biodeep|Any CPU
		{CE825E49-0386-4AB1-B452-B104ED3F7DEB}.Biodeep_UNIX_x64|x64.ActiveCfg = Biodeep|x64
		{CE825E49-0386-4AB1-B452-B104ED3F7DEB}.Biodeep_UNIX_x64|x64.Build.0 = Biodeep|x64
		{CE825E49-0386-4AB1-B452-B104ED3F7DEB}.Biodeep_UNIX_x64|x86.ActiveCfg = Biodeep|x86
		{CE825E49-0386-4AB1-B452-B104ED3F7DEB}.Biodeep_UNIX_x64|x86.Build.0 = Biodeep|x86
		{CE825E49-0386-4AB1-B452-B104ED3F7DEB}.Biodeep|Any CPU.ActiveCfg = Biodeep|Any CPU
		{CE825E49-0386-4AB1-B452-B104ED3F7DEB}.Biodeep|Any CPU.Build.0 = Biodeep|Any CPU
		{CE825E49-0386-4AB1-B452-B104ED3F7DEB}.Biodeep|x64.ActiveCfg = Biodeep|x64
		{CE825E49-0386-4AB1-B452-B104ED3F7DEB}.Biodeep|x64.Build.0 = Biodeep|x64
		{CE825E49-0386-4AB1-B452-B104ED3F7DEB}.Biodeep|x86.ActiveCfg = Biodeep|x86
		{CE825E49-0386-4AB1-B452-B104ED3F7DEB}.Biodeep|x86.Build.0 = Biodeep|x86
		{CE825E49-0386-4AB1-B452-B104ED3F7DEB}.Debug|Any CPU.ActiveCfg = Debug|Any CPU
		{CE825E49-0386-4AB1-B452-B104ED3F7DEB}.Debug|Any CPU.Build.0 = Debug|Any CPU
		{CE825E49-0386-4AB1-B452-B104ED3F7DEB}.Debug|x64.ActiveCfg = Debug|x64
		{CE825E49-0386-4AB1-B452-B104ED3F7DEB}.Debug|x64.Build.0 = Debug|x64
		{CE825E49-0386-4AB1-B452-B104ED3F7DEB}.Debug|x86.ActiveCfg = Debug|x86
		{CE825E49-0386-4AB1-B452-B104ED3F7DEB}.Debug|x86.Build.0 = Debug|x86
		{CE825E49-0386-4AB1-B452-B104ED3F7DEB}.DEMO|Any CPU.ActiveCfg = DEMO|Any CPU
		{CE825E49-0386-4AB1-B452-B104ED3F7DEB}.DEMO|Any CPU.Build.0 = DEMO|Any CPU
		{CE825E49-0386-4AB1-B452-B104ED3F7DEB}.DEMO|x64.ActiveCfg = DEMO|x64
		{CE825E49-0386-4AB1-B452-B104ED3F7DEB}.DEMO|x64.Build.0 = DEMO|x64
		{CE825E49-0386-4AB1-B452-B104ED3F7DEB}.DEMO|x86.ActiveCfg = DEMO|x86
		{CE825E49-0386-4AB1-B452-B104ED3F7DEB}.DEMO|x86.Build.0 = DEMO|x86
		{CE825E49-0386-4AB1-B452-B104ED3F7DEB}.docs|Any CPU.ActiveCfg = docs|Any CPU
		{CE825E49-0386-4AB1-B452-B104ED3F7DEB}.docs|Any CPU.Build.0 = docs|Any CPU
		{CE825E49-0386-4AB1-B452-B104ED3F7DEB}.docs|x64.ActiveCfg = docs|x64
		{CE825E49-0386-4AB1-B452-B104ED3F7DEB}.docs|x64.Build.0 = docs|x64
		{CE825E49-0386-4AB1-B452-B104ED3F7DEB}.docs|x86.ActiveCfg = docs|x86
		{CE825E49-0386-4AB1-B452-B104ED3F7DEB}.docs|x86.Build.0 = docs|x86
		{CE825E49-0386-4AB1-B452-B104ED3F7DEB}.GCModeller(Release_X64)|Any CPU.ActiveCfg = GCModeller(Release_X64)|Any CPU
		{CE825E49-0386-4AB1-B452-B104ED3F7DEB}.GCModeller(Release_X64)|Any CPU.Build.0 = GCModeller(Release_X64)|Any CPU
		{CE825E49-0386-4AB1-B452-B104ED3F7DEB}.GCModeller(Release_X64)|x64.ActiveCfg = GCModeller(Release_X64)|x64
		{CE825E49-0386-4AB1-B452-B104ED3F7DEB}.GCModeller(Release_X64)|x64.Build.0 = GCModeller(Release_X64)|x64
		{CE825E49-0386-4AB1-B452-B104ED3F7DEB}.GCModeller(Release_X64)|x86.ActiveCfg = GCModeller(Release_X64)|x86
		{CE825E49-0386-4AB1-B452-B104ED3F7DEB}.GCModeller(Release_X64)|x86.Build.0 = GCModeller(Release_X64)|x86
		{CE825E49-0386-4AB1-B452-B104ED3F7DEB}.GCModeller(UNIX-Release_X64)|Any CPU.ActiveCfg = GCModeller(UNIX-Release_X64)|Any CPU
		{CE825E49-0386-4AB1-B452-B104ED3F7DEB}.GCModeller(UNIX-Release_X64)|Any CPU.Build.0 = GCModeller(UNIX-Release_X64)|Any CPU
		{CE825E49-0386-4AB1-B452-B104ED3F7DEB}.GCModeller(UNIX-Release_X64)|x64.ActiveCfg = GCModeller(UNIX-Release_X64)|x64
		{CE825E49-0386-4AB1-B452-B104ED3F7DEB}.GCModeller(UNIX-Release_X64)|x64.Build.0 = GCModeller(UNIX-Release_X64)|x64
		{CE825E49-0386-4AB1-B452-B104ED3F7DEB}.GCModeller(UNIX-Release_X64)|x86.ActiveCfg = GCModeller(UNIX-Release_X64)|x86
		{CE825E49-0386-4AB1-B452-B104ED3F7DEB}.GCModeller(UNIX-Release_X64)|x86.Build.0 = GCModeller(UNIX-Release_X64)|x86
		{CE825E49-0386-4AB1-B452-B104ED3F7DEB}.installer_x64|Any CPU.ActiveCfg = Yilia-Release_x64|Any CPU
		{CE825E49-0386-4AB1-B452-B104ED3F7DEB}.installer_x64|Any CPU.Build.0 = Yilia-Release_x64|Any CPU
		{CE825E49-0386-4AB1-B452-B104ED3F7DEB}.installer_x64|x64.ActiveCfg = installer_x64|x64
		{CE825E49-0386-4AB1-B452-B104ED3F7DEB}.installer_x64|x64.Build.0 = installer_x64|x64
		{CE825E49-0386-4AB1-B452-B104ED3F7DEB}.installer_x64|x86.ActiveCfg = Yilia-Release_x64|x86
		{CE825E49-0386-4AB1-B452-B104ED3F7DEB}.installer_x64|x86.Build.0 = Yilia-Release_x64|x86
		{CE825E49-0386-4AB1-B452-B104ED3F7DEB}.mysqli_X64_release|Any CPU.ActiveCfg = Yilia-Release_x64|Any CPU
		{CE825E49-0386-4AB1-B452-B104ED3F7DEB}.mysqli_X64_release|Any CPU.Build.0 = Yilia-Release_x64|Any CPU
		{CE825E49-0386-4AB1-B452-B104ED3F7DEB}.mysqli_X64_release|x64.ActiveCfg = GCModeller(UNIX-Release_X64)|x64
		{CE825E49-0386-4AB1-B452-B104ED3F7DEB}.mysqli_X64_release|x64.Build.0 = GCModeller(UNIX-Release_X64)|x64
		{CE825E49-0386-4AB1-B452-B104ED3F7DEB}.mysqli_X64_release|x86.ActiveCfg = Yilia-Release_x64|x86
		{CE825E49-0386-4AB1-B452-B104ED3F7DEB}.mysqli_X64_release|x86.Build.0 = Yilia-Release_x64|x86
		{CE825E49-0386-4AB1-B452-B104ED3F7DEB}.Publish|Any CPU.ActiveCfg = Publish|Any CPU
		{CE825E49-0386-4AB1-B452-B104ED3F7DEB}.Publish|Any CPU.Build.0 = Publish|Any CPU
		{CE825E49-0386-4AB1-B452-B104ED3F7DEB}.Publish|x64.ActiveCfg = Publish|x64
		{CE825E49-0386-4AB1-B452-B104ED3F7DEB}.Publish|x64.Build.0 = Publish|x64
		{CE825E49-0386-4AB1-B452-B104ED3F7DEB}.Publish|x86.ActiveCfg = Publish|x86
		{CE825E49-0386-4AB1-B452-B104ED3F7DEB}.Publish|x86.Build.0 = Publish|x86
		{CE825E49-0386-4AB1-B452-B104ED3F7DEB}.Release|Any CPU.ActiveCfg = Release|Any CPU
		{CE825E49-0386-4AB1-B452-B104ED3F7DEB}.Release|Any CPU.Build.0 = Release|Any CPU
		{CE825E49-0386-4AB1-B452-B104ED3F7DEB}.Release|x64.ActiveCfg = Release|x64
		{CE825E49-0386-4AB1-B452-B104ED3F7DEB}.Release|x64.Build.0 = Release|x64
		{CE825E49-0386-4AB1-B452-B104ED3F7DEB}.Release|x86.ActiveCfg = Release|x86
		{CE825E49-0386-4AB1-B452-B104ED3F7DEB}.Release|x86.Build.0 = Release|x86
		{CE825E49-0386-4AB1-B452-B104ED3F7DEB}.Surveillance-of-infectious-diseases|Any CPU.ActiveCfg = Surveillance-of-infectious-diseases|Any CPU
		{CE825E49-0386-4AB1-B452-B104ED3F7DEB}.Surveillance-of-infectious-diseases|Any CPU.Build.0 = Surveillance-of-infectious-diseases|Any CPU
		{CE825E49-0386-4AB1-B452-B104ED3F7DEB}.Surveillance-of-infectious-diseases|x64.ActiveCfg = Surveillance-of-infectious-diseases|x64
		{CE825E49-0386-4AB1-B452-B104ED3F7DEB}.Surveillance-of-infectious-diseases|x64.Build.0 = Surveillance-of-infectious-diseases|x64
		{CE825E49-0386-4AB1-B452-B104ED3F7DEB}.Surveillance-of-infectious-diseases|x86.ActiveCfg = Surveillance-of-infectious-diseases|x86
		{CE825E49-0386-4AB1-B452-B104ED3F7DEB}.Surveillance-of-infectious-diseases|x86.Build.0 = Surveillance-of-infectious-diseases|x86
		{CE825E49-0386-4AB1-B452-B104ED3F7DEB}.Yilia-Release_x64|Any CPU.ActiveCfg = Release|Any CPU
		{CE825E49-0386-4AB1-B452-B104ED3F7DEB}.Yilia-Release_x64|Any CPU.Build.0 = Release|Any CPU
		{CE825E49-0386-4AB1-B452-B104ED3F7DEB}.Yilia-Release_x64|x64.ActiveCfg = Yilia-Release_x64|x64
		{CE825E49-0386-4AB1-B452-B104ED3F7DEB}.Yilia-Release_x64|x64.Build.0 = Yilia-Release_x64|x64
		{CE825E49-0386-4AB1-B452-B104ED3F7DEB}.Yilia-Release_x64|x86.ActiveCfg = Release|x86
		{CE825E49-0386-4AB1-B452-B104ED3F7DEB}.Yilia-Release_x64|x86.Build.0 = Release|x86
		{D0D2AFE0-547C-440E-B978-23E40B9C53EE}.Biodeep_UNIX_x64|Any CPU.ActiveCfg = Yilia-Release_x64|Any CPU
		{D0D2AFE0-547C-440E-B978-23E40B9C53EE}.Biodeep_UNIX_x64|Any CPU.Build.0 = Yilia-Release_x64|Any CPU
		{D0D2AFE0-547C-440E-B978-23E40B9C53EE}.Biodeep_UNIX_x64|x64.ActiveCfg = GCModeller(UNIX-Release_X64)|x64
		{D0D2AFE0-547C-440E-B978-23E40B9C53EE}.Biodeep_UNIX_x64|x64.Build.0 = GCModeller(UNIX-Release_X64)|x64
		{D0D2AFE0-547C-440E-B978-23E40B9C53EE}.Biodeep_UNIX_x64|x86.ActiveCfg = Yilia-Release_x64|Any CPU
		{D0D2AFE0-547C-440E-B978-23E40B9C53EE}.Biodeep_UNIX_x64|x86.Build.0 = Yilia-Release_x64|Any CPU
		{D0D2AFE0-547C-440E-B978-23E40B9C53EE}.Biodeep|Any CPU.ActiveCfg = Yilia-Release_x64|Any CPU
		{D0D2AFE0-547C-440E-B978-23E40B9C53EE}.Biodeep|Any CPU.Build.0 = Yilia-Release_x64|Any CPU
		{D0D2AFE0-547C-440E-B978-23E40B9C53EE}.Biodeep|x64.ActiveCfg = GCModeller(UNIX-Release_X64)|x64
		{D0D2AFE0-547C-440E-B978-23E40B9C53EE}.Biodeep|x64.Build.0 = GCModeller(UNIX-Release_X64)|x64
		{D0D2AFE0-547C-440E-B978-23E40B9C53EE}.Biodeep|x86.ActiveCfg = Yilia-Release_x64|Any CPU
		{D0D2AFE0-547C-440E-B978-23E40B9C53EE}.Biodeep|x86.Build.0 = Yilia-Release_x64|Any CPU
		{D0D2AFE0-547C-440E-B978-23E40B9C53EE}.Debug|Any CPU.ActiveCfg = Debug|Any CPU
		{D0D2AFE0-547C-440E-B978-23E40B9C53EE}.Debug|Any CPU.Build.0 = Debug|Any CPU
		{D0D2AFE0-547C-440E-B978-23E40B9C53EE}.Debug|x64.ActiveCfg = Debug|x64
		{D0D2AFE0-547C-440E-B978-23E40B9C53EE}.Debug|x64.Build.0 = Debug|x64
		{D0D2AFE0-547C-440E-B978-23E40B9C53EE}.Debug|x86.ActiveCfg = Debug|Any CPU
		{D0D2AFE0-547C-440E-B978-23E40B9C53EE}.Debug|x86.Build.0 = Debug|Any CPU
		{D0D2AFE0-547C-440E-B978-23E40B9C53EE}.DEMO|Any CPU.ActiveCfg = Debug|Any CPU
		{D0D2AFE0-547C-440E-B978-23E40B9C53EE}.DEMO|Any CPU.Build.0 = Debug|Any CPU
		{D0D2AFE0-547C-440E-B978-23E40B9C53EE}.DEMO|x64.ActiveCfg = Debug|Any CPU
		{D0D2AFE0-547C-440E-B978-23E40B9C53EE}.DEMO|x64.Build.0 = Debug|Any CPU
		{D0D2AFE0-547C-440E-B978-23E40B9C53EE}.DEMO|x86.ActiveCfg = Debug|Any CPU
		{D0D2AFE0-547C-440E-B978-23E40B9C53EE}.DEMO|x86.Build.0 = Debug|Any CPU
		{D0D2AFE0-547C-440E-B978-23E40B9C53EE}.docs|Any CPU.ActiveCfg = Debug|Any CPU
		{D0D2AFE0-547C-440E-B978-23E40B9C53EE}.docs|Any CPU.Build.0 = Debug|Any CPU
		{D0D2AFE0-547C-440E-B978-23E40B9C53EE}.docs|x64.ActiveCfg = Debug|Any CPU
		{D0D2AFE0-547C-440E-B978-23E40B9C53EE}.docs|x64.Build.0 = Debug|Any CPU
		{D0D2AFE0-547C-440E-B978-23E40B9C53EE}.docs|x86.ActiveCfg = Debug|Any CPU
		{D0D2AFE0-547C-440E-B978-23E40B9C53EE}.docs|x86.Build.0 = Debug|Any CPU
		{D0D2AFE0-547C-440E-B978-23E40B9C53EE}.GCModeller(Release_X64)|Any CPU.ActiveCfg = GCModeller(Release_X64)|Any CPU
		{D0D2AFE0-547C-440E-B978-23E40B9C53EE}.GCModeller(Release_X64)|Any CPU.Build.0 = GCModeller(Release_X64)|Any CPU
		{D0D2AFE0-547C-440E-B978-23E40B9C53EE}.GCModeller(Release_X64)|x64.ActiveCfg = GCModeller(Release_X64)|x64
		{D0D2AFE0-547C-440E-B978-23E40B9C53EE}.GCModeller(Release_X64)|x64.Build.0 = GCModeller(Release_X64)|x64
		{D0D2AFE0-547C-440E-B978-23E40B9C53EE}.GCModeller(Release_X64)|x86.ActiveCfg = GCModeller(Release_X64)|Any CPU
		{D0D2AFE0-547C-440E-B978-23E40B9C53EE}.GCModeller(Release_X64)|x86.Build.0 = GCModeller(Release_X64)|Any CPU
		{D0D2AFE0-547C-440E-B978-23E40B9C53EE}.GCModeller(UNIX-Release_X64)|Any CPU.ActiveCfg = GCModeller(UNIX-Release_X64)|Any CPU
		{D0D2AFE0-547C-440E-B978-23E40B9C53EE}.GCModeller(UNIX-Release_X64)|Any CPU.Build.0 = GCModeller(UNIX-Release_X64)|Any CPU
		{D0D2AFE0-547C-440E-B978-23E40B9C53EE}.GCModeller(UNIX-Release_X64)|x64.ActiveCfg = GCModeller(UNIX-Release_X64)|x64
		{D0D2AFE0-547C-440E-B978-23E40B9C53EE}.GCModeller(UNIX-Release_X64)|x64.Build.0 = GCModeller(UNIX-Release_X64)|x64
		{D0D2AFE0-547C-440E-B978-23E40B9C53EE}.GCModeller(UNIX-Release_X64)|x86.ActiveCfg = GCModeller(UNIX-Release_X64)|Any CPU
		{D0D2AFE0-547C-440E-B978-23E40B9C53EE}.GCModeller(UNIX-Release_X64)|x86.Build.0 = GCModeller(UNIX-Release_X64)|Any CPU
		{D0D2AFE0-547C-440E-B978-23E40B9C53EE}.installer_x64|Any CPU.ActiveCfg = Yilia-Release_x64|Any CPU
		{D0D2AFE0-547C-440E-B978-23E40B9C53EE}.installer_x64|Any CPU.Build.0 = Yilia-Release_x64|Any CPU
		{D0D2AFE0-547C-440E-B978-23E40B9C53EE}.installer_x64|x64.ActiveCfg = installer_x64|x64
		{D0D2AFE0-547C-440E-B978-23E40B9C53EE}.installer_x64|x64.Build.0 = installer_x64|x64
		{D0D2AFE0-547C-440E-B978-23E40B9C53EE}.installer_x64|x86.ActiveCfg = Yilia-Release_x64|Any CPU
		{D0D2AFE0-547C-440E-B978-23E40B9C53EE}.installer_x64|x86.Build.0 = Yilia-Release_x64|Any CPU
		{D0D2AFE0-547C-440E-B978-23E40B9C53EE}.mysqli_X64_release|Any CPU.ActiveCfg = Yilia-Release_x64|Any CPU
		{D0D2AFE0-547C-440E-B978-23E40B9C53EE}.mysqli_X64_release|Any CPU.Build.0 = Yilia-Release_x64|Any CPU
		{D0D2AFE0-547C-440E-B978-23E40B9C53EE}.mysqli_X64_release|x64.ActiveCfg = GCModeller(UNIX-Release_X64)|x64
		{D0D2AFE0-547C-440E-B978-23E40B9C53EE}.mysqli_X64_release|x64.Build.0 = GCModeller(UNIX-Release_X64)|x64
		{D0D2AFE0-547C-440E-B978-23E40B9C53EE}.mysqli_X64_release|x86.ActiveCfg = Yilia-Release_x64|Any CPU
		{D0D2AFE0-547C-440E-B978-23E40B9C53EE}.mysqli_X64_release|x86.Build.0 = Yilia-Release_x64|Any CPU
		{D0D2AFE0-547C-440E-B978-23E40B9C53EE}.Publish|Any CPU.ActiveCfg = Release|Any CPU
		{D0D2AFE0-547C-440E-B978-23E40B9C53EE}.Publish|Any CPU.Build.0 = Release|Any CPU
		{D0D2AFE0-547C-440E-B978-23E40B9C53EE}.Publish|x64.ActiveCfg = Release|Any CPU
		{D0D2AFE0-547C-440E-B978-23E40B9C53EE}.Publish|x64.Build.0 = Release|Any CPU
		{D0D2AFE0-547C-440E-B978-23E40B9C53EE}.Publish|x86.ActiveCfg = Release|Any CPU
		{D0D2AFE0-547C-440E-B978-23E40B9C53EE}.Publish|x86.Build.0 = Release|Any CPU
		{D0D2AFE0-547C-440E-B978-23E40B9C53EE}.Release|Any CPU.ActiveCfg = Release|Any CPU
		{D0D2AFE0-547C-440E-B978-23E40B9C53EE}.Release|Any CPU.Build.0 = Release|Any CPU
		{D0D2AFE0-547C-440E-B978-23E40B9C53EE}.Release|x64.ActiveCfg = Release|x64
		{D0D2AFE0-547C-440E-B978-23E40B9C53EE}.Release|x64.Build.0 = Release|x64
		{D0D2AFE0-547C-440E-B978-23E40B9C53EE}.Release|x86.ActiveCfg = Release|Any CPU
		{D0D2AFE0-547C-440E-B978-23E40B9C53EE}.Release|x86.Build.0 = Release|Any CPU
		{D0D2AFE0-547C-440E-B978-23E40B9C53EE}.Surveillance-of-infectious-diseases|Any CPU.ActiveCfg = Yilia-Release_x64|Any CPU
		{D0D2AFE0-547C-440E-B978-23E40B9C53EE}.Surveillance-of-infectious-diseases|Any CPU.Build.0 = Yilia-Release_x64|Any CPU
		{D0D2AFE0-547C-440E-B978-23E40B9C53EE}.Surveillance-of-infectious-diseases|x64.ActiveCfg = GCModeller(UNIX-Release_X64)|x64
		{D0D2AFE0-547C-440E-B978-23E40B9C53EE}.Surveillance-of-infectious-diseases|x64.Build.0 = GCModeller(UNIX-Release_X64)|x64
		{D0D2AFE0-547C-440E-B978-23E40B9C53EE}.Surveillance-of-infectious-diseases|x86.ActiveCfg = Yilia-Release_x64|Any CPU
		{D0D2AFE0-547C-440E-B978-23E40B9C53EE}.Surveillance-of-infectious-diseases|x86.Build.0 = Yilia-Release_x64|Any CPU
		{D0D2AFE0-547C-440E-B978-23E40B9C53EE}.Yilia-Release_x64|Any CPU.ActiveCfg = Release|Any CPU
		{D0D2AFE0-547C-440E-B978-23E40B9C53EE}.Yilia-Release_x64|Any CPU.Build.0 = Release|Any CPU
		{D0D2AFE0-547C-440E-B978-23E40B9C53EE}.Yilia-Release_x64|x64.ActiveCfg = Yilia-Release_x64|x64
		{D0D2AFE0-547C-440E-B978-23E40B9C53EE}.Yilia-Release_x64|x64.Build.0 = Yilia-Release_x64|x64
		{D0D2AFE0-547C-440E-B978-23E40B9C53EE}.Yilia-Release_x64|x86.ActiveCfg = Release|Any CPU
		{D0D2AFE0-547C-440E-B978-23E40B9C53EE}.Yilia-Release_x64|x86.Build.0 = Release|Any CPU
		{4B6D92DD-09AA-425B-ADE6-FBC92134B155}.Biodeep_UNIX_x64|Any CPU.ActiveCfg = Yilia-Release_x64|Any CPU
		{4B6D92DD-09AA-425B-ADE6-FBC92134B155}.Biodeep_UNIX_x64|Any CPU.Build.0 = Yilia-Release_x64|Any CPU
		{4B6D92DD-09AA-425B-ADE6-FBC92134B155}.Biodeep_UNIX_x64|x64.ActiveCfg = Yilia-Release_x64|x64
		{4B6D92DD-09AA-425B-ADE6-FBC92134B155}.Biodeep_UNIX_x64|x64.Build.0 = Yilia-Release_x64|x64
		{4B6D92DD-09AA-425B-ADE6-FBC92134B155}.Biodeep_UNIX_x64|x86.ActiveCfg = Yilia-Release_x64|Any CPU
		{4B6D92DD-09AA-425B-ADE6-FBC92134B155}.Biodeep_UNIX_x64|x86.Build.0 = Yilia-Release_x64|Any CPU
		{4B6D92DD-09AA-425B-ADE6-FBC92134B155}.Biodeep|Any CPU.ActiveCfg = Yilia-Release_x64|Any CPU
		{4B6D92DD-09AA-425B-ADE6-FBC92134B155}.Biodeep|Any CPU.Build.0 = Yilia-Release_x64|Any CPU
		{4B6D92DD-09AA-425B-ADE6-FBC92134B155}.Biodeep|x64.ActiveCfg = Yilia-Release_x64|x64
		{4B6D92DD-09AA-425B-ADE6-FBC92134B155}.Biodeep|x64.Build.0 = Yilia-Release_x64|x64
		{4B6D92DD-09AA-425B-ADE6-FBC92134B155}.Biodeep|x86.ActiveCfg = Yilia-Release_x64|Any CPU
		{4B6D92DD-09AA-425B-ADE6-FBC92134B155}.Biodeep|x86.Build.0 = Yilia-Release_x64|Any CPU
		{4B6D92DD-09AA-425B-ADE6-FBC92134B155}.Debug|Any CPU.ActiveCfg = Debug|Any CPU
		{4B6D92DD-09AA-425B-ADE6-FBC92134B155}.Debug|Any CPU.Build.0 = Debug|Any CPU
		{4B6D92DD-09AA-425B-ADE6-FBC92134B155}.Debug|x64.ActiveCfg = Debug|x64
		{4B6D92DD-09AA-425B-ADE6-FBC92134B155}.Debug|x64.Build.0 = Debug|x64
		{4B6D92DD-09AA-425B-ADE6-FBC92134B155}.Debug|x86.ActiveCfg = Debug|Any CPU
		{4B6D92DD-09AA-425B-ADE6-FBC92134B155}.Debug|x86.Build.0 = Debug|Any CPU
		{4B6D92DD-09AA-425B-ADE6-FBC92134B155}.DEMO|Any CPU.ActiveCfg = Debug|Any CPU
		{4B6D92DD-09AA-425B-ADE6-FBC92134B155}.DEMO|Any CPU.Build.0 = Debug|Any CPU
		{4B6D92DD-09AA-425B-ADE6-FBC92134B155}.DEMO|x64.ActiveCfg = Debug|Any CPU
		{4B6D92DD-09AA-425B-ADE6-FBC92134B155}.DEMO|x64.Build.0 = Debug|Any CPU
		{4B6D92DD-09AA-425B-ADE6-FBC92134B155}.DEMO|x86.ActiveCfg = Debug|Any CPU
		{4B6D92DD-09AA-425B-ADE6-FBC92134B155}.DEMO|x86.Build.0 = Debug|Any CPU
		{4B6D92DD-09AA-425B-ADE6-FBC92134B155}.docs|Any CPU.ActiveCfg = Debug|Any CPU
		{4B6D92DD-09AA-425B-ADE6-FBC92134B155}.docs|Any CPU.Build.0 = Debug|Any CPU
		{4B6D92DD-09AA-425B-ADE6-FBC92134B155}.docs|x64.ActiveCfg = Debug|Any CPU
		{4B6D92DD-09AA-425B-ADE6-FBC92134B155}.docs|x64.Build.0 = Debug|Any CPU
		{4B6D92DD-09AA-425B-ADE6-FBC92134B155}.docs|x86.ActiveCfg = Debug|Any CPU
		{4B6D92DD-09AA-425B-ADE6-FBC92134B155}.docs|x86.Build.0 = Debug|Any CPU
		{4B6D92DD-09AA-425B-ADE6-FBC92134B155}.GCModeller(Release_X64)|Any CPU.ActiveCfg = Release|Any CPU
		{4B6D92DD-09AA-425B-ADE6-FBC92134B155}.GCModeller(Release_X64)|Any CPU.Build.0 = Release|Any CPU
		{4B6D92DD-09AA-425B-ADE6-FBC92134B155}.GCModeller(Release_X64)|x64.ActiveCfg = Release|x64
		{4B6D92DD-09AA-425B-ADE6-FBC92134B155}.GCModeller(Release_X64)|x64.Build.0 = Release|x64
		{4B6D92DD-09AA-425B-ADE6-FBC92134B155}.GCModeller(Release_X64)|x86.ActiveCfg = Release|Any CPU
		{4B6D92DD-09AA-425B-ADE6-FBC92134B155}.GCModeller(Release_X64)|x86.Build.0 = Release|Any CPU
		{4B6D92DD-09AA-425B-ADE6-FBC92134B155}.GCModeller(UNIX-Release_X64)|Any CPU.ActiveCfg = Release|Any CPU
		{4B6D92DD-09AA-425B-ADE6-FBC92134B155}.GCModeller(UNIX-Release_X64)|Any CPU.Build.0 = Release|Any CPU
		{4B6D92DD-09AA-425B-ADE6-FBC92134B155}.GCModeller(UNIX-Release_X64)|x64.ActiveCfg = Release|x64
		{4B6D92DD-09AA-425B-ADE6-FBC92134B155}.GCModeller(UNIX-Release_X64)|x64.Build.0 = Release|x64
		{4B6D92DD-09AA-425B-ADE6-FBC92134B155}.GCModeller(UNIX-Release_X64)|x86.ActiveCfg = Release|Any CPU
		{4B6D92DD-09AA-425B-ADE6-FBC92134B155}.GCModeller(UNIX-Release_X64)|x86.Build.0 = Release|Any CPU
		{4B6D92DD-09AA-425B-ADE6-FBC92134B155}.installer_x64|Any CPU.ActiveCfg = Yilia-Release_x64|Any CPU
		{4B6D92DD-09AA-425B-ADE6-FBC92134B155}.installer_x64|Any CPU.Build.0 = Yilia-Release_x64|Any CPU
		{4B6D92DD-09AA-425B-ADE6-FBC92134B155}.installer_x64|x64.ActiveCfg = installer_x64|x64
		{4B6D92DD-09AA-425B-ADE6-FBC92134B155}.installer_x64|x64.Build.0 = installer_x64|x64
		{4B6D92DD-09AA-425B-ADE6-FBC92134B155}.installer_x64|x86.ActiveCfg = Yilia-Release_x64|Any CPU
		{4B6D92DD-09AA-425B-ADE6-FBC92134B155}.installer_x64|x86.Build.0 = Yilia-Release_x64|Any CPU
		{4B6D92DD-09AA-425B-ADE6-FBC92134B155}.mysqli_X64_release|Any CPU.ActiveCfg = Yilia-Release_x64|Any CPU
		{4B6D92DD-09AA-425B-ADE6-FBC92134B155}.mysqli_X64_release|Any CPU.Build.0 = Yilia-Release_x64|Any CPU
		{4B6D92DD-09AA-425B-ADE6-FBC92134B155}.mysqli_X64_release|x64.ActiveCfg = Yilia-Release_x64|x64
		{4B6D92DD-09AA-425B-ADE6-FBC92134B155}.mysqli_X64_release|x64.Build.0 = Yilia-Release_x64|x64
		{4B6D92DD-09AA-425B-ADE6-FBC92134B155}.mysqli_X64_release|x86.ActiveCfg = Yilia-Release_x64|Any CPU
		{4B6D92DD-09AA-425B-ADE6-FBC92134B155}.mysqli_X64_release|x86.Build.0 = Yilia-Release_x64|Any CPU
		{4B6D92DD-09AA-425B-ADE6-FBC92134B155}.Publish|Any CPU.ActiveCfg = Release|Any CPU
		{4B6D92DD-09AA-425B-ADE6-FBC92134B155}.Publish|Any CPU.Build.0 = Release|Any CPU
		{4B6D92DD-09AA-425B-ADE6-FBC92134B155}.Publish|x64.ActiveCfg = Release|Any CPU
		{4B6D92DD-09AA-425B-ADE6-FBC92134B155}.Publish|x64.Build.0 = Release|Any CPU
		{4B6D92DD-09AA-425B-ADE6-FBC92134B155}.Publish|x86.ActiveCfg = Release|Any CPU
		{4B6D92DD-09AA-425B-ADE6-FBC92134B155}.Publish|x86.Build.0 = Release|Any CPU
		{4B6D92DD-09AA-425B-ADE6-FBC92134B155}.Release|Any CPU.ActiveCfg = Release|Any CPU
		{4B6D92DD-09AA-425B-ADE6-FBC92134B155}.Release|Any CPU.Build.0 = Release|Any CPU
		{4B6D92DD-09AA-425B-ADE6-FBC92134B155}.Release|x64.ActiveCfg = Release|x64
		{4B6D92DD-09AA-425B-ADE6-FBC92134B155}.Release|x64.Build.0 = Release|x64
		{4B6D92DD-09AA-425B-ADE6-FBC92134B155}.Release|x86.ActiveCfg = Release|Any CPU
		{4B6D92DD-09AA-425B-ADE6-FBC92134B155}.Release|x86.Build.0 = Release|Any CPU
		{4B6D92DD-09AA-425B-ADE6-FBC92134B155}.Surveillance-of-infectious-diseases|Any CPU.ActiveCfg = Yilia-Release_x64|Any CPU
		{4B6D92DD-09AA-425B-ADE6-FBC92134B155}.Surveillance-of-infectious-diseases|Any CPU.Build.0 = Yilia-Release_x64|Any CPU
		{4B6D92DD-09AA-425B-ADE6-FBC92134B155}.Surveillance-of-infectious-diseases|x64.ActiveCfg = Yilia-Release_x64|x64
		{4B6D92DD-09AA-425B-ADE6-FBC92134B155}.Surveillance-of-infectious-diseases|x64.Build.0 = Yilia-Release_x64|x64
		{4B6D92DD-09AA-425B-ADE6-FBC92134B155}.Surveillance-of-infectious-diseases|x86.ActiveCfg = Yilia-Release_x64|Any CPU
		{4B6D92DD-09AA-425B-ADE6-FBC92134B155}.Surveillance-of-infectious-diseases|x86.Build.0 = Yilia-Release_x64|Any CPU
		{4B6D92DD-09AA-425B-ADE6-FBC92134B155}.Yilia-Release_x64|Any CPU.ActiveCfg = Release|Any CPU
		{4B6D92DD-09AA-425B-ADE6-FBC92134B155}.Yilia-Release_x64|Any CPU.Build.0 = Release|Any CPU
		{4B6D92DD-09AA-425B-ADE6-FBC92134B155}.Yilia-Release_x64|x64.ActiveCfg = Yilia-Release_x64|x64
		{4B6D92DD-09AA-425B-ADE6-FBC92134B155}.Yilia-Release_x64|x64.Build.0 = Yilia-Release_x64|x64
		{4B6D92DD-09AA-425B-ADE6-FBC92134B155}.Yilia-Release_x64|x86.ActiveCfg = Release|Any CPU
		{4B6D92DD-09AA-425B-ADE6-FBC92134B155}.Yilia-Release_x64|x86.Build.0 = Release|Any CPU
		{FB637DE6-6BEB-4722-968A-F76DEB851DFC}.Biodeep_UNIX_x64|Any CPU.ActiveCfg = Yilia-Release_x64|Any CPU
		{FB637DE6-6BEB-4722-968A-F76DEB851DFC}.Biodeep_UNIX_x64|Any CPU.Build.0 = Yilia-Release_x64|Any CPU
		{FB637DE6-6BEB-4722-968A-F76DEB851DFC}.Biodeep_UNIX_x64|x64.ActiveCfg = Yilia-Release_x64|x64
		{FB637DE6-6BEB-4722-968A-F76DEB851DFC}.Biodeep_UNIX_x64|x64.Build.0 = Yilia-Release_x64|x64
		{FB637DE6-6BEB-4722-968A-F76DEB851DFC}.Biodeep_UNIX_x64|x86.ActiveCfg = Yilia-Release_x64|Any CPU
		{FB637DE6-6BEB-4722-968A-F76DEB851DFC}.Biodeep_UNIX_x64|x86.Build.0 = Yilia-Release_x64|Any CPU
		{FB637DE6-6BEB-4722-968A-F76DEB851DFC}.Biodeep|Any CPU.ActiveCfg = Yilia-Release_x64|Any CPU
		{FB637DE6-6BEB-4722-968A-F76DEB851DFC}.Biodeep|Any CPU.Build.0 = Yilia-Release_x64|Any CPU
		{FB637DE6-6BEB-4722-968A-F76DEB851DFC}.Biodeep|x64.ActiveCfg = Yilia-Release_x64|x64
		{FB637DE6-6BEB-4722-968A-F76DEB851DFC}.Biodeep|x64.Build.0 = Yilia-Release_x64|x64
		{FB637DE6-6BEB-4722-968A-F76DEB851DFC}.Biodeep|x86.ActiveCfg = Yilia-Release_x64|Any CPU
		{FB637DE6-6BEB-4722-968A-F76DEB851DFC}.Biodeep|x86.Build.0 = Yilia-Release_x64|Any CPU
		{FB637DE6-6BEB-4722-968A-F76DEB851DFC}.Debug|Any CPU.ActiveCfg = Debug|Any CPU
		{FB637DE6-6BEB-4722-968A-F76DEB851DFC}.Debug|Any CPU.Build.0 = Debug|Any CPU
		{FB637DE6-6BEB-4722-968A-F76DEB851DFC}.Debug|x64.ActiveCfg = Debug|x64
		{FB637DE6-6BEB-4722-968A-F76DEB851DFC}.Debug|x64.Build.0 = Debug|x64
		{FB637DE6-6BEB-4722-968A-F76DEB851DFC}.Debug|x86.ActiveCfg = Debug|Any CPU
		{FB637DE6-6BEB-4722-968A-F76DEB851DFC}.Debug|x86.Build.0 = Debug|Any CPU
		{FB637DE6-6BEB-4722-968A-F76DEB851DFC}.DEMO|Any CPU.ActiveCfg = Debug|Any CPU
		{FB637DE6-6BEB-4722-968A-F76DEB851DFC}.DEMO|Any CPU.Build.0 = Debug|Any CPU
		{FB637DE6-6BEB-4722-968A-F76DEB851DFC}.DEMO|x64.ActiveCfg = Debug|x64
		{FB637DE6-6BEB-4722-968A-F76DEB851DFC}.DEMO|x64.Build.0 = Debug|x64
		{FB637DE6-6BEB-4722-968A-F76DEB851DFC}.DEMO|x86.ActiveCfg = Debug|Any CPU
		{FB637DE6-6BEB-4722-968A-F76DEB851DFC}.DEMO|x86.Build.0 = Debug|Any CPU
		{FB637DE6-6BEB-4722-968A-F76DEB851DFC}.docs|Any CPU.ActiveCfg = Debug|Any CPU
		{FB637DE6-6BEB-4722-968A-F76DEB851DFC}.docs|Any CPU.Build.0 = Debug|Any CPU
		{FB637DE6-6BEB-4722-968A-F76DEB851DFC}.docs|x64.ActiveCfg = Debug|x64
		{FB637DE6-6BEB-4722-968A-F76DEB851DFC}.docs|x64.Build.0 = Debug|x64
		{FB637DE6-6BEB-4722-968A-F76DEB851DFC}.docs|x86.ActiveCfg = Debug|Any CPU
		{FB637DE6-6BEB-4722-968A-F76DEB851DFC}.docs|x86.Build.0 = Debug|Any CPU
		{FB637DE6-6BEB-4722-968A-F76DEB851DFC}.GCModeller(Release_X64)|Any CPU.ActiveCfg = GCModeller(Release_X64)|Any CPU
		{FB637DE6-6BEB-4722-968A-F76DEB851DFC}.GCModeller(Release_X64)|Any CPU.Build.0 = GCModeller(Release_X64)|Any CPU
		{FB637DE6-6BEB-4722-968A-F76DEB851DFC}.GCModeller(Release_X64)|x64.ActiveCfg = GCModeller(Release_X64)|x64
		{FB637DE6-6BEB-4722-968A-F76DEB851DFC}.GCModeller(Release_X64)|x64.Build.0 = GCModeller(Release_X64)|x64
		{FB637DE6-6BEB-4722-968A-F76DEB851DFC}.GCModeller(Release_X64)|x86.ActiveCfg = GCModeller(Release_X64)|Any CPU
		{FB637DE6-6BEB-4722-968A-F76DEB851DFC}.GCModeller(Release_X64)|x86.Build.0 = GCModeller(Release_X64)|Any CPU
		{FB637DE6-6BEB-4722-968A-F76DEB851DFC}.GCModeller(UNIX-Release_X64)|Any CPU.ActiveCfg = GCModeller(UNIX-Release_X64)|Any CPU
		{FB637DE6-6BEB-4722-968A-F76DEB851DFC}.GCModeller(UNIX-Release_X64)|Any CPU.Build.0 = GCModeller(UNIX-Release_X64)|Any CPU
		{FB637DE6-6BEB-4722-968A-F76DEB851DFC}.GCModeller(UNIX-Release_X64)|x64.ActiveCfg = GCModeller(UNIX-Release_X64)|x64
		{FB637DE6-6BEB-4722-968A-F76DEB851DFC}.GCModeller(UNIX-Release_X64)|x64.Build.0 = GCModeller(UNIX-Release_X64)|x64
		{FB637DE6-6BEB-4722-968A-F76DEB851DFC}.GCModeller(UNIX-Release_X64)|x86.ActiveCfg = GCModeller(UNIX-Release_X64)|Any CPU
		{FB637DE6-6BEB-4722-968A-F76DEB851DFC}.GCModeller(UNIX-Release_X64)|x86.Build.0 = GCModeller(UNIX-Release_X64)|Any CPU
		{FB637DE6-6BEB-4722-968A-F76DEB851DFC}.installer_x64|Any CPU.ActiveCfg = installer_x64|Any CPU
		{FB637DE6-6BEB-4722-968A-F76DEB851DFC}.installer_x64|Any CPU.Build.0 = installer_x64|Any CPU
		{FB637DE6-6BEB-4722-968A-F76DEB851DFC}.installer_x64|x64.ActiveCfg = installer_x64|x64
		{FB637DE6-6BEB-4722-968A-F76DEB851DFC}.installer_x64|x64.Build.0 = installer_x64|x64
		{FB637DE6-6BEB-4722-968A-F76DEB851DFC}.installer_x64|x86.ActiveCfg = installer_x64|Any CPU
		{FB637DE6-6BEB-4722-968A-F76DEB851DFC}.installer_x64|x86.Build.0 = installer_x64|Any CPU
		{FB637DE6-6BEB-4722-968A-F76DEB851DFC}.mysqli_X64_release|Any CPU.ActiveCfg = Yilia-Release_x64|Any CPU
		{FB637DE6-6BEB-4722-968A-F76DEB851DFC}.mysqli_X64_release|Any CPU.Build.0 = Yilia-Release_x64|Any CPU
		{FB637DE6-6BEB-4722-968A-F76DEB851DFC}.mysqli_X64_release|x64.ActiveCfg = Yilia-Release_x64|x64
		{FB637DE6-6BEB-4722-968A-F76DEB851DFC}.mysqli_X64_release|x64.Build.0 = Yilia-Release_x64|x64
		{FB637DE6-6BEB-4722-968A-F76DEB851DFC}.mysqli_X64_release|x86.ActiveCfg = Yilia-Release_x64|Any CPU
		{FB637DE6-6BEB-4722-968A-F76DEB851DFC}.mysqli_X64_release|x86.Build.0 = Yilia-Release_x64|Any CPU
		{FB637DE6-6BEB-4722-968A-F76DEB851DFC}.Publish|Any CPU.ActiveCfg = Publish|Any CPU
		{FB637DE6-6BEB-4722-968A-F76DEB851DFC}.Publish|Any CPU.Build.0 = Publish|Any CPU
		{FB637DE6-6BEB-4722-968A-F76DEB851DFC}.Publish|x64.ActiveCfg = Publish|x64
		{FB637DE6-6BEB-4722-968A-F76DEB851DFC}.Publish|x64.Build.0 = Publish|x64
		{FB637DE6-6BEB-4722-968A-F76DEB851DFC}.Publish|x86.ActiveCfg = Publish|Any CPU
		{FB637DE6-6BEB-4722-968A-F76DEB851DFC}.Publish|x86.Build.0 = Publish|Any CPU
		{FB637DE6-6BEB-4722-968A-F76DEB851DFC}.Release|Any CPU.ActiveCfg = Release|Any CPU
		{FB637DE6-6BEB-4722-968A-F76DEB851DFC}.Release|Any CPU.Build.0 = Release|Any CPU
		{FB637DE6-6BEB-4722-968A-F76DEB851DFC}.Release|x64.ActiveCfg = Release|x64
		{FB637DE6-6BEB-4722-968A-F76DEB851DFC}.Release|x64.Build.0 = Release|x64
		{FB637DE6-6BEB-4722-968A-F76DEB851DFC}.Release|x86.ActiveCfg = Release|Any CPU
		{FB637DE6-6BEB-4722-968A-F76DEB851DFC}.Release|x86.Build.0 = Release|Any CPU
		{FB637DE6-6BEB-4722-968A-F76DEB851DFC}.Surveillance-of-infectious-diseases|Any CPU.ActiveCfg = Yilia-Release_x64|Any CPU
		{FB637DE6-6BEB-4722-968A-F76DEB851DFC}.Surveillance-of-infectious-diseases|Any CPU.Build.0 = Yilia-Release_x64|Any CPU
		{FB637DE6-6BEB-4722-968A-F76DEB851DFC}.Surveillance-of-infectious-diseases|x64.ActiveCfg = Yilia-Release_x64|x64
		{FB637DE6-6BEB-4722-968A-F76DEB851DFC}.Surveillance-of-infectious-diseases|x64.Build.0 = Yilia-Release_x64|x64
		{FB637DE6-6BEB-4722-968A-F76DEB851DFC}.Surveillance-of-infectious-diseases|x86.ActiveCfg = Yilia-Release_x64|Any CPU
		{FB637DE6-6BEB-4722-968A-F76DEB851DFC}.Surveillance-of-infectious-diseases|x86.Build.0 = Yilia-Release_x64|Any CPU
		{FB637DE6-6BEB-4722-968A-F76DEB851DFC}.Yilia-Release_x64|Any CPU.ActiveCfg = Yilia-Release_x64|Any CPU
		{FB637DE6-6BEB-4722-968A-F76DEB851DFC}.Yilia-Release_x64|Any CPU.Build.0 = Yilia-Release_x64|Any CPU
		{FB637DE6-6BEB-4722-968A-F76DEB851DFC}.Yilia-Release_x64|x64.ActiveCfg = Yilia-Release_x64|x64
		{FB637DE6-6BEB-4722-968A-F76DEB851DFC}.Yilia-Release_x64|x64.Build.0 = Yilia-Release_x64|x64
		{FB637DE6-6BEB-4722-968A-F76DEB851DFC}.Yilia-Release_x64|x86.ActiveCfg = Yilia-Release_x64|Any CPU
		{FB637DE6-6BEB-4722-968A-F76DEB851DFC}.Yilia-Release_x64|x86.Build.0 = Yilia-Release_x64|Any CPU
		{2DD4BE80-DDC3-4767-94A7-10F1C3395716}.Biodeep_UNIX_x64|Any CPU.ActiveCfg = Biodeep_UNIX_x64|Any CPU
		{2DD4BE80-DDC3-4767-94A7-10F1C3395716}.Biodeep_UNIX_x64|Any CPU.Build.0 = Biodeep_UNIX_x64|Any CPU
		{2DD4BE80-DDC3-4767-94A7-10F1C3395716}.Biodeep_UNIX_x64|x64.ActiveCfg = Biodeep_UNIX_x64|x64
		{2DD4BE80-DDC3-4767-94A7-10F1C3395716}.Biodeep_UNIX_x64|x64.Build.0 = Biodeep_UNIX_x64|x64
		{2DD4BE80-DDC3-4767-94A7-10F1C3395716}.Biodeep_UNIX_x64|x86.ActiveCfg = Biodeep_UNIX_x64|x86
		{2DD4BE80-DDC3-4767-94A7-10F1C3395716}.Biodeep_UNIX_x64|x86.Build.0 = Biodeep_UNIX_x64|x86
		{2DD4BE80-DDC3-4767-94A7-10F1C3395716}.Biodeep|Any CPU.ActiveCfg = Biodeep|Any CPU
		{2DD4BE80-DDC3-4767-94A7-10F1C3395716}.Biodeep|Any CPU.Build.0 = Biodeep|Any CPU
		{2DD4BE80-DDC3-4767-94A7-10F1C3395716}.Biodeep|x64.ActiveCfg = Biodeep|x64
		{2DD4BE80-DDC3-4767-94A7-10F1C3395716}.Biodeep|x64.Build.0 = Biodeep|x64
		{2DD4BE80-DDC3-4767-94A7-10F1C3395716}.Biodeep|x86.ActiveCfg = Biodeep|x86
		{2DD4BE80-DDC3-4767-94A7-10F1C3395716}.Biodeep|x86.Build.0 = Biodeep|x86
		{2DD4BE80-DDC3-4767-94A7-10F1C3395716}.Debug|Any CPU.ActiveCfg = Debug|Any CPU
		{2DD4BE80-DDC3-4767-94A7-10F1C3395716}.Debug|Any CPU.Build.0 = Debug|Any CPU
		{2DD4BE80-DDC3-4767-94A7-10F1C3395716}.Debug|x64.ActiveCfg = Debug|x64
		{2DD4BE80-DDC3-4767-94A7-10F1C3395716}.Debug|x64.Build.0 = Debug|x64
		{2DD4BE80-DDC3-4767-94A7-10F1C3395716}.Debug|x86.ActiveCfg = Debug|x86
		{2DD4BE80-DDC3-4767-94A7-10F1C3395716}.Debug|x86.Build.0 = Debug|x86
		{2DD4BE80-DDC3-4767-94A7-10F1C3395716}.DEMO|Any CPU.ActiveCfg = Debug|Any CPU
		{2DD4BE80-DDC3-4767-94A7-10F1C3395716}.DEMO|Any CPU.Build.0 = Debug|Any CPU
		{2DD4BE80-DDC3-4767-94A7-10F1C3395716}.DEMO|x64.ActiveCfg = Debug|x64
		{2DD4BE80-DDC3-4767-94A7-10F1C3395716}.DEMO|x64.Build.0 = Debug|x64
		{2DD4BE80-DDC3-4767-94A7-10F1C3395716}.DEMO|x86.ActiveCfg = Debug|x86
		{2DD4BE80-DDC3-4767-94A7-10F1C3395716}.DEMO|x86.Build.0 = Debug|x86
		{2DD4BE80-DDC3-4767-94A7-10F1C3395716}.docs|Any CPU.ActiveCfg = docs|Any CPU
		{2DD4BE80-DDC3-4767-94A7-10F1C3395716}.docs|Any CPU.Build.0 = docs|Any CPU
		{2DD4BE80-DDC3-4767-94A7-10F1C3395716}.docs|x64.ActiveCfg = docs|x64
		{2DD4BE80-DDC3-4767-94A7-10F1C3395716}.docs|x64.Build.0 = docs|x64
		{2DD4BE80-DDC3-4767-94A7-10F1C3395716}.docs|x86.ActiveCfg = docs|x86
		{2DD4BE80-DDC3-4767-94A7-10F1C3395716}.docs|x86.Build.0 = docs|x86
		{2DD4BE80-DDC3-4767-94A7-10F1C3395716}.GCModeller(Release_X64)|Any CPU.ActiveCfg = GCModeller(Release_X64)|Any CPU
		{2DD4BE80-DDC3-4767-94A7-10F1C3395716}.GCModeller(Release_X64)|Any CPU.Build.0 = GCModeller(Release_X64)|Any CPU
		{2DD4BE80-DDC3-4767-94A7-10F1C3395716}.GCModeller(Release_X64)|x64.ActiveCfg = GCModeller(Release_X64)|x64
		{2DD4BE80-DDC3-4767-94A7-10F1C3395716}.GCModeller(Release_X64)|x64.Build.0 = GCModeller(Release_X64)|x64
		{2DD4BE80-DDC3-4767-94A7-10F1C3395716}.GCModeller(Release_X64)|x86.ActiveCfg = GCModeller(Release_X64)|x86
		{2DD4BE80-DDC3-4767-94A7-10F1C3395716}.GCModeller(Release_X64)|x86.Build.0 = GCModeller(Release_X64)|x86
		{2DD4BE80-DDC3-4767-94A7-10F1C3395716}.GCModeller(UNIX-Release_X64)|Any CPU.ActiveCfg = GCModeller(UNIX-Release_X64)|Any CPU
		{2DD4BE80-DDC3-4767-94A7-10F1C3395716}.GCModeller(UNIX-Release_X64)|Any CPU.Build.0 = GCModeller(UNIX-Release_X64)|Any CPU
		{2DD4BE80-DDC3-4767-94A7-10F1C3395716}.GCModeller(UNIX-Release_X64)|x64.ActiveCfg = GCModeller(UNIX-Release_X64)|x64
		{2DD4BE80-DDC3-4767-94A7-10F1C3395716}.GCModeller(UNIX-Release_X64)|x64.Build.0 = GCModeller(UNIX-Release_X64)|x64
		{2DD4BE80-DDC3-4767-94A7-10F1C3395716}.GCModeller(UNIX-Release_X64)|x86.ActiveCfg = GCModeller(UNIX-Release_X64)|x86
		{2DD4BE80-DDC3-4767-94A7-10F1C3395716}.GCModeller(UNIX-Release_X64)|x86.Build.0 = GCModeller(UNIX-Release_X64)|x86
		{2DD4BE80-DDC3-4767-94A7-10F1C3395716}.installer_x64|Any CPU.ActiveCfg = installer_x64|Any CPU
		{2DD4BE80-DDC3-4767-94A7-10F1C3395716}.installer_x64|Any CPU.Build.0 = installer_x64|Any CPU
		{2DD4BE80-DDC3-4767-94A7-10F1C3395716}.installer_x64|x64.ActiveCfg = installer_x64|x64
		{2DD4BE80-DDC3-4767-94A7-10F1C3395716}.installer_x64|x64.Build.0 = installer_x64|x64
		{2DD4BE80-DDC3-4767-94A7-10F1C3395716}.installer_x64|x86.ActiveCfg = installer_x64|x86
		{2DD4BE80-DDC3-4767-94A7-10F1C3395716}.installer_x64|x86.Build.0 = installer_x64|x86
		{2DD4BE80-DDC3-4767-94A7-10F1C3395716}.mysqli_X64_release|Any CPU.ActiveCfg = mysqli_X64_release|Any CPU
		{2DD4BE80-DDC3-4767-94A7-10F1C3395716}.mysqli_X64_release|Any CPU.Build.0 = mysqli_X64_release|Any CPU
		{2DD4BE80-DDC3-4767-94A7-10F1C3395716}.mysqli_X64_release|x64.ActiveCfg = mysqli_X64_release|x64
		{2DD4BE80-DDC3-4767-94A7-10F1C3395716}.mysqli_X64_release|x64.Build.0 = mysqli_X64_release|x64
		{2DD4BE80-DDC3-4767-94A7-10F1C3395716}.mysqli_X64_release|x86.ActiveCfg = mysqli_X64_release|x86
		{2DD4BE80-DDC3-4767-94A7-10F1C3395716}.mysqli_X64_release|x86.Build.0 = mysqli_X64_release|x86
		{2DD4BE80-DDC3-4767-94A7-10F1C3395716}.Publish|Any CPU.ActiveCfg = Publish|Any CPU
		{2DD4BE80-DDC3-4767-94A7-10F1C3395716}.Publish|Any CPU.Build.0 = Publish|Any CPU
		{2DD4BE80-DDC3-4767-94A7-10F1C3395716}.Publish|x64.ActiveCfg = Publish|x64
		{2DD4BE80-DDC3-4767-94A7-10F1C3395716}.Publish|x64.Build.0 = Publish|x64
		{2DD4BE80-DDC3-4767-94A7-10F1C3395716}.Publish|x86.ActiveCfg = Publish|x86
		{2DD4BE80-DDC3-4767-94A7-10F1C3395716}.Publish|x86.Build.0 = Publish|x86
		{2DD4BE80-DDC3-4767-94A7-10F1C3395716}.Release|Any CPU.ActiveCfg = Release|Any CPU
		{2DD4BE80-DDC3-4767-94A7-10F1C3395716}.Release|Any CPU.Build.0 = Release|Any CPU
		{2DD4BE80-DDC3-4767-94A7-10F1C3395716}.Release|x64.ActiveCfg = Release|x64
		{2DD4BE80-DDC3-4767-94A7-10F1C3395716}.Release|x64.Build.0 = Release|x64
		{2DD4BE80-DDC3-4767-94A7-10F1C3395716}.Release|x86.ActiveCfg = Release|x86
		{2DD4BE80-DDC3-4767-94A7-10F1C3395716}.Release|x86.Build.0 = Release|x86
		{2DD4BE80-DDC3-4767-94A7-10F1C3395716}.Surveillance-of-infectious-diseases|Any CPU.ActiveCfg = Surveillance-of-infectious-diseases|Any CPU
		{2DD4BE80-DDC3-4767-94A7-10F1C3395716}.Surveillance-of-infectious-diseases|Any CPU.Build.0 = Surveillance-of-infectious-diseases|Any CPU
		{2DD4BE80-DDC3-4767-94A7-10F1C3395716}.Surveillance-of-infectious-diseases|x64.ActiveCfg = Surveillance-of-infectious-diseases|x64
		{2DD4BE80-DDC3-4767-94A7-10F1C3395716}.Surveillance-of-infectious-diseases|x64.Build.0 = Surveillance-of-infectious-diseases|x64
		{2DD4BE80-DDC3-4767-94A7-10F1C3395716}.Surveillance-of-infectious-diseases|x86.ActiveCfg = Surveillance-of-infectious-diseases|x86
		{2DD4BE80-DDC3-4767-94A7-10F1C3395716}.Surveillance-of-infectious-diseases|x86.Build.0 = Surveillance-of-infectious-diseases|x86
		{2DD4BE80-DDC3-4767-94A7-10F1C3395716}.Yilia-Release_x64|Any CPU.ActiveCfg = Yilia-Release_x64|Any CPU
		{2DD4BE80-DDC3-4767-94A7-10F1C3395716}.Yilia-Release_x64|Any CPU.Build.0 = Yilia-Release_x64|Any CPU
		{2DD4BE80-DDC3-4767-94A7-10F1C3395716}.Yilia-Release_x64|x64.ActiveCfg = Yilia-Release_x64|x64
		{2DD4BE80-DDC3-4767-94A7-10F1C3395716}.Yilia-Release_x64|x64.Build.0 = Yilia-Release_x64|x64
		{2DD4BE80-DDC3-4767-94A7-10F1C3395716}.Yilia-Release_x64|x86.ActiveCfg = Yilia-Release_x64|x86
		{2DD4BE80-DDC3-4767-94A7-10F1C3395716}.Yilia-Release_x64|x86.Build.0 = Yilia-Release_x64|x86
		{AC36906A-9765-4743-8EBA-A552F4F23F2A}.Biodeep_UNIX_x64|Any CPU.ActiveCfg = installer_x64|Any CPU
		{AC36906A-9765-4743-8EBA-A552F4F23F2A}.Biodeep_UNIX_x64|Any CPU.Build.0 = installer_x64|Any CPU
		{AC36906A-9765-4743-8EBA-A552F4F23F2A}.Biodeep_UNIX_x64|x64.ActiveCfg = installer_x64|x64
		{AC36906A-9765-4743-8EBA-A552F4F23F2A}.Biodeep_UNIX_x64|x64.Build.0 = installer_x64|x64
		{AC36906A-9765-4743-8EBA-A552F4F23F2A}.Biodeep_UNIX_x64|x86.ActiveCfg = installer_x64|Any CPU
		{AC36906A-9765-4743-8EBA-A552F4F23F2A}.Biodeep_UNIX_x64|x86.Build.0 = installer_x64|Any CPU
		{AC36906A-9765-4743-8EBA-A552F4F23F2A}.Biodeep|Any CPU.ActiveCfg = installer_x64|Any CPU
		{AC36906A-9765-4743-8EBA-A552F4F23F2A}.Biodeep|Any CPU.Build.0 = installer_x64|Any CPU
		{AC36906A-9765-4743-8EBA-A552F4F23F2A}.Biodeep|x64.ActiveCfg = installer_x64|x64
		{AC36906A-9765-4743-8EBA-A552F4F23F2A}.Biodeep|x64.Build.0 = installer_x64|x64
		{AC36906A-9765-4743-8EBA-A552F4F23F2A}.Biodeep|x86.ActiveCfg = installer_x64|Any CPU
		{AC36906A-9765-4743-8EBA-A552F4F23F2A}.Biodeep|x86.Build.0 = installer_x64|Any CPU
		{AC36906A-9765-4743-8EBA-A552F4F23F2A}.Debug|Any CPU.ActiveCfg = Debug|Any CPU
		{AC36906A-9765-4743-8EBA-A552F4F23F2A}.Debug|Any CPU.Build.0 = Debug|Any CPU
		{AC36906A-9765-4743-8EBA-A552F4F23F2A}.Debug|x64.ActiveCfg = Debug|x64
		{AC36906A-9765-4743-8EBA-A552F4F23F2A}.Debug|x64.Build.0 = Debug|x64
		{AC36906A-9765-4743-8EBA-A552F4F23F2A}.Debug|x86.ActiveCfg = Debug|Any CPU
		{AC36906A-9765-4743-8EBA-A552F4F23F2A}.Debug|x86.Build.0 = Debug|Any CPU
		{AC36906A-9765-4743-8EBA-A552F4F23F2A}.DEMO|Any CPU.ActiveCfg = Debug|Any CPU
		{AC36906A-9765-4743-8EBA-A552F4F23F2A}.DEMO|Any CPU.Build.0 = Debug|Any CPU
		{AC36906A-9765-4743-8EBA-A552F4F23F2A}.DEMO|x64.ActiveCfg = Debug|x64
		{AC36906A-9765-4743-8EBA-A552F4F23F2A}.DEMO|x64.Build.0 = Debug|x64
		{AC36906A-9765-4743-8EBA-A552F4F23F2A}.DEMO|x86.ActiveCfg = Debug|Any CPU
		{AC36906A-9765-4743-8EBA-A552F4F23F2A}.DEMO|x86.Build.0 = Debug|Any CPU
		{AC36906A-9765-4743-8EBA-A552F4F23F2A}.docs|Any CPU.ActiveCfg = Debug|Any CPU
		{AC36906A-9765-4743-8EBA-A552F4F23F2A}.docs|Any CPU.Build.0 = Debug|Any CPU
		{AC36906A-9765-4743-8EBA-A552F4F23F2A}.docs|x64.ActiveCfg = Debug|x64
		{AC36906A-9765-4743-8EBA-A552F4F23F2A}.docs|x64.Build.0 = Debug|x64
		{AC36906A-9765-4743-8EBA-A552F4F23F2A}.docs|x86.ActiveCfg = Debug|Any CPU
		{AC36906A-9765-4743-8EBA-A552F4F23F2A}.docs|x86.Build.0 = Debug|Any CPU
		{AC36906A-9765-4743-8EBA-A552F4F23F2A}.GCModeller(Release_X64)|Any CPU.ActiveCfg = Release|Any CPU
		{AC36906A-9765-4743-8EBA-A552F4F23F2A}.GCModeller(Release_X64)|Any CPU.Build.0 = Release|Any CPU
		{AC36906A-9765-4743-8EBA-A552F4F23F2A}.GCModeller(Release_X64)|x64.ActiveCfg = Release|x64
		{AC36906A-9765-4743-8EBA-A552F4F23F2A}.GCModeller(Release_X64)|x64.Build.0 = Release|x64
		{AC36906A-9765-4743-8EBA-A552F4F23F2A}.GCModeller(Release_X64)|x86.ActiveCfg = Release|Any CPU
		{AC36906A-9765-4743-8EBA-A552F4F23F2A}.GCModeller(Release_X64)|x86.Build.0 = Release|Any CPU
		{AC36906A-9765-4743-8EBA-A552F4F23F2A}.GCModeller(UNIX-Release_X64)|Any CPU.ActiveCfg = Release|Any CPU
		{AC36906A-9765-4743-8EBA-A552F4F23F2A}.GCModeller(UNIX-Release_X64)|Any CPU.Build.0 = Release|Any CPU
		{AC36906A-9765-4743-8EBA-A552F4F23F2A}.GCModeller(UNIX-Release_X64)|x64.ActiveCfg = Release|x64
		{AC36906A-9765-4743-8EBA-A552F4F23F2A}.GCModeller(UNIX-Release_X64)|x64.Build.0 = Release|x64
		{AC36906A-9765-4743-8EBA-A552F4F23F2A}.GCModeller(UNIX-Release_X64)|x86.ActiveCfg = Release|Any CPU
		{AC36906A-9765-4743-8EBA-A552F4F23F2A}.GCModeller(UNIX-Release_X64)|x86.Build.0 = Release|Any CPU
		{AC36906A-9765-4743-8EBA-A552F4F23F2A}.installer_x64|Any CPU.ActiveCfg = installer_x64|Any CPU
		{AC36906A-9765-4743-8EBA-A552F4F23F2A}.installer_x64|Any CPU.Build.0 = installer_x64|Any CPU
		{AC36906A-9765-4743-8EBA-A552F4F23F2A}.installer_x64|x64.ActiveCfg = installer_x64|x64
		{AC36906A-9765-4743-8EBA-A552F4F23F2A}.installer_x64|x64.Build.0 = installer_x64|x64
		{AC36906A-9765-4743-8EBA-A552F4F23F2A}.installer_x64|x86.ActiveCfg = installer_x64|Any CPU
		{AC36906A-9765-4743-8EBA-A552F4F23F2A}.installer_x64|x86.Build.0 = installer_x64|Any CPU
		{AC36906A-9765-4743-8EBA-A552F4F23F2A}.mysqli_X64_release|Any CPU.ActiveCfg = installer_x64|Any CPU
		{AC36906A-9765-4743-8EBA-A552F4F23F2A}.mysqli_X64_release|Any CPU.Build.0 = installer_x64|Any CPU
		{AC36906A-9765-4743-8EBA-A552F4F23F2A}.mysqli_X64_release|x64.ActiveCfg = installer_x64|x64
		{AC36906A-9765-4743-8EBA-A552F4F23F2A}.mysqli_X64_release|x64.Build.0 = installer_x64|x64
		{AC36906A-9765-4743-8EBA-A552F4F23F2A}.mysqli_X64_release|x86.ActiveCfg = installer_x64|Any CPU
		{AC36906A-9765-4743-8EBA-A552F4F23F2A}.mysqli_X64_release|x86.Build.0 = installer_x64|Any CPU
		{AC36906A-9765-4743-8EBA-A552F4F23F2A}.Publish|Any CPU.ActiveCfg = installer_x64|Any CPU
		{AC36906A-9765-4743-8EBA-A552F4F23F2A}.Publish|Any CPU.Build.0 = installer_x64|Any CPU
		{AC36906A-9765-4743-8EBA-A552F4F23F2A}.Publish|x64.ActiveCfg = installer_x64|x64
		{AC36906A-9765-4743-8EBA-A552F4F23F2A}.Publish|x64.Build.0 = installer_x64|x64
		{AC36906A-9765-4743-8EBA-A552F4F23F2A}.Publish|x86.ActiveCfg = installer_x64|Any CPU
		{AC36906A-9765-4743-8EBA-A552F4F23F2A}.Publish|x86.Build.0 = installer_x64|Any CPU
		{AC36906A-9765-4743-8EBA-A552F4F23F2A}.Release|Any CPU.ActiveCfg = Release|Any CPU
		{AC36906A-9765-4743-8EBA-A552F4F23F2A}.Release|Any CPU.Build.0 = Release|Any CPU
		{AC36906A-9765-4743-8EBA-A552F4F23F2A}.Release|x64.ActiveCfg = Release|x64
		{AC36906A-9765-4743-8EBA-A552F4F23F2A}.Release|x64.Build.0 = Release|x64
		{AC36906A-9765-4743-8EBA-A552F4F23F2A}.Release|x86.ActiveCfg = Release|Any CPU
		{AC36906A-9765-4743-8EBA-A552F4F23F2A}.Release|x86.Build.0 = Release|Any CPU
		{AC36906A-9765-4743-8EBA-A552F4F23F2A}.Surveillance-of-infectious-diseases|Any CPU.ActiveCfg = installer_x64|Any CPU
		{AC36906A-9765-4743-8EBA-A552F4F23F2A}.Surveillance-of-infectious-diseases|Any CPU.Build.0 = installer_x64|Any CPU
		{AC36906A-9765-4743-8EBA-A552F4F23F2A}.Surveillance-of-infectious-diseases|x64.ActiveCfg = installer_x64|x64
		{AC36906A-9765-4743-8EBA-A552F4F23F2A}.Surveillance-of-infectious-diseases|x64.Build.0 = installer_x64|x64
		{AC36906A-9765-4743-8EBA-A552F4F23F2A}.Surveillance-of-infectious-diseases|x86.ActiveCfg = installer_x64|Any CPU
		{AC36906A-9765-4743-8EBA-A552F4F23F2A}.Surveillance-of-infectious-diseases|x86.Build.0 = installer_x64|Any CPU
		{AC36906A-9765-4743-8EBA-A552F4F23F2A}.Yilia-Release_x64|Any CPU.ActiveCfg = Release|Any CPU
		{AC36906A-9765-4743-8EBA-A552F4F23F2A}.Yilia-Release_x64|Any CPU.Build.0 = Release|Any CPU
		{AC36906A-9765-4743-8EBA-A552F4F23F2A}.Yilia-Release_x64|x64.ActiveCfg = Release|x64
		{AC36906A-9765-4743-8EBA-A552F4F23F2A}.Yilia-Release_x64|x64.Build.0 = Release|x64
		{AC36906A-9765-4743-8EBA-A552F4F23F2A}.Yilia-Release_x64|x86.ActiveCfg = Release|Any CPU
		{AC36906A-9765-4743-8EBA-A552F4F23F2A}.Yilia-Release_x64|x86.Build.0 = Release|Any CPU
		{3A65D811-FC5C-4AD9-8456-8F720FF14C16}.Biodeep_UNIX_x64|Any CPU.ActiveCfg = Release|Any CPU
		{3A65D811-FC5C-4AD9-8456-8F720FF14C16}.Biodeep_UNIX_x64|Any CPU.Build.0 = Release|Any CPU
		{3A65D811-FC5C-4AD9-8456-8F720FF14C16}.Biodeep_UNIX_x64|x64.ActiveCfg = Release|x64
		{3A65D811-FC5C-4AD9-8456-8F720FF14C16}.Biodeep_UNIX_x64|x64.Build.0 = Release|x64
		{3A65D811-FC5C-4AD9-8456-8F720FF14C16}.Biodeep_UNIX_x64|x86.ActiveCfg = Release|Any CPU
		{3A65D811-FC5C-4AD9-8456-8F720FF14C16}.Biodeep_UNIX_x64|x86.Build.0 = Release|Any CPU
		{3A65D811-FC5C-4AD9-8456-8F720FF14C16}.Biodeep|Any CPU.ActiveCfg = Release|Any CPU
		{3A65D811-FC5C-4AD9-8456-8F720FF14C16}.Biodeep|Any CPU.Build.0 = Release|Any CPU
		{3A65D811-FC5C-4AD9-8456-8F720FF14C16}.Biodeep|x64.ActiveCfg = Release|x64
		{3A65D811-FC5C-4AD9-8456-8F720FF14C16}.Biodeep|x64.Build.0 = Release|x64
		{3A65D811-FC5C-4AD9-8456-8F720FF14C16}.Biodeep|x86.ActiveCfg = Release|Any CPU
		{3A65D811-FC5C-4AD9-8456-8F720FF14C16}.Biodeep|x86.Build.0 = Release|Any CPU
		{3A65D811-FC5C-4AD9-8456-8F720FF14C16}.Debug|Any CPU.ActiveCfg = Debug|Any CPU
		{3A65D811-FC5C-4AD9-8456-8F720FF14C16}.Debug|Any CPU.Build.0 = Debug|Any CPU
		{3A65D811-FC5C-4AD9-8456-8F720FF14C16}.Debug|x64.ActiveCfg = Debug|x64
		{3A65D811-FC5C-4AD9-8456-8F720FF14C16}.Debug|x64.Build.0 = Debug|x64
		{3A65D811-FC5C-4AD9-8456-8F720FF14C16}.Debug|x86.ActiveCfg = Debug|Any CPU
		{3A65D811-FC5C-4AD9-8456-8F720FF14C16}.Debug|x86.Build.0 = Debug|Any CPU
		{3A65D811-FC5C-4AD9-8456-8F720FF14C16}.DEMO|Any CPU.ActiveCfg = Debug|Any CPU
		{3A65D811-FC5C-4AD9-8456-8F720FF14C16}.DEMO|Any CPU.Build.0 = Debug|Any CPU
		{3A65D811-FC5C-4AD9-8456-8F720FF14C16}.DEMO|x64.ActiveCfg = Debug|x64
		{3A65D811-FC5C-4AD9-8456-8F720FF14C16}.DEMO|x64.Build.0 = Debug|x64
		{3A65D811-FC5C-4AD9-8456-8F720FF14C16}.DEMO|x86.ActiveCfg = Debug|Any CPU
		{3A65D811-FC5C-4AD9-8456-8F720FF14C16}.DEMO|x86.Build.0 = Debug|Any CPU
		{3A65D811-FC5C-4AD9-8456-8F720FF14C16}.docs|Any CPU.ActiveCfg = Debug|Any CPU
		{3A65D811-FC5C-4AD9-8456-8F720FF14C16}.docs|Any CPU.Build.0 = Debug|Any CPU
		{3A65D811-FC5C-4AD9-8456-8F720FF14C16}.docs|x64.ActiveCfg = Debug|x64
		{3A65D811-FC5C-4AD9-8456-8F720FF14C16}.docs|x64.Build.0 = Debug|x64
		{3A65D811-FC5C-4AD9-8456-8F720FF14C16}.docs|x86.ActiveCfg = Debug|Any CPU
		{3A65D811-FC5C-4AD9-8456-8F720FF14C16}.docs|x86.Build.0 = Debug|Any CPU
		{3A65D811-FC5C-4AD9-8456-8F720FF14C16}.GCModeller(Release_X64)|Any CPU.ActiveCfg = Release|Any CPU
		{3A65D811-FC5C-4AD9-8456-8F720FF14C16}.GCModeller(Release_X64)|Any CPU.Build.0 = Release|Any CPU
		{3A65D811-FC5C-4AD9-8456-8F720FF14C16}.GCModeller(Release_X64)|x64.ActiveCfg = Release|x64
		{3A65D811-FC5C-4AD9-8456-8F720FF14C16}.GCModeller(Release_X64)|x64.Build.0 = Release|x64
		{3A65D811-FC5C-4AD9-8456-8F720FF14C16}.GCModeller(Release_X64)|x86.ActiveCfg = Release|Any CPU
		{3A65D811-FC5C-4AD9-8456-8F720FF14C16}.GCModeller(Release_X64)|x86.Build.0 = Release|Any CPU
		{3A65D811-FC5C-4AD9-8456-8F720FF14C16}.GCModeller(UNIX-Release_X64)|Any CPU.ActiveCfg = Release|Any CPU
		{3A65D811-FC5C-4AD9-8456-8F720FF14C16}.GCModeller(UNIX-Release_X64)|Any CPU.Build.0 = Release|Any CPU
		{3A65D811-FC5C-4AD9-8456-8F720FF14C16}.GCModeller(UNIX-Release_X64)|x64.ActiveCfg = Release|x64
		{3A65D811-FC5C-4AD9-8456-8F720FF14C16}.GCModeller(UNIX-Release_X64)|x64.Build.0 = Release|x64
		{3A65D811-FC5C-4AD9-8456-8F720FF14C16}.GCModeller(UNIX-Release_X64)|x86.ActiveCfg = Release|Any CPU
		{3A65D811-FC5C-4AD9-8456-8F720FF14C16}.GCModeller(UNIX-Release_X64)|x86.Build.0 = Release|Any CPU
		{3A65D811-FC5C-4AD9-8456-8F720FF14C16}.installer_x64|Any CPU.ActiveCfg = Release|Any CPU
		{3A65D811-FC5C-4AD9-8456-8F720FF14C16}.installer_x64|Any CPU.Build.0 = Release|Any CPU
		{3A65D811-FC5C-4AD9-8456-8F720FF14C16}.installer_x64|x64.ActiveCfg = installer_x64|x64
		{3A65D811-FC5C-4AD9-8456-8F720FF14C16}.installer_x64|x64.Build.0 = installer_x64|x64
		{3A65D811-FC5C-4AD9-8456-8F720FF14C16}.installer_x64|x86.ActiveCfg = Release|Any CPU
		{3A65D811-FC5C-4AD9-8456-8F720FF14C16}.installer_x64|x86.Build.0 = Release|Any CPU
		{3A65D811-FC5C-4AD9-8456-8F720FF14C16}.mysqli_X64_release|Any CPU.ActiveCfg = Release|Any CPU
		{3A65D811-FC5C-4AD9-8456-8F720FF14C16}.mysqli_X64_release|Any CPU.Build.0 = Release|Any CPU
		{3A65D811-FC5C-4AD9-8456-8F720FF14C16}.mysqli_X64_release|x64.ActiveCfg = Release|x64
		{3A65D811-FC5C-4AD9-8456-8F720FF14C16}.mysqli_X64_release|x64.Build.0 = Release|x64
		{3A65D811-FC5C-4AD9-8456-8F720FF14C16}.mysqli_X64_release|x86.ActiveCfg = Release|Any CPU
		{3A65D811-FC5C-4AD9-8456-8F720FF14C16}.mysqli_X64_release|x86.Build.0 = Release|Any CPU
		{3A65D811-FC5C-4AD9-8456-8F720FF14C16}.Publish|Any CPU.ActiveCfg = Release|Any CPU
		{3A65D811-FC5C-4AD9-8456-8F720FF14C16}.Publish|Any CPU.Build.0 = Release|Any CPU
		{3A65D811-FC5C-4AD9-8456-8F720FF14C16}.Publish|x64.ActiveCfg = Release|x64
		{3A65D811-FC5C-4AD9-8456-8F720FF14C16}.Publish|x64.Build.0 = Release|x64
		{3A65D811-FC5C-4AD9-8456-8F720FF14C16}.Publish|x86.ActiveCfg = Release|Any CPU
		{3A65D811-FC5C-4AD9-8456-8F720FF14C16}.Publish|x86.Build.0 = Release|Any CPU
		{3A65D811-FC5C-4AD9-8456-8F720FF14C16}.Release|Any CPU.ActiveCfg = Release|Any CPU
		{3A65D811-FC5C-4AD9-8456-8F720FF14C16}.Release|Any CPU.Build.0 = Release|Any CPU
		{3A65D811-FC5C-4AD9-8456-8F720FF14C16}.Release|x64.ActiveCfg = Release|x64
		{3A65D811-FC5C-4AD9-8456-8F720FF14C16}.Release|x64.Build.0 = Release|x64
		{3A65D811-FC5C-4AD9-8456-8F720FF14C16}.Release|x86.ActiveCfg = Release|Any CPU
		{3A65D811-FC5C-4AD9-8456-8F720FF14C16}.Release|x86.Build.0 = Release|Any CPU
		{3A65D811-FC5C-4AD9-8456-8F720FF14C16}.Surveillance-of-infectious-diseases|Any CPU.ActiveCfg = Release|Any CPU
		{3A65D811-FC5C-4AD9-8456-8F720FF14C16}.Surveillance-of-infectious-diseases|Any CPU.Build.0 = Release|Any CPU
		{3A65D811-FC5C-4AD9-8456-8F720FF14C16}.Surveillance-of-infectious-diseases|x64.ActiveCfg = Release|x64
		{3A65D811-FC5C-4AD9-8456-8F720FF14C16}.Surveillance-of-infectious-diseases|x64.Build.0 = Release|x64
		{3A65D811-FC5C-4AD9-8456-8F720FF14C16}.Surveillance-of-infectious-diseases|x86.ActiveCfg = Release|Any CPU
		{3A65D811-FC5C-4AD9-8456-8F720FF14C16}.Surveillance-of-infectious-diseases|x86.Build.0 = Release|Any CPU
		{3A65D811-FC5C-4AD9-8456-8F720FF14C16}.Yilia-Release_x64|Any CPU.ActiveCfg = Release|Any CPU
		{3A65D811-FC5C-4AD9-8456-8F720FF14C16}.Yilia-Release_x64|Any CPU.Build.0 = Release|Any CPU
		{3A65D811-FC5C-4AD9-8456-8F720FF14C16}.Yilia-Release_x64|x64.ActiveCfg = Release|x64
		{3A65D811-FC5C-4AD9-8456-8F720FF14C16}.Yilia-Release_x64|x64.Build.0 = Release|x64
		{3A65D811-FC5C-4AD9-8456-8F720FF14C16}.Yilia-Release_x64|x86.ActiveCfg = Release|Any CPU
		{3A65D811-FC5C-4AD9-8456-8F720FF14C16}.Yilia-Release_x64|x86.Build.0 = Release|Any CPU
		{4A1D6588-3574-40B5-881A-2707846A7318}.Biodeep_UNIX_x64|Any CPU.ActiveCfg = Release|Any CPU
		{4A1D6588-3574-40B5-881A-2707846A7318}.Biodeep_UNIX_x64|Any CPU.Build.0 = Release|Any CPU
		{4A1D6588-3574-40B5-881A-2707846A7318}.Biodeep_UNIX_x64|x64.ActiveCfg = Release|x64
		{4A1D6588-3574-40B5-881A-2707846A7318}.Biodeep_UNIX_x64|x64.Build.0 = Release|x64
		{4A1D6588-3574-40B5-881A-2707846A7318}.Biodeep_UNIX_x64|x86.ActiveCfg = Release|Any CPU
		{4A1D6588-3574-40B5-881A-2707846A7318}.Biodeep_UNIX_x64|x86.Build.0 = Release|Any CPU
		{4A1D6588-3574-40B5-881A-2707846A7318}.Biodeep|Any CPU.ActiveCfg = Release|Any CPU
		{4A1D6588-3574-40B5-881A-2707846A7318}.Biodeep|Any CPU.Build.0 = Release|Any CPU
		{4A1D6588-3574-40B5-881A-2707846A7318}.Biodeep|x64.ActiveCfg = Release|x64
		{4A1D6588-3574-40B5-881A-2707846A7318}.Biodeep|x64.Build.0 = Release|x64
		{4A1D6588-3574-40B5-881A-2707846A7318}.Biodeep|x86.ActiveCfg = Release|Any CPU
		{4A1D6588-3574-40B5-881A-2707846A7318}.Biodeep|x86.Build.0 = Release|Any CPU
		{4A1D6588-3574-40B5-881A-2707846A7318}.Debug|Any CPU.ActiveCfg = Debug|Any CPU
		{4A1D6588-3574-40B5-881A-2707846A7318}.Debug|Any CPU.Build.0 = Debug|Any CPU
		{4A1D6588-3574-40B5-881A-2707846A7318}.Debug|x64.ActiveCfg = Debug|x64
		{4A1D6588-3574-40B5-881A-2707846A7318}.Debug|x64.Build.0 = Debug|x64
		{4A1D6588-3574-40B5-881A-2707846A7318}.Debug|x86.ActiveCfg = Debug|Any CPU
		{4A1D6588-3574-40B5-881A-2707846A7318}.Debug|x86.Build.0 = Debug|Any CPU
		{4A1D6588-3574-40B5-881A-2707846A7318}.DEMO|Any CPU.ActiveCfg = Debug|Any CPU
		{4A1D6588-3574-40B5-881A-2707846A7318}.DEMO|Any CPU.Build.0 = Debug|Any CPU
		{4A1D6588-3574-40B5-881A-2707846A7318}.DEMO|x64.ActiveCfg = Debug|x64
		{4A1D6588-3574-40B5-881A-2707846A7318}.DEMO|x64.Build.0 = Debug|x64
		{4A1D6588-3574-40B5-881A-2707846A7318}.DEMO|x86.ActiveCfg = Debug|Any CPU
		{4A1D6588-3574-40B5-881A-2707846A7318}.DEMO|x86.Build.0 = Debug|Any CPU
		{4A1D6588-3574-40B5-881A-2707846A7318}.docs|Any CPU.ActiveCfg = Debug|Any CPU
		{4A1D6588-3574-40B5-881A-2707846A7318}.docs|Any CPU.Build.0 = Debug|Any CPU
		{4A1D6588-3574-40B5-881A-2707846A7318}.docs|x64.ActiveCfg = Debug|x64
		{4A1D6588-3574-40B5-881A-2707846A7318}.docs|x64.Build.0 = Debug|x64
		{4A1D6588-3574-40B5-881A-2707846A7318}.docs|x86.ActiveCfg = Debug|Any CPU
		{4A1D6588-3574-40B5-881A-2707846A7318}.docs|x86.Build.0 = Debug|Any CPU
		{4A1D6588-3574-40B5-881A-2707846A7318}.GCModeller(Release_X64)|Any CPU.ActiveCfg = Release|Any CPU
		{4A1D6588-3574-40B5-881A-2707846A7318}.GCModeller(Release_X64)|Any CPU.Build.0 = Release|Any CPU
		{4A1D6588-3574-40B5-881A-2707846A7318}.GCModeller(Release_X64)|x64.ActiveCfg = Release|x64
		{4A1D6588-3574-40B5-881A-2707846A7318}.GCModeller(Release_X64)|x64.Build.0 = Release|x64
		{4A1D6588-3574-40B5-881A-2707846A7318}.GCModeller(Release_X64)|x86.ActiveCfg = Release|Any CPU
		{4A1D6588-3574-40B5-881A-2707846A7318}.GCModeller(Release_X64)|x86.Build.0 = Release|Any CPU
		{4A1D6588-3574-40B5-881A-2707846A7318}.GCModeller(UNIX-Release_X64)|Any CPU.ActiveCfg = Release|Any CPU
		{4A1D6588-3574-40B5-881A-2707846A7318}.GCModeller(UNIX-Release_X64)|Any CPU.Build.0 = Release|Any CPU
		{4A1D6588-3574-40B5-881A-2707846A7318}.GCModeller(UNIX-Release_X64)|x64.ActiveCfg = Release|x64
		{4A1D6588-3574-40B5-881A-2707846A7318}.GCModeller(UNIX-Release_X64)|x64.Build.0 = Release|x64
		{4A1D6588-3574-40B5-881A-2707846A7318}.GCModeller(UNIX-Release_X64)|x86.ActiveCfg = Release|Any CPU
		{4A1D6588-3574-40B5-881A-2707846A7318}.GCModeller(UNIX-Release_X64)|x86.Build.0 = Release|Any CPU
		{4A1D6588-3574-40B5-881A-2707846A7318}.installer_x64|Any CPU.ActiveCfg = Release|Any CPU
		{4A1D6588-3574-40B5-881A-2707846A7318}.installer_x64|Any CPU.Build.0 = Release|Any CPU
		{4A1D6588-3574-40B5-881A-2707846A7318}.installer_x64|x64.ActiveCfg = installer_x64|x64
		{4A1D6588-3574-40B5-881A-2707846A7318}.installer_x64|x64.Build.0 = installer_x64|x64
		{4A1D6588-3574-40B5-881A-2707846A7318}.installer_x64|x86.ActiveCfg = Release|Any CPU
		{4A1D6588-3574-40B5-881A-2707846A7318}.installer_x64|x86.Build.0 = Release|Any CPU
		{4A1D6588-3574-40B5-881A-2707846A7318}.mysqli_X64_release|Any CPU.ActiveCfg = Release|Any CPU
		{4A1D6588-3574-40B5-881A-2707846A7318}.mysqli_X64_release|Any CPU.Build.0 = Release|Any CPU
		{4A1D6588-3574-40B5-881A-2707846A7318}.mysqli_X64_release|x64.ActiveCfg = Release|x64
		{4A1D6588-3574-40B5-881A-2707846A7318}.mysqli_X64_release|x64.Build.0 = Release|x64
		{4A1D6588-3574-40B5-881A-2707846A7318}.mysqli_X64_release|x86.ActiveCfg = Release|Any CPU
		{4A1D6588-3574-40B5-881A-2707846A7318}.mysqli_X64_release|x86.Build.0 = Release|Any CPU
		{4A1D6588-3574-40B5-881A-2707846A7318}.Publish|Any CPU.ActiveCfg = Release|Any CPU
		{4A1D6588-3574-40B5-881A-2707846A7318}.Publish|Any CPU.Build.0 = Release|Any CPU
		{4A1D6588-3574-40B5-881A-2707846A7318}.Publish|x64.ActiveCfg = Release|x64
		{4A1D6588-3574-40B5-881A-2707846A7318}.Publish|x64.Build.0 = Release|x64
		{4A1D6588-3574-40B5-881A-2707846A7318}.Publish|x86.ActiveCfg = Release|Any CPU
		{4A1D6588-3574-40B5-881A-2707846A7318}.Publish|x86.Build.0 = Release|Any CPU
		{4A1D6588-3574-40B5-881A-2707846A7318}.Release|Any CPU.ActiveCfg = Release|Any CPU
		{4A1D6588-3574-40B5-881A-2707846A7318}.Release|Any CPU.Build.0 = Release|Any CPU
		{4A1D6588-3574-40B5-881A-2707846A7318}.Release|x64.ActiveCfg = Release|x64
		{4A1D6588-3574-40B5-881A-2707846A7318}.Release|x64.Build.0 = Release|x64
		{4A1D6588-3574-40B5-881A-2707846A7318}.Release|x86.ActiveCfg = Release|Any CPU
		{4A1D6588-3574-40B5-881A-2707846A7318}.Release|x86.Build.0 = Release|Any CPU
		{4A1D6588-3574-40B5-881A-2707846A7318}.Surveillance-of-infectious-diseases|Any CPU.ActiveCfg = Release|Any CPU
		{4A1D6588-3574-40B5-881A-2707846A7318}.Surveillance-of-infectious-diseases|Any CPU.Build.0 = Release|Any CPU
		{4A1D6588-3574-40B5-881A-2707846A7318}.Surveillance-of-infectious-diseases|x64.ActiveCfg = Release|x64
		{4A1D6588-3574-40B5-881A-2707846A7318}.Surveillance-of-infectious-diseases|x64.Build.0 = Release|x64
		{4A1D6588-3574-40B5-881A-2707846A7318}.Surveillance-of-infectious-diseases|x86.ActiveCfg = Release|Any CPU
		{4A1D6588-3574-40B5-881A-2707846A7318}.Surveillance-of-infectious-diseases|x86.Build.0 = Release|Any CPU
		{4A1D6588-3574-40B5-881A-2707846A7318}.Yilia-Release_x64|Any CPU.ActiveCfg = Release|Any CPU
		{4A1D6588-3574-40B5-881A-2707846A7318}.Yilia-Release_x64|Any CPU.Build.0 = Release|Any CPU
		{4A1D6588-3574-40B5-881A-2707846A7318}.Yilia-Release_x64|x64.ActiveCfg = Release|x64
		{4A1D6588-3574-40B5-881A-2707846A7318}.Yilia-Release_x64|x64.Build.0 = Release|x64
		{4A1D6588-3574-40B5-881A-2707846A7318}.Yilia-Release_x64|x86.ActiveCfg = Release|Any CPU
		{4A1D6588-3574-40B5-881A-2707846A7318}.Yilia-Release_x64|x86.Build.0 = Release|Any CPU
	EndGlobalSection
	GlobalSection(SolutionProperties) = preSolution
		HideSolutionNode = FALSE
	EndGlobalSection
	GlobalSection(NestedProjects) = preSolution
		{FECCE1FD-E1D4-49E3-A668-60BB5E7AED99} = {10635F0E-96BF-4B81-95F6-2CF93DFB64D4}
		{FBFC1455-B232-4F16-AFC7-4054A8B864AB} = {4E646342-45EB-4820-9A94-386712557456}
		{CE825E49-0386-4AB1-B452-B104ED3F7DEB} = {4E646342-45EB-4820-9A94-386712557456}
		{D0D2AFE0-547C-440E-B978-23E40B9C53EE} = {4E646342-45EB-4820-9A94-386712557456}
		{4B6D92DD-09AA-425B-ADE6-FBC92134B155} = {4E646342-45EB-4820-9A94-386712557456}
		{FB637DE6-6BEB-4722-968A-F76DEB851DFC} = {10635F0E-96BF-4B81-95F6-2CF93DFB64D4}
		{2DD4BE80-DDC3-4767-94A7-10F1C3395716} = {10635F0E-96BF-4B81-95F6-2CF93DFB64D4}
		{3A65D811-FC5C-4AD9-8456-8F720FF14C16} = {10635F0E-96BF-4B81-95F6-2CF93DFB64D4}
	EndGlobalSection
	GlobalSection(ExtensibilityGlobals) = postSolution
		SolutionGuid = {2797EF3C-095B-474C-8042-A7D6D95CDE3F}
	EndGlobalSection
EndGlobal
