
Microsoft Visual Studio Solution File, Format Version 12.00
# Visual Studio 15
VisualStudioVersion = 15.0.27130.2027
MinimumVisualStudioVersion = 10.0.40219.1
Project("{F184B08F-C81C-45F6-A57F-5ABD9991F28F}") = "xDoc", "xDoc\xDoc.vbproj", "{AC36906A-9765-4743-8EBA-A552F4F23F2A}"
EndProject
Project("{F184B08F-C81C-45F6-A57F-5ABD9991F28F}") = "47-dotnet_Microsoft.VisualBasic", "Yilia\runtime\sciBASIC#\Microsoft.VisualBasic.Core\47-dotnet_Microsoft.VisualBasic.vbproj", "{FECCE1FD-E1D4-49E3-A668-60BB5E7AED99}"
EndProject
Project("{F184B08F-C81C-45F6-A57F-5ABD9991F28F}") = "test1", "test\test1\test1.vbproj", "{7BE561F7-12CA-42D8-BAB0-B8F889D4A3FB}"
EndProject
Project("{F184B08F-C81C-45F6-A57F-5ABD9991F28F}") = "test2", "test\test2\test2.vbproj", "{36AB06C9-CC20-4CB0-A492-BD9EAE59FD14}"
EndProject
Project("{2150E333-8FDC-42A3-9474-1A3956D46DE8}") = "test", "test", "{ACB607DD-4B96-4DDD-B35F-F00AFA1054DA}"
EndProject
Project("{F184B08F-C81C-45F6-A57F-5ABD9991F28F}") = "MIME-htmls", "Yilia\runtime\sciBASIC#\mime\text%html\MIME-htmls.vbproj", "{2DD4BE80-DDC3-4767-94A7-10F1C3395716}"
EndProject
Project("{F184B08F-C81C-45F6-A57F-5ABD9991F28F}") = "vbcode-highlight", "vbcode-highlight\vbcode-highlight.vbproj", "{4A1D6588-3574-40B5-881A-2707846A7318}"
EndProject
Project("{2150E333-8FDC-42A3-9474-1A3956D46DE8}") = "runtime", "runtime", "{3A0E0505-D092-41EE-9769-08B75C554645}"
EndProject
Project("{F184B08F-C81C-45F6-A57F-5ABD9991F28F}") = "VisualStudio", "Yilia\runtime\sciBASIC#\vs_solutions\dev\VisualStudio\VisualStudio.vbproj", "{3A65D811-FC5C-4AD9-8456-8F720FF14C16}"
EndProject
Global
	GlobalSection(SolutionConfigurationPlatforms) = preSolution
		Biodeep_UNIX_x64|Any CPU = Biodeep_UNIX_x64|Any CPU
		Biodeep_UNIX_x64|x64 = Biodeep_UNIX_x64|x64
		Biodeep_UNIX_x64|x86 = Biodeep_UNIX_x64|x86
		Biodeep|Any CPU = Biodeep|Any CPU
		Biodeep|x64 = Biodeep|x64
		Biodeep|x86 = Biodeep|x86
		Debug|Any CPU = Debug|Any CPU
		Debug|x64 = Debug|x64
		Debug|x86 = Debug|x86
		DEMO|Any CPU = DEMO|Any CPU
		DEMO|x64 = DEMO|x64
		DEMO|x86 = DEMO|x86
		docs|Any CPU = docs|Any CPU
		docs|x64 = docs|x64
		docs|x86 = docs|x86
		GCModeller(Release_X64)|Any CPU = GCModeller(Release_X64)|Any CPU
		GCModeller(Release_X64)|x64 = GCModeller(Release_X64)|x64
		GCModeller(Release_X64)|x86 = GCModeller(Release_X64)|x86
		GCModeller(UNIX-Release_X64)|Any CPU = GCModeller(UNIX-Release_X64)|Any CPU
		GCModeller(UNIX-Release_X64)|x64 = GCModeller(UNIX-Release_X64)|x64
		GCModeller(UNIX-Release_X64)|x86 = GCModeller(UNIX-Release_X64)|x86
		installer_x64|Any CPU = installer_x64|Any CPU
		installer_x64|x64 = installer_x64|x64
		installer_x64|x86 = installer_x64|x86
		mysqli_X64_release|Any CPU = mysqli_X64_release|Any CPU
		mysqli_X64_release|x64 = mysqli_X64_release|x64
		mysqli_X64_release|x86 = mysqli_X64_release|x86
		ProteoWizard.d|Any CPU = ProteoWizard.d|Any CPU
		ProteoWizard.d|x64 = ProteoWizard.d|x64
		ProteoWizard.d|x86 = ProteoWizard.d|x86
		Publish|Any CPU = Publish|Any CPU
		Publish|x64 = Publish|x64
		Publish|x86 = Publish|x86
		Release|Any CPU = Release|Any CPU
		Release|x64 = Release|x64
		Release|x86 = Release|x86
		Release2|Any CPU = Release2|Any CPU
		Release2|x64 = Release2|x64
		Release2|x86 = Release2|x86
		sciBASIC.NET-test-release|Any CPU = sciBASIC.NET-test-release|Any CPU
		sciBASIC.NET-test-release|x64 = sciBASIC.NET-test-release|x64
		sciBASIC.NET-test-release|x86 = sciBASIC.NET-test-release|x86
		Surveillance-of-infectious-diseases|Any CPU = Surveillance-of-infectious-diseases|Any CPU
		Surveillance-of-infectious-diseases|x64 = Surveillance-of-infectious-diseases|x64
		Surveillance-of-infectious-diseases|x86 = Surveillance-of-infectious-diseases|x86
		xDoc_tool_x64|Any CPU = xDoc_tool_x64|Any CPU
		xDoc_tool_x64|x64 = xDoc_tool_x64|x64
		xDoc_tool_x64|x86 = xDoc_tool_x64|x86
		Yilia-Release_x64|Any CPU = Yilia-Release_x64|Any CPU
		Yilia-Release_x64|x64 = Yilia-Release_x64|x64
		Yilia-Release_x64|x86 = Yilia-Release_x64|x86
	EndGlobalSection
	GlobalSection(ProjectConfigurationPlatforms) = postSolution
		{AC36906A-9765-4743-8EBA-A552F4F23F2A}.Biodeep_UNIX_x64|Any CPU.ActiveCfg = Release|Any CPU
		{AC36906A-9765-4743-8EBA-A552F4F23F2A}.Biodeep_UNIX_x64|Any CPU.Build.0 = Release|Any CPU
		{AC36906A-9765-4743-8EBA-A552F4F23F2A}.Biodeep_UNIX_x64|x64.ActiveCfg = Release|x64
		{AC36906A-9765-4743-8EBA-A552F4F23F2A}.Biodeep_UNIX_x64|x64.Build.0 = Release|x64
		{AC36906A-9765-4743-8EBA-A552F4F23F2A}.Biodeep_UNIX_x64|x86.ActiveCfg = Release|Any CPU
		{AC36906A-9765-4743-8EBA-A552F4F23F2A}.Biodeep_UNIX_x64|x86.Build.0 = Release|Any CPU
		{AC36906A-9765-4743-8EBA-A552F4F23F2A}.Biodeep|Any CPU.ActiveCfg = Release|Any CPU
		{AC36906A-9765-4743-8EBA-A552F4F23F2A}.Biodeep|Any CPU.Build.0 = Release|Any CPU
		{AC36906A-9765-4743-8EBA-A552F4F23F2A}.Biodeep|x64.ActiveCfg = Release|x64
		{AC36906A-9765-4743-8EBA-A552F4F23F2A}.Biodeep|x64.Build.0 = Release|x64
		{AC36906A-9765-4743-8EBA-A552F4F23F2A}.Biodeep|x86.ActiveCfg = Release|Any CPU
		{AC36906A-9765-4743-8EBA-A552F4F23F2A}.Biodeep|x86.Build.0 = Release|Any CPU
		{AC36906A-9765-4743-8EBA-A552F4F23F2A}.Debug|Any CPU.ActiveCfg = Debug|Any CPU
		{AC36906A-9765-4743-8EBA-A552F4F23F2A}.Debug|Any CPU.Build.0 = Debug|Any CPU
		{AC36906A-9765-4743-8EBA-A552F4F23F2A}.Debug|x64.ActiveCfg = Debug|x64
		{AC36906A-9765-4743-8EBA-A552F4F23F2A}.Debug|x64.Build.0 = Debug|x64
		{AC36906A-9765-4743-8EBA-A552F4F23F2A}.Debug|x86.ActiveCfg = Debug|Any CPU
		{AC36906A-9765-4743-8EBA-A552F4F23F2A}.Debug|x86.Build.0 = Debug|Any CPU
		{AC36906A-9765-4743-8EBA-A552F4F23F2A}.DEMO|Any CPU.ActiveCfg = Debug|Any CPU
		{AC36906A-9765-4743-8EBA-A552F4F23F2A}.DEMO|Any CPU.Build.0 = Debug|Any CPU
		{AC36906A-9765-4743-8EBA-A552F4F23F2A}.DEMO|x64.ActiveCfg = Debug|x64
		{AC36906A-9765-4743-8EBA-A552F4F23F2A}.DEMO|x64.Build.0 = Debug|x64
		{AC36906A-9765-4743-8EBA-A552F4F23F2A}.DEMO|x86.ActiveCfg = Debug|Any CPU
		{AC36906A-9765-4743-8EBA-A552F4F23F2A}.DEMO|x86.Build.0 = Debug|Any CPU
		{AC36906A-9765-4743-8EBA-A552F4F23F2A}.docs|Any CPU.ActiveCfg = Debug|Any CPU
		{AC36906A-9765-4743-8EBA-A552F4F23F2A}.docs|Any CPU.Build.0 = Debug|Any CPU
		{AC36906A-9765-4743-8EBA-A552F4F23F2A}.docs|x64.ActiveCfg = Debug|x64
		{AC36906A-9765-4743-8EBA-A552F4F23F2A}.docs|x64.Build.0 = Debug|x64
		{AC36906A-9765-4743-8EBA-A552F4F23F2A}.docs|x86.ActiveCfg = Debug|Any CPU
		{AC36906A-9765-4743-8EBA-A552F4F23F2A}.docs|x86.Build.0 = Debug|Any CPU
		{AC36906A-9765-4743-8EBA-A552F4F23F2A}.GCModeller(Release_X64)|Any CPU.ActiveCfg = Release|Any CPU
		{AC36906A-9765-4743-8EBA-A552F4F23F2A}.GCModeller(Release_X64)|Any CPU.Build.0 = Release|Any CPU
		{AC36906A-9765-4743-8EBA-A552F4F23F2A}.GCModeller(Release_X64)|x64.ActiveCfg = Release|x64
		{AC36906A-9765-4743-8EBA-A552F4F23F2A}.GCModeller(Release_X64)|x64.Build.0 = Release|x64
		{AC36906A-9765-4743-8EBA-A552F4F23F2A}.GCModeller(Release_X64)|x86.ActiveCfg = Release|Any CPU
		{AC36906A-9765-4743-8EBA-A552F4F23F2A}.GCModeller(Release_X64)|x86.Build.0 = Release|Any CPU
		{AC36906A-9765-4743-8EBA-A552F4F23F2A}.GCModeller(UNIX-Release_X64)|Any CPU.ActiveCfg = Release|Any CPU
		{AC36906A-9765-4743-8EBA-A552F4F23F2A}.GCModeller(UNIX-Release_X64)|Any CPU.Build.0 = Release|Any CPU
		{AC36906A-9765-4743-8EBA-A552F4F23F2A}.GCModeller(UNIX-Release_X64)|x64.ActiveCfg = Release|x64
		{AC36906A-9765-4743-8EBA-A552F4F23F2A}.GCModeller(UNIX-Release_X64)|x64.Build.0 = Release|x64
		{AC36906A-9765-4743-8EBA-A552F4F23F2A}.GCModeller(UNIX-Release_X64)|x86.ActiveCfg = Release|Any CPU
		{AC36906A-9765-4743-8EBA-A552F4F23F2A}.GCModeller(UNIX-Release_X64)|x86.Build.0 = Release|Any CPU
		{AC36906A-9765-4743-8EBA-A552F4F23F2A}.installer_x64|Any CPU.ActiveCfg = Release|Any CPU
		{AC36906A-9765-4743-8EBA-A552F4F23F2A}.installer_x64|Any CPU.Build.0 = Release|Any CPU
		{AC36906A-9765-4743-8EBA-A552F4F23F2A}.installer_x64|x64.ActiveCfg = Release|x64
		{AC36906A-9765-4743-8EBA-A552F4F23F2A}.installer_x64|x64.Build.0 = Release|x64
		{AC36906A-9765-4743-8EBA-A552F4F23F2A}.installer_x64|x86.ActiveCfg = Release|Any CPU
		{AC36906A-9765-4743-8EBA-A552F4F23F2A}.installer_x64|x86.Build.0 = Release|Any CPU
		{AC36906A-9765-4743-8EBA-A552F4F23F2A}.mysqli_X64_release|Any CPU.ActiveCfg = Release|Any CPU
		{AC36906A-9765-4743-8EBA-A552F4F23F2A}.mysqli_X64_release|Any CPU.Build.0 = Release|Any CPU
		{AC36906A-9765-4743-8EBA-A552F4F23F2A}.mysqli_X64_release|x64.ActiveCfg = Release|x64
		{AC36906A-9765-4743-8EBA-A552F4F23F2A}.mysqli_X64_release|x64.Build.0 = Release|x64
		{AC36906A-9765-4743-8EBA-A552F4F23F2A}.mysqli_X64_release|x86.ActiveCfg = Release|Any CPU
		{AC36906A-9765-4743-8EBA-A552F4F23F2A}.mysqli_X64_release|x86.Build.0 = Release|Any CPU
		{AC36906A-9765-4743-8EBA-A552F4F23F2A}.ProteoWizard.d|Any CPU.ActiveCfg = installer_x64|Any CPU
		{AC36906A-9765-4743-8EBA-A552F4F23F2A}.ProteoWizard.d|Any CPU.Build.0 = installer_x64|Any CPU
		{AC36906A-9765-4743-8EBA-A552F4F23F2A}.ProteoWizard.d|x64.ActiveCfg = installer_x64|x64
		{AC36906A-9765-4743-8EBA-A552F4F23F2A}.ProteoWizard.d|x64.Build.0 = installer_x64|x64
		{AC36906A-9765-4743-8EBA-A552F4F23F2A}.ProteoWizard.d|x86.ActiveCfg = installer_x64|Any CPU
		{AC36906A-9765-4743-8EBA-A552F4F23F2A}.ProteoWizard.d|x86.Build.0 = installer_x64|Any CPU
		{AC36906A-9765-4743-8EBA-A552F4F23F2A}.Publish|Any CPU.ActiveCfg = Release|Any CPU
		{AC36906A-9765-4743-8EBA-A552F4F23F2A}.Publish|Any CPU.Build.0 = Release|Any CPU
		{AC36906A-9765-4743-8EBA-A552F4F23F2A}.Publish|x64.ActiveCfg = Publish|x64
		{AC36906A-9765-4743-8EBA-A552F4F23F2A}.Publish|x64.Build.0 = Publish|x64
		{AC36906A-9765-4743-8EBA-A552F4F23F2A}.Publish|x86.ActiveCfg = Release|Any CPU
		{AC36906A-9765-4743-8EBA-A552F4F23F2A}.Publish|x86.Build.0 = Release|Any CPU
		{AC36906A-9765-4743-8EBA-A552F4F23F2A}.Release|Any CPU.ActiveCfg = Release|Any CPU
		{AC36906A-9765-4743-8EBA-A552F4F23F2A}.Release|Any CPU.Build.0 = Release|Any CPU
		{AC36906A-9765-4743-8EBA-A552F4F23F2A}.Release|x64.ActiveCfg = Release|x64
		{AC36906A-9765-4743-8EBA-A552F4F23F2A}.Release|x64.Build.0 = Release|x64
		{AC36906A-9765-4743-8EBA-A552F4F23F2A}.Release|x86.ActiveCfg = Release|Any CPU
		{AC36906A-9765-4743-8EBA-A552F4F23F2A}.Release|x86.Build.0 = Release|Any CPU
		{AC36906A-9765-4743-8EBA-A552F4F23F2A}.Release2|Any CPU.ActiveCfg = Release|Any CPU
		{AC36906A-9765-4743-8EBA-A552F4F23F2A}.Release2|Any CPU.Build.0 = Release|Any CPU
		{AC36906A-9765-4743-8EBA-A552F4F23F2A}.Release2|x64.ActiveCfg = Release|x64
		{AC36906A-9765-4743-8EBA-A552F4F23F2A}.Release2|x64.Build.0 = Release|x64
		{AC36906A-9765-4743-8EBA-A552F4F23F2A}.Release2|x86.ActiveCfg = Release|Any CPU
		{AC36906A-9765-4743-8EBA-A552F4F23F2A}.Release2|x86.Build.0 = Release|Any CPU
		{AC36906A-9765-4743-8EBA-A552F4F23F2A}.sciBASIC.NET-test-release|Any CPU.ActiveCfg = Release|Any CPU
		{AC36906A-9765-4743-8EBA-A552F4F23F2A}.sciBASIC.NET-test-release|Any CPU.Build.0 = Release|Any CPU
		{AC36906A-9765-4743-8EBA-A552F4F23F2A}.sciBASIC.NET-test-release|x64.ActiveCfg = Release|x64
		{AC36906A-9765-4743-8EBA-A552F4F23F2A}.sciBASIC.NET-test-release|x64.Build.0 = Release|x64
		{AC36906A-9765-4743-8EBA-A552F4F23F2A}.sciBASIC.NET-test-release|x86.ActiveCfg = Release|Any CPU
		{AC36906A-9765-4743-8EBA-A552F4F23F2A}.sciBASIC.NET-test-release|x86.Build.0 = Release|Any CPU
		{AC36906A-9765-4743-8EBA-A552F4F23F2A}.Surveillance-of-infectious-diseases|Any CPU.ActiveCfg = Release|Any CPU
		{AC36906A-9765-4743-8EBA-A552F4F23F2A}.Surveillance-of-infectious-diseases|Any CPU.Build.0 = Release|Any CPU
		{AC36906A-9765-4743-8EBA-A552F4F23F2A}.Surveillance-of-infectious-diseases|x64.ActiveCfg = Release|x64
		{AC36906A-9765-4743-8EBA-A552F4F23F2A}.Surveillance-of-infectious-diseases|x64.Build.0 = Release|x64
		{AC36906A-9765-4743-8EBA-A552F4F23F2A}.Surveillance-of-infectious-diseases|x86.ActiveCfg = Release|Any CPU
		{AC36906A-9765-4743-8EBA-A552F4F23F2A}.Surveillance-of-infectious-diseases|x86.Build.0 = Release|Any CPU
		{AC36906A-9765-4743-8EBA-A552F4F23F2A}.xDoc_tool_x64|Any CPU.ActiveCfg = Debug|Any CPU
		{AC36906A-9765-4743-8EBA-A552F4F23F2A}.xDoc_tool_x64|Any CPU.Build.0 = Debug|Any CPU
		{AC36906A-9765-4743-8EBA-A552F4F23F2A}.xDoc_tool_x64|x64.ActiveCfg = installer_x64|x64
		{AC36906A-9765-4743-8EBA-A552F4F23F2A}.xDoc_tool_x64|x64.Build.0 = installer_x64|x64
		{AC36906A-9765-4743-8EBA-A552F4F23F2A}.xDoc_tool_x64|x86.ActiveCfg = Debug|Any CPU
		{AC36906A-9765-4743-8EBA-A552F4F23F2A}.xDoc_tool_x64|x86.Build.0 = Debug|Any CPU
		{AC36906A-9765-4743-8EBA-A552F4F23F2A}.Yilia-Release_x64|Any CPU.ActiveCfg = Release|Any CPU
		{AC36906A-9765-4743-8EBA-A552F4F23F2A}.Yilia-Release_x64|Any CPU.Build.0 = Release|Any CPU
		{AC36906A-9765-4743-8EBA-A552F4F23F2A}.Yilia-Release_x64|x64.ActiveCfg = Release|x64
		{AC36906A-9765-4743-8EBA-A552F4F23F2A}.Yilia-Release_x64|x64.Build.0 = Release|x64
		{AC36906A-9765-4743-8EBA-A552F4F23F2A}.Yilia-Release_x64|x86.ActiveCfg = Release|Any CPU
		{AC36906A-9765-4743-8EBA-A552F4F23F2A}.Yilia-Release_x64|x86.Build.0 = Release|Any CPU
		{FECCE1FD-E1D4-49E3-A668-60BB5E7AED99}.Biodeep_UNIX_x64|Any CPU.ActiveCfg = Biodeep_UNIX_x64|Any CPU
		{FECCE1FD-E1D4-49E3-A668-60BB5E7AED99}.Biodeep_UNIX_x64|Any CPU.Build.0 = Biodeep_UNIX_x64|Any CPU
		{FECCE1FD-E1D4-49E3-A668-60BB5E7AED99}.Biodeep_UNIX_x64|x64.ActiveCfg = Biodeep_UNIX_x64|x64
		{FECCE1FD-E1D4-49E3-A668-60BB5E7AED99}.Biodeep_UNIX_x64|x64.Build.0 = Biodeep_UNIX_x64|x64
		{FECCE1FD-E1D4-49E3-A668-60BB5E7AED99}.Biodeep_UNIX_x64|x86.ActiveCfg = Biodeep_UNIX_x64|x86
		{FECCE1FD-E1D4-49E3-A668-60BB5E7AED99}.Biodeep_UNIX_x64|x86.Build.0 = Biodeep_UNIX_x64|x86
		{FECCE1FD-E1D4-49E3-A668-60BB5E7AED99}.Biodeep|Any CPU.ActiveCfg = Biodeep|Any CPU
		{FECCE1FD-E1D4-49E3-A668-60BB5E7AED99}.Biodeep|Any CPU.Build.0 = Biodeep|Any CPU
		{FECCE1FD-E1D4-49E3-A668-60BB5E7AED99}.Biodeep|x64.ActiveCfg = Biodeep|x64
		{FECCE1FD-E1D4-49E3-A668-60BB5E7AED99}.Biodeep|x64.Build.0 = Biodeep|x64
		{FECCE1FD-E1D4-49E3-A668-60BB5E7AED99}.Biodeep|x86.ActiveCfg = Biodeep|x86
		{FECCE1FD-E1D4-49E3-A668-60BB5E7AED99}.Biodeep|x86.Build.0 = Biodeep|x86
		{FECCE1FD-E1D4-49E3-A668-60BB5E7AED99}.Debug|Any CPU.ActiveCfg = Debug|Any CPU
		{FECCE1FD-E1D4-49E3-A668-60BB5E7AED99}.Debug|Any CPU.Build.0 = Debug|Any CPU
		{FECCE1FD-E1D4-49E3-A668-60BB5E7AED99}.Debug|x64.ActiveCfg = Debug|x64
		{FECCE1FD-E1D4-49E3-A668-60BB5E7AED99}.Debug|x64.Build.0 = Debug|x64
		{FECCE1FD-E1D4-49E3-A668-60BB5E7AED99}.Debug|x86.ActiveCfg = Debug|x86
		{FECCE1FD-E1D4-49E3-A668-60BB5E7AED99}.Debug|x86.Build.0 = Debug|x86
		{FECCE1FD-E1D4-49E3-A668-60BB5E7AED99}.DEMO|Any CPU.ActiveCfg = DEMO|Any CPU
		{FECCE1FD-E1D4-49E3-A668-60BB5E7AED99}.DEMO|Any CPU.Build.0 = DEMO|Any CPU
		{FECCE1FD-E1D4-49E3-A668-60BB5E7AED99}.DEMO|x64.ActiveCfg = DEMO|x64
		{FECCE1FD-E1D4-49E3-A668-60BB5E7AED99}.DEMO|x64.Build.0 = DEMO|x64
		{FECCE1FD-E1D4-49E3-A668-60BB5E7AED99}.DEMO|x86.ActiveCfg = DEMO|x86
		{FECCE1FD-E1D4-49E3-A668-60BB5E7AED99}.DEMO|x86.Build.0 = DEMO|x86
		{FECCE1FD-E1D4-49E3-A668-60BB5E7AED99}.docs|Any CPU.ActiveCfg = docs|Any CPU
		{FECCE1FD-E1D4-49E3-A668-60BB5E7AED99}.docs|Any CPU.Build.0 = docs|Any CPU
		{FECCE1FD-E1D4-49E3-A668-60BB5E7AED99}.docs|x64.ActiveCfg = docs|x64
		{FECCE1FD-E1D4-49E3-A668-60BB5E7AED99}.docs|x64.Build.0 = docs|x64
		{FECCE1FD-E1D4-49E3-A668-60BB5E7AED99}.docs|x86.ActiveCfg = docs|x86
		{FECCE1FD-E1D4-49E3-A668-60BB5E7AED99}.docs|x86.Build.0 = docs|x86
		{FECCE1FD-E1D4-49E3-A668-60BB5E7AED99}.GCModeller(Release_X64)|Any CPU.ActiveCfg = GCModeller(Release_X64)|Any CPU
		{FECCE1FD-E1D4-49E3-A668-60BB5E7AED99}.GCModeller(Release_X64)|Any CPU.Build.0 = GCModeller(Release_X64)|Any CPU
		{FECCE1FD-E1D4-49E3-A668-60BB5E7AED99}.GCModeller(Release_X64)|x64.ActiveCfg = GCModeller(Release_X64)|x64
		{FECCE1FD-E1D4-49E3-A668-60BB5E7AED99}.GCModeller(Release_X64)|x64.Build.0 = GCModeller(Release_X64)|x64
		{FECCE1FD-E1D4-49E3-A668-60BB5E7AED99}.GCModeller(Release_X64)|x86.ActiveCfg = GCModeller(Release_X64)|x86
		{FECCE1FD-E1D4-49E3-A668-60BB5E7AED99}.GCModeller(Release_X64)|x86.Build.0 = GCModeller(Release_X64)|x86
		{FECCE1FD-E1D4-49E3-A668-60BB5E7AED99}.GCModeller(UNIX-Release_X64)|Any CPU.ActiveCfg = GCModeller(UNIX-Release_X64)|Any CPU
		{FECCE1FD-E1D4-49E3-A668-60BB5E7AED99}.GCModeller(UNIX-Release_X64)|Any CPU.Build.0 = GCModeller(UNIX-Release_X64)|Any CPU
		{FECCE1FD-E1D4-49E3-A668-60BB5E7AED99}.GCModeller(UNIX-Release_X64)|x64.ActiveCfg = GCModeller(UNIX-Release_X64)|x64
		{FECCE1FD-E1D4-49E3-A668-60BB5E7AED99}.GCModeller(UNIX-Release_X64)|x64.Build.0 = GCModeller(UNIX-Release_X64)|x64
		{FECCE1FD-E1D4-49E3-A668-60BB5E7AED99}.GCModeller(UNIX-Release_X64)|x86.ActiveCfg = GCModeller(UNIX-Release_X64)|x86
		{FECCE1FD-E1D4-49E3-A668-60BB5E7AED99}.GCModeller(UNIX-Release_X64)|x86.Build.0 = GCModeller(UNIX-Release_X64)|x86
		{FECCE1FD-E1D4-49E3-A668-60BB5E7AED99}.installer_x64|Any CPU.ActiveCfg = installer_x64|Any CPU
		{FECCE1FD-E1D4-49E3-A668-60BB5E7AED99}.installer_x64|Any CPU.Build.0 = installer_x64|Any CPU
		{FECCE1FD-E1D4-49E3-A668-60BB5E7AED99}.installer_x64|x64.ActiveCfg = installer_x64|x64
		{FECCE1FD-E1D4-49E3-A668-60BB5E7AED99}.installer_x64|x64.Build.0 = installer_x64|x64
		{FECCE1FD-E1D4-49E3-A668-60BB5E7AED99}.installer_x64|x86.ActiveCfg = installer_x64|x86
		{FECCE1FD-E1D4-49E3-A668-60BB5E7AED99}.installer_x64|x86.Build.0 = installer_x64|x86
		{FECCE1FD-E1D4-49E3-A668-60BB5E7AED99}.mysqli_X64_release|Any CPU.ActiveCfg = mysqli_X64_release|Any CPU
		{FECCE1FD-E1D4-49E3-A668-60BB5E7AED99}.mysqli_X64_release|Any CPU.Build.0 = mysqli_X64_release|Any CPU
		{FECCE1FD-E1D4-49E3-A668-60BB5E7AED99}.mysqli_X64_release|x64.ActiveCfg = mysqli_X64_release|x64
		{FECCE1FD-E1D4-49E3-A668-60BB5E7AED99}.mysqli_X64_release|x64.Build.0 = mysqli_X64_release|x64
		{FECCE1FD-E1D4-49E3-A668-60BB5E7AED99}.mysqli_X64_release|x86.ActiveCfg = mysqli_X64_release|x86
		{FECCE1FD-E1D4-49E3-A668-60BB5E7AED99}.mysqli_X64_release|x86.Build.0 = mysqli_X64_release|x86
		{FECCE1FD-E1D4-49E3-A668-60BB5E7AED99}.ProteoWizard.d|Any CPU.ActiveCfg = ProteoWizard.d|Any CPU
		{FECCE1FD-E1D4-49E3-A668-60BB5E7AED99}.ProteoWizard.d|Any CPU.Build.0 = ProteoWizard.d|Any CPU
		{FECCE1FD-E1D4-49E3-A668-60BB5E7AED99}.ProteoWizard.d|x64.ActiveCfg = ProteoWizard.d|x64
		{FECCE1FD-E1D4-49E3-A668-60BB5E7AED99}.ProteoWizard.d|x64.Build.0 = ProteoWizard.d|x64
		{FECCE1FD-E1D4-49E3-A668-60BB5E7AED99}.ProteoWizard.d|x86.ActiveCfg = ProteoWizard.d|x86
		{FECCE1FD-E1D4-49E3-A668-60BB5E7AED99}.ProteoWizard.d|x86.Build.0 = ProteoWizard.d|x86
		{FECCE1FD-E1D4-49E3-A668-60BB5E7AED99}.Publish|Any CPU.ActiveCfg = Publish|Any CPU
		{FECCE1FD-E1D4-49E3-A668-60BB5E7AED99}.Publish|Any CPU.Build.0 = Publish|Any CPU
		{FECCE1FD-E1D4-49E3-A668-60BB5E7AED99}.Publish|x64.ActiveCfg = Publish|x64
		{FECCE1FD-E1D4-49E3-A668-60BB5E7AED99}.Publish|x64.Build.0 = Publish|x64
		{FECCE1FD-E1D4-49E3-A668-60BB5E7AED99}.Publish|x86.ActiveCfg = Publish|x86
		{FECCE1FD-E1D4-49E3-A668-60BB5E7AED99}.Publish|x86.Build.0 = Publish|x86
		{FECCE1FD-E1D4-49E3-A668-60BB5E7AED99}.Release|Any CPU.ActiveCfg = Release|Any CPU
		{FECCE1FD-E1D4-49E3-A668-60BB5E7AED99}.Release|Any CPU.Build.0 = Release|Any CPU
		{FECCE1FD-E1D4-49E3-A668-60BB5E7AED99}.Release|x64.ActiveCfg = Release|x64
		{FECCE1FD-E1D4-49E3-A668-60BB5E7AED99}.Release|x64.Build.0 = Release|x64
		{FECCE1FD-E1D4-49E3-A668-60BB5E7AED99}.Release|x86.ActiveCfg = Release|x86
		{FECCE1FD-E1D4-49E3-A668-60BB5E7AED99}.Release|x86.Build.0 = Release|x86
		{FECCE1FD-E1D4-49E3-A668-60BB5E7AED99}.Release2|Any CPU.ActiveCfg = Release|Any CPU
		{FECCE1FD-E1D4-49E3-A668-60BB5E7AED99}.Release2|Any CPU.Build.0 = Release|Any CPU
		{FECCE1FD-E1D4-49E3-A668-60BB5E7AED99}.Release2|x64.ActiveCfg = Release|x64
		{FECCE1FD-E1D4-49E3-A668-60BB5E7AED99}.Release2|x64.Build.0 = Release|x64
		{FECCE1FD-E1D4-49E3-A668-60BB5E7AED99}.Release2|x86.ActiveCfg = Release|x86
		{FECCE1FD-E1D4-49E3-A668-60BB5E7AED99}.Release2|x86.Build.0 = Release|x86
		{FECCE1FD-E1D4-49E3-A668-60BB5E7AED99}.sciBASIC.NET-test-release|Any CPU.ActiveCfg = sciBASIC.NET-test-release|Any CPU
		{FECCE1FD-E1D4-49E3-A668-60BB5E7AED99}.sciBASIC.NET-test-release|Any CPU.Build.0 = sciBASIC.NET-test-release|Any CPU
		{FECCE1FD-E1D4-49E3-A668-60BB5E7AED99}.sciBASIC.NET-test-release|x64.ActiveCfg = sciBASIC.NET-test-release|x64
		{FECCE1FD-E1D4-49E3-A668-60BB5E7AED99}.sciBASIC.NET-test-release|x64.Build.0 = sciBASIC.NET-test-release|x64
		{FECCE1FD-E1D4-49E3-A668-60BB5E7AED99}.sciBASIC.NET-test-release|x86.ActiveCfg = sciBASIC.NET-test-release|x86
		{FECCE1FD-E1D4-49E3-A668-60BB5E7AED99}.sciBASIC.NET-test-release|x86.Build.0 = sciBASIC.NET-test-release|x86
		{FECCE1FD-E1D4-49E3-A668-60BB5E7AED99}.Surveillance-of-infectious-diseases|Any CPU.ActiveCfg = Surveillance-of-infectious-diseases|Any CPU
		{FECCE1FD-E1D4-49E3-A668-60BB5E7AED99}.Surveillance-of-infectious-diseases|Any CPU.Build.0 = Surveillance-of-infectious-diseases|Any CPU
		{FECCE1FD-E1D4-49E3-A668-60BB5E7AED99}.Surveillance-of-infectious-diseases|x64.ActiveCfg = Surveillance-of-infectious-diseases|x64
		{FECCE1FD-E1D4-49E3-A668-60BB5E7AED99}.Surveillance-of-infectious-diseases|x64.Build.0 = Surveillance-of-infectious-diseases|x64
		{FECCE1FD-E1D4-49E3-A668-60BB5E7AED99}.Surveillance-of-infectious-diseases|x86.ActiveCfg = Surveillance-of-infectious-diseases|x86
		{FECCE1FD-E1D4-49E3-A668-60BB5E7AED99}.Surveillance-of-infectious-diseases|x86.Build.0 = Surveillance-of-infectious-diseases|x86
		{FECCE1FD-E1D4-49E3-A668-60BB5E7AED99}.xDoc_tool_x64|Any CPU.ActiveCfg = Yilia-Release_x64|Any CPU
		{FECCE1FD-E1D4-49E3-A668-60BB5E7AED99}.xDoc_tool_x64|Any CPU.Build.0 = Yilia-Release_x64|Any CPU
		{FECCE1FD-E1D4-49E3-A668-60BB5E7AED99}.xDoc_tool_x64|x64.ActiveCfg = Yilia-Release_x64|x64
		{FECCE1FD-E1D4-49E3-A668-60BB5E7AED99}.xDoc_tool_x64|x64.Build.0 = Yilia-Release_x64|x64
		{FECCE1FD-E1D4-49E3-A668-60BB5E7AED99}.xDoc_tool_x64|x86.ActiveCfg = Yilia-Release_x64|x86
		{FECCE1FD-E1D4-49E3-A668-60BB5E7AED99}.xDoc_tool_x64|x86.Build.0 = Yilia-Release_x64|x86
		{FECCE1FD-E1D4-49E3-A668-60BB5E7AED99}.Yilia-Release_x64|Any CPU.ActiveCfg = Yilia-Release_x64|Any CPU
		{FECCE1FD-E1D4-49E3-A668-60BB5E7AED99}.Yilia-Release_x64|Any CPU.Build.0 = Yilia-Release_x64|Any CPU
		{FECCE1FD-E1D4-49E3-A668-60BB5E7AED99}.Yilia-Release_x64|x64.ActiveCfg = Yilia-Release_x64|x64
		{FECCE1FD-E1D4-49E3-A668-60BB5E7AED99}.Yilia-Release_x64|x64.Build.0 = Yilia-Release_x64|x64
		{FECCE1FD-E1D4-49E3-A668-60BB5E7AED99}.Yilia-Release_x64|x86.ActiveCfg = Yilia-Release_x64|x86
		{FECCE1FD-E1D4-49E3-A668-60BB5E7AED99}.Yilia-Release_x64|x86.Build.0 = Yilia-Release_x64|x86
		{7BE561F7-12CA-42D8-BAB0-B8F889D4A3FB}.Biodeep_UNIX_x64|Any CPU.ActiveCfg = Release|Any CPU
		{7BE561F7-12CA-42D8-BAB0-B8F889D4A3FB}.Biodeep_UNIX_x64|Any CPU.Build.0 = Release|Any CPU
		{7BE561F7-12CA-42D8-BAB0-B8F889D4A3FB}.Biodeep_UNIX_x64|x64.ActiveCfg = Release|Any CPU
		{7BE561F7-12CA-42D8-BAB0-B8F889D4A3FB}.Biodeep_UNIX_x64|x64.Build.0 = Release|Any CPU
		{7BE561F7-12CA-42D8-BAB0-B8F889D4A3FB}.Biodeep_UNIX_x64|x86.ActiveCfg = Release|Any CPU
		{7BE561F7-12CA-42D8-BAB0-B8F889D4A3FB}.Biodeep_UNIX_x64|x86.Build.0 = Release|Any CPU
		{7BE561F7-12CA-42D8-BAB0-B8F889D4A3FB}.Biodeep|Any CPU.ActiveCfg = Release|Any CPU
		{7BE561F7-12CA-42D8-BAB0-B8F889D4A3FB}.Biodeep|Any CPU.Build.0 = Release|Any CPU
		{7BE561F7-12CA-42D8-BAB0-B8F889D4A3FB}.Biodeep|x64.ActiveCfg = Release|Any CPU
		{7BE561F7-12CA-42D8-BAB0-B8F889D4A3FB}.Biodeep|x64.Build.0 = Release|Any CPU
		{7BE561F7-12CA-42D8-BAB0-B8F889D4A3FB}.Biodeep|x86.ActiveCfg = Release|Any CPU
		{7BE561F7-12CA-42D8-BAB0-B8F889D4A3FB}.Biodeep|x86.Build.0 = Release|Any CPU
		{7BE561F7-12CA-42D8-BAB0-B8F889D4A3FB}.Debug|Any CPU.ActiveCfg = Debug|Any CPU
		{7BE561F7-12CA-42D8-BAB0-B8F889D4A3FB}.Debug|Any CPU.Build.0 = Debug|Any CPU
		{7BE561F7-12CA-42D8-BAB0-B8F889D4A3FB}.Debug|x64.ActiveCfg = Debug|x64
		{7BE561F7-12CA-42D8-BAB0-B8F889D4A3FB}.Debug|x64.Build.0 = Debug|x64
		{7BE561F7-12CA-42D8-BAB0-B8F889D4A3FB}.Debug|x86.ActiveCfg = Debug|Any CPU
		{7BE561F7-12CA-42D8-BAB0-B8F889D4A3FB}.Debug|x86.Build.0 = Debug|Any CPU
		{7BE561F7-12CA-42D8-BAB0-B8F889D4A3FB}.DEMO|Any CPU.ActiveCfg = Debug|Any CPU
		{7BE561F7-12CA-42D8-BAB0-B8F889D4A3FB}.DEMO|Any CPU.Build.0 = Debug|Any CPU
		{7BE561F7-12CA-42D8-BAB0-B8F889D4A3FB}.DEMO|x64.ActiveCfg = Debug|Any CPU
		{7BE561F7-12CA-42D8-BAB0-B8F889D4A3FB}.DEMO|x64.Build.0 = Debug|Any CPU
		{7BE561F7-12CA-42D8-BAB0-B8F889D4A3FB}.DEMO|x86.ActiveCfg = Debug|Any CPU
		{7BE561F7-12CA-42D8-BAB0-B8F889D4A3FB}.DEMO|x86.Build.0 = Debug|Any CPU
		{7BE561F7-12CA-42D8-BAB0-B8F889D4A3FB}.docs|Any CPU.ActiveCfg = Debug|Any CPU
		{7BE561F7-12CA-42D8-BAB0-B8F889D4A3FB}.docs|Any CPU.Build.0 = Debug|Any CPU
		{7BE561F7-12CA-42D8-BAB0-B8F889D4A3FB}.docs|x64.ActiveCfg = Debug|Any CPU
		{7BE561F7-12CA-42D8-BAB0-B8F889D4A3FB}.docs|x64.Build.0 = Debug|Any CPU
		{7BE561F7-12CA-42D8-BAB0-B8F889D4A3FB}.docs|x86.ActiveCfg = Debug|Any CPU
		{7BE561F7-12CA-42D8-BAB0-B8F889D4A3FB}.docs|x86.Build.0 = Debug|Any CPU
		{7BE561F7-12CA-42D8-BAB0-B8F889D4A3FB}.GCModeller(Release_X64)|Any CPU.ActiveCfg = Release|Any CPU
		{7BE561F7-12CA-42D8-BAB0-B8F889D4A3FB}.GCModeller(Release_X64)|Any CPU.Build.0 = Release|Any CPU
		{7BE561F7-12CA-42D8-BAB0-B8F889D4A3FB}.GCModeller(Release_X64)|x64.ActiveCfg = Release|Any CPU
		{7BE561F7-12CA-42D8-BAB0-B8F889D4A3FB}.GCModeller(Release_X64)|x64.Build.0 = Release|Any CPU
		{7BE561F7-12CA-42D8-BAB0-B8F889D4A3FB}.GCModeller(Release_X64)|x86.ActiveCfg = Release|Any CPU
		{7BE561F7-12CA-42D8-BAB0-B8F889D4A3FB}.GCModeller(Release_X64)|x86.Build.0 = Release|Any CPU
		{7BE561F7-12CA-42D8-BAB0-B8F889D4A3FB}.GCModeller(UNIX-Release_X64)|Any CPU.ActiveCfg = Release|Any CPU
		{7BE561F7-12CA-42D8-BAB0-B8F889D4A3FB}.GCModeller(UNIX-Release_X64)|Any CPU.Build.0 = Release|Any CPU
		{7BE561F7-12CA-42D8-BAB0-B8F889D4A3FB}.GCModeller(UNIX-Release_X64)|x64.ActiveCfg = Release|Any CPU
		{7BE561F7-12CA-42D8-BAB0-B8F889D4A3FB}.GCModeller(UNIX-Release_X64)|x64.Build.0 = Release|Any CPU
		{7BE561F7-12CA-42D8-BAB0-B8F889D4A3FB}.GCModeller(UNIX-Release_X64)|x86.ActiveCfg = Release|Any CPU
		{7BE561F7-12CA-42D8-BAB0-B8F889D4A3FB}.GCModeller(UNIX-Release_X64)|x86.Build.0 = Release|Any CPU
		{7BE561F7-12CA-42D8-BAB0-B8F889D4A3FB}.installer_x64|Any CPU.ActiveCfg = Release|Any CPU
		{7BE561F7-12CA-42D8-BAB0-B8F889D4A3FB}.installer_x64|Any CPU.Build.0 = Release|Any CPU
		{7BE561F7-12CA-42D8-BAB0-B8F889D4A3FB}.installer_x64|x64.ActiveCfg = Release|Any CPU
		{7BE561F7-12CA-42D8-BAB0-B8F889D4A3FB}.installer_x64|x64.Build.0 = Release|Any CPU
		{7BE561F7-12CA-42D8-BAB0-B8F889D4A3FB}.installer_x64|x86.ActiveCfg = Release|Any CPU
		{7BE561F7-12CA-42D8-BAB0-B8F889D4A3FB}.installer_x64|x86.Build.0 = Release|Any CPU
		{7BE561F7-12CA-42D8-BAB0-B8F889D4A3FB}.mysqli_X64_release|Any CPU.ActiveCfg = Release|Any CPU
		{7BE561F7-12CA-42D8-BAB0-B8F889D4A3FB}.mysqli_X64_release|Any CPU.Build.0 = Release|Any CPU
		{7BE561F7-12CA-42D8-BAB0-B8F889D4A3FB}.mysqli_X64_release|x64.ActiveCfg = Release|Any CPU
		{7BE561F7-12CA-42D8-BAB0-B8F889D4A3FB}.mysqli_X64_release|x64.Build.0 = Release|Any CPU
		{7BE561F7-12CA-42D8-BAB0-B8F889D4A3FB}.mysqli_X64_release|x86.ActiveCfg = Release|Any CPU
		{7BE561F7-12CA-42D8-BAB0-B8F889D4A3FB}.mysqli_X64_release|x86.Build.0 = Release|Any CPU
		{7BE561F7-12CA-42D8-BAB0-B8F889D4A3FB}.ProteoWizard.d|Any CPU.ActiveCfg = Debug|Any CPU
		{7BE561F7-12CA-42D8-BAB0-B8F889D4A3FB}.ProteoWizard.d|Any CPU.Build.0 = Debug|Any CPU
		{7BE561F7-12CA-42D8-BAB0-B8F889D4A3FB}.ProteoWizard.d|x64.ActiveCfg = Release|x64
		{7BE561F7-12CA-42D8-BAB0-B8F889D4A3FB}.ProteoWizard.d|x64.Build.0 = Release|x64
		{7BE561F7-12CA-42D8-BAB0-B8F889D4A3FB}.ProteoWizard.d|x86.ActiveCfg = Debug|Any CPU
		{7BE561F7-12CA-42D8-BAB0-B8F889D4A3FB}.ProteoWizard.d|x86.Build.0 = Debug|Any CPU
		{7BE561F7-12CA-42D8-BAB0-B8F889D4A3FB}.Publish|Any CPU.ActiveCfg = Release|Any CPU
		{7BE561F7-12CA-42D8-BAB0-B8F889D4A3FB}.Publish|Any CPU.Build.0 = Release|Any CPU
		{7BE561F7-12CA-42D8-BAB0-B8F889D4A3FB}.Publish|x64.ActiveCfg = Release|x64
		{7BE561F7-12CA-42D8-BAB0-B8F889D4A3FB}.Publish|x64.Build.0 = Release|x64
		{7BE561F7-12CA-42D8-BAB0-B8F889D4A3FB}.Publish|x86.ActiveCfg = Release|Any CPU
		{7BE561F7-12CA-42D8-BAB0-B8F889D4A3FB}.Publish|x86.Build.0 = Release|Any CPU
		{7BE561F7-12CA-42D8-BAB0-B8F889D4A3FB}.Release|Any CPU.ActiveCfg = Release|Any CPU
		{7BE561F7-12CA-42D8-BAB0-B8F889D4A3FB}.Release|Any CPU.Build.0 = Release|Any CPU
		{7BE561F7-12CA-42D8-BAB0-B8F889D4A3FB}.Release|x64.ActiveCfg = Release|x64
		{7BE561F7-12CA-42D8-BAB0-B8F889D4A3FB}.Release|x64.Build.0 = Release|x64
		{7BE561F7-12CA-42D8-BAB0-B8F889D4A3FB}.Release|x86.ActiveCfg = Release|Any CPU
		{7BE561F7-12CA-42D8-BAB0-B8F889D4A3FB}.Release|x86.Build.0 = Release|Any CPU
		{7BE561F7-12CA-42D8-BAB0-B8F889D4A3FB}.Release2|Any CPU.ActiveCfg = Release|Any CPU
		{7BE561F7-12CA-42D8-BAB0-B8F889D4A3FB}.Release2|Any CPU.Build.0 = Release|Any CPU
		{7BE561F7-12CA-42D8-BAB0-B8F889D4A3FB}.Release2|x64.ActiveCfg = Release|Any CPU
		{7BE561F7-12CA-42D8-BAB0-B8F889D4A3FB}.Release2|x64.Build.0 = Release|Any CPU
		{7BE561F7-12CA-42D8-BAB0-B8F889D4A3FB}.Release2|x86.ActiveCfg = Release|Any CPU
		{7BE561F7-12CA-42D8-BAB0-B8F889D4A3FB}.Release2|x86.Build.0 = Release|Any CPU
		{7BE561F7-12CA-42D8-BAB0-B8F889D4A3FB}.sciBASIC.NET-test-release|Any CPU.ActiveCfg = Release|Any CPU
		{7BE561F7-12CA-42D8-BAB0-B8F889D4A3FB}.sciBASIC.NET-test-release|Any CPU.Build.0 = Release|Any CPU
		{7BE561F7-12CA-42D8-BAB0-B8F889D4A3FB}.sciBASIC.NET-test-release|x64.ActiveCfg = Release|Any CPU
		{7BE561F7-12CA-42D8-BAB0-B8F889D4A3FB}.sciBASIC.NET-test-release|x64.Build.0 = Release|Any CPU
		{7BE561F7-12CA-42D8-BAB0-B8F889D4A3FB}.sciBASIC.NET-test-release|x86.ActiveCfg = Release|Any CPU
		{7BE561F7-12CA-42D8-BAB0-B8F889D4A3FB}.sciBASIC.NET-test-release|x86.Build.0 = Release|Any CPU
		{7BE561F7-12CA-42D8-BAB0-B8F889D4A3FB}.Surveillance-of-infectious-diseases|Any CPU.ActiveCfg = Release|Any CPU
		{7BE561F7-12CA-42D8-BAB0-B8F889D4A3FB}.Surveillance-of-infectious-diseases|Any CPU.Build.0 = Release|Any CPU
		{7BE561F7-12CA-42D8-BAB0-B8F889D4A3FB}.Surveillance-of-infectious-diseases|x64.ActiveCfg = Release|Any CPU
		{7BE561F7-12CA-42D8-BAB0-B8F889D4A3FB}.Surveillance-of-infectious-diseases|x64.Build.0 = Release|Any CPU
		{7BE561F7-12CA-42D8-BAB0-B8F889D4A3FB}.Surveillance-of-infectious-diseases|x86.ActiveCfg = Release|Any CPU
		{7BE561F7-12CA-42D8-BAB0-B8F889D4A3FB}.Surveillance-of-infectious-diseases|x86.Build.0 = Release|Any CPU
		{7BE561F7-12CA-42D8-BAB0-B8F889D4A3FB}.xDoc_tool_x64|Any CPU.ActiveCfg = Release|Any CPU
		{7BE561F7-12CA-42D8-BAB0-B8F889D4A3FB}.xDoc_tool_x64|Any CPU.Build.0 = Release|Any CPU
		{7BE561F7-12CA-42D8-BAB0-B8F889D4A3FB}.xDoc_tool_x64|x64.ActiveCfg = Release|Any CPU
		{7BE561F7-12CA-42D8-BAB0-B8F889D4A3FB}.xDoc_tool_x64|x64.Build.0 = Release|Any CPU
		{7BE561F7-12CA-42D8-BAB0-B8F889D4A3FB}.xDoc_tool_x64|x86.ActiveCfg = Release|Any CPU
		{7BE561F7-12CA-42D8-BAB0-B8F889D4A3FB}.xDoc_tool_x64|x86.Build.0 = Release|Any CPU
		{7BE561F7-12CA-42D8-BAB0-B8F889D4A3FB}.Yilia-Release_x64|Any CPU.ActiveCfg = Release|Any CPU
		{7BE561F7-12CA-42D8-BAB0-B8F889D4A3FB}.Yilia-Release_x64|Any CPU.Build.0 = Release|Any CPU
		{7BE561F7-12CA-42D8-BAB0-B8F889D4A3FB}.Yilia-Release_x64|x64.ActiveCfg = Release|Any CPU
		{7BE561F7-12CA-42D8-BAB0-B8F889D4A3FB}.Yilia-Release_x64|x64.Build.0 = Release|Any CPU
		{7BE561F7-12CA-42D8-BAB0-B8F889D4A3FB}.Yilia-Release_x64|x86.ActiveCfg = Release|Any CPU
		{7BE561F7-12CA-42D8-BAB0-B8F889D4A3FB}.Yilia-Release_x64|x86.Build.0 = Release|Any CPU
		{36AB06C9-CC20-4CB0-A492-BD9EAE59FD14}.Biodeep_UNIX_x64|Any CPU.ActiveCfg = Release|Any CPU
		{36AB06C9-CC20-4CB0-A492-BD9EAE59FD14}.Biodeep_UNIX_x64|Any CPU.Build.0 = Release|Any CPU
		{36AB06C9-CC20-4CB0-A492-BD9EAE59FD14}.Biodeep_UNIX_x64|x64.ActiveCfg = Release|Any CPU
		{36AB06C9-CC20-4CB0-A492-BD9EAE59FD14}.Biodeep_UNIX_x64|x64.Build.0 = Release|Any CPU
		{36AB06C9-CC20-4CB0-A492-BD9EAE59FD14}.Biodeep_UNIX_x64|x86.ActiveCfg = Release|Any CPU
		{36AB06C9-CC20-4CB0-A492-BD9EAE59FD14}.Biodeep_UNIX_x64|x86.Build.0 = Release|Any CPU
		{36AB06C9-CC20-4CB0-A492-BD9EAE59FD14}.Biodeep|Any CPU.ActiveCfg = Release|Any CPU
		{36AB06C9-CC20-4CB0-A492-BD9EAE59FD14}.Biodeep|Any CPU.Build.0 = Release|Any CPU
		{36AB06C9-CC20-4CB0-A492-BD9EAE59FD14}.Biodeep|x64.ActiveCfg = Release|Any CPU
		{36AB06C9-CC20-4CB0-A492-BD9EAE59FD14}.Biodeep|x64.Build.0 = Release|Any CPU
		{36AB06C9-CC20-4CB0-A492-BD9EAE59FD14}.Biodeep|x86.ActiveCfg = Release|Any CPU
		{36AB06C9-CC20-4CB0-A492-BD9EAE59FD14}.Biodeep|x86.Build.0 = Release|Any CPU
		{36AB06C9-CC20-4CB0-A492-BD9EAE59FD14}.Debug|Any CPU.ActiveCfg = Debug|Any CPU
		{36AB06C9-CC20-4CB0-A492-BD9EAE59FD14}.Debug|Any CPU.Build.0 = Debug|Any CPU
		{36AB06C9-CC20-4CB0-A492-BD9EAE59FD14}.Debug|x64.ActiveCfg = Debug|x64
		{36AB06C9-CC20-4CB0-A492-BD9EAE59FD14}.Debug|x64.Build.0 = Debug|x64
		{36AB06C9-CC20-4CB0-A492-BD9EAE59FD14}.Debug|x86.ActiveCfg = Debug|Any CPU
		{36AB06C9-CC20-4CB0-A492-BD9EAE59FD14}.Debug|x86.Build.0 = Debug|Any CPU
		{36AB06C9-CC20-4CB0-A492-BD9EAE59FD14}.DEMO|Any CPU.ActiveCfg = Debug|Any CPU
		{36AB06C9-CC20-4CB0-A492-BD9EAE59FD14}.DEMO|Any CPU.Build.0 = Debug|Any CPU
		{36AB06C9-CC20-4CB0-A492-BD9EAE59FD14}.DEMO|x64.ActiveCfg = Debug|Any CPU
		{36AB06C9-CC20-4CB0-A492-BD9EAE59FD14}.DEMO|x64.Build.0 = Debug|Any CPU
		{36AB06C9-CC20-4CB0-A492-BD9EAE59FD14}.DEMO|x86.ActiveCfg = Debug|Any CPU
		{36AB06C9-CC20-4CB0-A492-BD9EAE59FD14}.DEMO|x86.Build.0 = Debug|Any CPU
		{36AB06C9-CC20-4CB0-A492-BD9EAE59FD14}.docs|Any CPU.ActiveCfg = Debug|Any CPU
		{36AB06C9-CC20-4CB0-A492-BD9EAE59FD14}.docs|Any CPU.Build.0 = Debug|Any CPU
		{36AB06C9-CC20-4CB0-A492-BD9EAE59FD14}.docs|x64.ActiveCfg = Debug|Any CPU
		{36AB06C9-CC20-4CB0-A492-BD9EAE59FD14}.docs|x64.Build.0 = Debug|Any CPU
		{36AB06C9-CC20-4CB0-A492-BD9EAE59FD14}.docs|x86.ActiveCfg = Debug|Any CPU
		{36AB06C9-CC20-4CB0-A492-BD9EAE59FD14}.docs|x86.Build.0 = Debug|Any CPU
		{36AB06C9-CC20-4CB0-A492-BD9EAE59FD14}.GCModeller(Release_X64)|Any CPU.ActiveCfg = Release|Any CPU
		{36AB06C9-CC20-4CB0-A492-BD9EAE59FD14}.GCModeller(Release_X64)|Any CPU.Build.0 = Release|Any CPU
		{36AB06C9-CC20-4CB0-A492-BD9EAE59FD14}.GCModeller(Release_X64)|x64.ActiveCfg = Release|Any CPU
		{36AB06C9-CC20-4CB0-A492-BD9EAE59FD14}.GCModeller(Release_X64)|x64.Build.0 = Release|Any CPU
		{36AB06C9-CC20-4CB0-A492-BD9EAE59FD14}.GCModeller(Release_X64)|x86.ActiveCfg = Release|Any CPU
		{36AB06C9-CC20-4CB0-A492-BD9EAE59FD14}.GCModeller(Release_X64)|x86.Build.0 = Release|Any CPU
		{36AB06C9-CC20-4CB0-A492-BD9EAE59FD14}.GCModeller(UNIX-Release_X64)|Any CPU.ActiveCfg = Release|Any CPU
		{36AB06C9-CC20-4CB0-A492-BD9EAE59FD14}.GCModeller(UNIX-Release_X64)|Any CPU.Build.0 = Release|Any CPU
		{36AB06C9-CC20-4CB0-A492-BD9EAE59FD14}.GCModeller(UNIX-Release_X64)|x64.ActiveCfg = Release|Any CPU
		{36AB06C9-CC20-4CB0-A492-BD9EAE59FD14}.GCModeller(UNIX-Release_X64)|x64.Build.0 = Release|Any CPU
		{36AB06C9-CC20-4CB0-A492-BD9EAE59FD14}.GCModeller(UNIX-Release_X64)|x86.ActiveCfg = Release|Any CPU
		{36AB06C9-CC20-4CB0-A492-BD9EAE59FD14}.GCModeller(UNIX-Release_X64)|x86.Build.0 = Release|Any CPU
		{36AB06C9-CC20-4CB0-A492-BD9EAE59FD14}.installer_x64|Any CPU.ActiveCfg = Release|Any CPU
		{36AB06C9-CC20-4CB0-A492-BD9EAE59FD14}.installer_x64|Any CPU.Build.0 = Release|Any CPU
		{36AB06C9-CC20-4CB0-A492-BD9EAE59FD14}.installer_x64|x64.ActiveCfg = Release|Any CPU
		{36AB06C9-CC20-4CB0-A492-BD9EAE59FD14}.installer_x64|x64.Build.0 = Release|Any CPU
		{36AB06C9-CC20-4CB0-A492-BD9EAE59FD14}.installer_x64|x86.ActiveCfg = Release|Any CPU
		{36AB06C9-CC20-4CB0-A492-BD9EAE59FD14}.installer_x64|x86.Build.0 = Release|Any CPU
		{36AB06C9-CC20-4CB0-A492-BD9EAE59FD14}.mysqli_X64_release|Any CPU.ActiveCfg = Release|Any CPU
		{36AB06C9-CC20-4CB0-A492-BD9EAE59FD14}.mysqli_X64_release|Any CPU.Build.0 = Release|Any CPU
		{36AB06C9-CC20-4CB0-A492-BD9EAE59FD14}.mysqli_X64_release|x64.ActiveCfg = Release|Any CPU
		{36AB06C9-CC20-4CB0-A492-BD9EAE59FD14}.mysqli_X64_release|x64.Build.0 = Release|Any CPU
		{36AB06C9-CC20-4CB0-A492-BD9EAE59FD14}.mysqli_X64_release|x86.ActiveCfg = Release|Any CPU
		{36AB06C9-CC20-4CB0-A492-BD9EAE59FD14}.mysqli_X64_release|x86.Build.0 = Release|Any CPU
		{36AB06C9-CC20-4CB0-A492-BD9EAE59FD14}.ProteoWizard.d|Any CPU.ActiveCfg = Debug|Any CPU
		{36AB06C9-CC20-4CB0-A492-BD9EAE59FD14}.ProteoWizard.d|Any CPU.Build.0 = Debug|Any CPU
		{36AB06C9-CC20-4CB0-A492-BD9EAE59FD14}.ProteoWizard.d|x64.ActiveCfg = Release|x64
		{36AB06C9-CC20-4CB0-A492-BD9EAE59FD14}.ProteoWizard.d|x64.Build.0 = Release|x64
		{36AB06C9-CC20-4CB0-A492-BD9EAE59FD14}.ProteoWizard.d|x86.ActiveCfg = Debug|Any CPU
		{36AB06C9-CC20-4CB0-A492-BD9EAE59FD14}.ProteoWizard.d|x86.Build.0 = Debug|Any CPU
		{36AB06C9-CC20-4CB0-A492-BD9EAE59FD14}.Publish|Any CPU.ActiveCfg = Release|Any CPU
		{36AB06C9-CC20-4CB0-A492-BD9EAE59FD14}.Publish|Any CPU.Build.0 = Release|Any CPU
		{36AB06C9-CC20-4CB0-A492-BD9EAE59FD14}.Publish|x64.ActiveCfg = Release|x64
		{36AB06C9-CC20-4CB0-A492-BD9EAE59FD14}.Publish|x64.Build.0 = Release|x64
		{36AB06C9-CC20-4CB0-A492-BD9EAE59FD14}.Publish|x86.ActiveCfg = Release|Any CPU
		{36AB06C9-CC20-4CB0-A492-BD9EAE59FD14}.Publish|x86.Build.0 = Release|Any CPU
		{36AB06C9-CC20-4CB0-A492-BD9EAE59FD14}.Release|Any CPU.ActiveCfg = Release|Any CPU
		{36AB06C9-CC20-4CB0-A492-BD9EAE59FD14}.Release|Any CPU.Build.0 = Release|Any CPU
		{36AB06C9-CC20-4CB0-A492-BD9EAE59FD14}.Release|x64.ActiveCfg = Release|x64
		{36AB06C9-CC20-4CB0-A492-BD9EAE59FD14}.Release|x64.Build.0 = Release|x64
		{36AB06C9-CC20-4CB0-A492-BD9EAE59FD14}.Release|x86.ActiveCfg = Release|Any CPU
		{36AB06C9-CC20-4CB0-A492-BD9EAE59FD14}.Release|x86.Build.0 = Release|Any CPU
		{36AB06C9-CC20-4CB0-A492-BD9EAE59FD14}.Release2|Any CPU.ActiveCfg = Release|Any CPU
		{36AB06C9-CC20-4CB0-A492-BD9EAE59FD14}.Release2|Any CPU.Build.0 = Release|Any CPU
		{36AB06C9-CC20-4CB0-A492-BD9EAE59FD14}.Release2|x64.ActiveCfg = Release|Any CPU
		{36AB06C9-CC20-4CB0-A492-BD9EAE59FD14}.Release2|x64.Build.0 = Release|Any CPU
		{36AB06C9-CC20-4CB0-A492-BD9EAE59FD14}.Release2|x86.ActiveCfg = Release|Any CPU
		{36AB06C9-CC20-4CB0-A492-BD9EAE59FD14}.Release2|x86.Build.0 = Release|Any CPU
		{36AB06C9-CC20-4CB0-A492-BD9EAE59FD14}.sciBASIC.NET-test-release|Any CPU.ActiveCfg = Release|Any CPU
		{36AB06C9-CC20-4CB0-A492-BD9EAE59FD14}.sciBASIC.NET-test-release|Any CPU.Build.0 = Release|Any CPU
		{36AB06C9-CC20-4CB0-A492-BD9EAE59FD14}.sciBASIC.NET-test-release|x64.ActiveCfg = Release|Any CPU
		{36AB06C9-CC20-4CB0-A492-BD9EAE59FD14}.sciBASIC.NET-test-release|x64.Build.0 = Release|Any CPU
		{36AB06C9-CC20-4CB0-A492-BD9EAE59FD14}.sciBASIC.NET-test-release|x86.ActiveCfg = Release|Any CPU
		{36AB06C9-CC20-4CB0-A492-BD9EAE59FD14}.sciBASIC.NET-test-release|x86.Build.0 = Release|Any CPU
		{36AB06C9-CC20-4CB0-A492-BD9EAE59FD14}.Surveillance-of-infectious-diseases|Any CPU.ActiveCfg = Release|Any CPU
		{36AB06C9-CC20-4CB0-A492-BD9EAE59FD14}.Surveillance-of-infectious-diseases|Any CPU.Build.0 = Release|Any CPU
		{36AB06C9-CC20-4CB0-A492-BD9EAE59FD14}.Surveillance-of-infectious-diseases|x64.ActiveCfg = Release|Any CPU
		{36AB06C9-CC20-4CB0-A492-BD9EAE59FD14}.Surveillance-of-infectious-diseases|x64.Build.0 = Release|Any CPU
		{36AB06C9-CC20-4CB0-A492-BD9EAE59FD14}.Surveillance-of-infectious-diseases|x86.ActiveCfg = Release|Any CPU
		{36AB06C9-CC20-4CB0-A492-BD9EAE59FD14}.Surveillance-of-infectious-diseases|x86.Build.0 = Release|Any CPU
		{36AB06C9-CC20-4CB0-A492-BD9EAE59FD14}.xDoc_tool_x64|Any CPU.ActiveCfg = Release|Any CPU
		{36AB06C9-CC20-4CB0-A492-BD9EAE59FD14}.xDoc_tool_x64|Any CPU.Build.0 = Release|Any CPU
		{36AB06C9-CC20-4CB0-A492-BD9EAE59FD14}.xDoc_tool_x64|x64.ActiveCfg = Release|Any CPU
		{36AB06C9-CC20-4CB0-A492-BD9EAE59FD14}.xDoc_tool_x64|x64.Build.0 = Release|Any CPU
		{36AB06C9-CC20-4CB0-A492-BD9EAE59FD14}.xDoc_tool_x64|x86.ActiveCfg = Release|Any CPU
		{36AB06C9-CC20-4CB0-A492-BD9EAE59FD14}.xDoc_tool_x64|x86.Build.0 = Release|Any CPU
		{36AB06C9-CC20-4CB0-A492-BD9EAE59FD14}.Yilia-Release_x64|Any CPU.ActiveCfg = Release|Any CPU
		{36AB06C9-CC20-4CB0-A492-BD9EAE59FD14}.Yilia-Release_x64|Any CPU.Build.0 = Release|Any CPU
		{36AB06C9-CC20-4CB0-A492-BD9EAE59FD14}.Yilia-Release_x64|x64.ActiveCfg = Release|Any CPU
		{36AB06C9-CC20-4CB0-A492-BD9EAE59FD14}.Yilia-Release_x64|x64.Build.0 = Release|Any CPU
		{36AB06C9-CC20-4CB0-A492-BD9EAE59FD14}.Yilia-Release_x64|x86.ActiveCfg = Release|Any CPU
		{36AB06C9-CC20-4CB0-A492-BD9EAE59FD14}.Yilia-Release_x64|x86.Build.0 = Release|Any CPU
		{2DD4BE80-DDC3-4767-94A7-10F1C3395716}.Biodeep_UNIX_x64|Any CPU.ActiveCfg = Biodeep_UNIX_x64|Any CPU
		{2DD4BE80-DDC3-4767-94A7-10F1C3395716}.Biodeep_UNIX_x64|Any CPU.Build.0 = Biodeep_UNIX_x64|Any CPU
		{2DD4BE80-DDC3-4767-94A7-10F1C3395716}.Biodeep_UNIX_x64|x64.ActiveCfg = Biodeep_UNIX_x64|x64
		{2DD4BE80-DDC3-4767-94A7-10F1C3395716}.Biodeep_UNIX_x64|x64.Build.0 = Biodeep_UNIX_x64|x64
		{2DD4BE80-DDC3-4767-94A7-10F1C3395716}.Biodeep_UNIX_x64|x86.ActiveCfg = Biodeep_UNIX_x64|x86
		{2DD4BE80-DDC3-4767-94A7-10F1C3395716}.Biodeep_UNIX_x64|x86.Build.0 = Biodeep_UNIX_x64|x86
		{2DD4BE80-DDC3-4767-94A7-10F1C3395716}.Biodeep|Any CPU.ActiveCfg = Biodeep|Any CPU
		{2DD4BE80-DDC3-4767-94A7-10F1C3395716}.Biodeep|Any CPU.Build.0 = Biodeep|Any CPU
		{2DD4BE80-DDC3-4767-94A7-10F1C3395716}.Biodeep|x64.ActiveCfg = Biodeep|x64
		{2DD4BE80-DDC3-4767-94A7-10F1C3395716}.Biodeep|x64.Build.0 = Biodeep|x64
		{2DD4BE80-DDC3-4767-94A7-10F1C3395716}.Biodeep|x86.ActiveCfg = Biodeep|x86
		{2DD4BE80-DDC3-4767-94A7-10F1C3395716}.Biodeep|x86.Build.0 = Biodeep|x86
		{2DD4BE80-DDC3-4767-94A7-10F1C3395716}.Debug|Any CPU.ActiveCfg = Debug|Any CPU
		{2DD4BE80-DDC3-4767-94A7-10F1C3395716}.Debug|Any CPU.Build.0 = Debug|Any CPU
		{2DD4BE80-DDC3-4767-94A7-10F1C3395716}.Debug|x64.ActiveCfg = Debug|x64
		{2DD4BE80-DDC3-4767-94A7-10F1C3395716}.Debug|x64.Build.0 = Debug|x64
		{2DD4BE80-DDC3-4767-94A7-10F1C3395716}.Debug|x86.ActiveCfg = Debug|x86
		{2DD4BE80-DDC3-4767-94A7-10F1C3395716}.Debug|x86.Build.0 = Debug|x86
		{2DD4BE80-DDC3-4767-94A7-10F1C3395716}.DEMO|Any CPU.ActiveCfg = Debug|Any CPU
		{2DD4BE80-DDC3-4767-94A7-10F1C3395716}.DEMO|Any CPU.Build.0 = Debug|Any CPU
		{2DD4BE80-DDC3-4767-94A7-10F1C3395716}.DEMO|x64.ActiveCfg = Debug|x64
		{2DD4BE80-DDC3-4767-94A7-10F1C3395716}.DEMO|x64.Build.0 = Debug|x64
		{2DD4BE80-DDC3-4767-94A7-10F1C3395716}.DEMO|x86.ActiveCfg = Debug|x86
		{2DD4BE80-DDC3-4767-94A7-10F1C3395716}.DEMO|x86.Build.0 = Debug|x86
		{2DD4BE80-DDC3-4767-94A7-10F1C3395716}.docs|Any CPU.ActiveCfg = docs|Any CPU
		{2DD4BE80-DDC3-4767-94A7-10F1C3395716}.docs|Any CPU.Build.0 = docs|Any CPU
		{2DD4BE80-DDC3-4767-94A7-10F1C3395716}.docs|x64.ActiveCfg = docs|x64
		{2DD4BE80-DDC3-4767-94A7-10F1C3395716}.docs|x64.Build.0 = docs|x64
		{2DD4BE80-DDC3-4767-94A7-10F1C3395716}.docs|x86.ActiveCfg = docs|x86
		{2DD4BE80-DDC3-4767-94A7-10F1C3395716}.docs|x86.Build.0 = docs|x86
		{2DD4BE80-DDC3-4767-94A7-10F1C3395716}.GCModeller(Release_X64)|Any CPU.ActiveCfg = GCModeller(Release_X64)|Any CPU
		{2DD4BE80-DDC3-4767-94A7-10F1C3395716}.GCModeller(Release_X64)|Any CPU.Build.0 = GCModeller(Release_X64)|Any CPU
		{2DD4BE80-DDC3-4767-94A7-10F1C3395716}.GCModeller(Release_X64)|x64.ActiveCfg = GCModeller(Release_X64)|x64
		{2DD4BE80-DDC3-4767-94A7-10F1C3395716}.GCModeller(Release_X64)|x64.Build.0 = GCModeller(Release_X64)|x64
		{2DD4BE80-DDC3-4767-94A7-10F1C3395716}.GCModeller(Release_X64)|x86.ActiveCfg = GCModeller(Release_X64)|x86
		{2DD4BE80-DDC3-4767-94A7-10F1C3395716}.GCModeller(Release_X64)|x86.Build.0 = GCModeller(Release_X64)|x86
		{2DD4BE80-DDC3-4767-94A7-10F1C3395716}.GCModeller(UNIX-Release_X64)|Any CPU.ActiveCfg = GCModeller(UNIX-Release_X64)|Any CPU
		{2DD4BE80-DDC3-4767-94A7-10F1C3395716}.GCModeller(UNIX-Release_X64)|Any CPU.Build.0 = GCModeller(UNIX-Release_X64)|Any CPU
		{2DD4BE80-DDC3-4767-94A7-10F1C3395716}.GCModeller(UNIX-Release_X64)|x64.ActiveCfg = GCModeller(UNIX-Release_X64)|x64
		{2DD4BE80-DDC3-4767-94A7-10F1C3395716}.GCModeller(UNIX-Release_X64)|x64.Build.0 = GCModeller(UNIX-Release_X64)|x64
		{2DD4BE80-DDC3-4767-94A7-10F1C3395716}.GCModeller(UNIX-Release_X64)|x86.ActiveCfg = GCModeller(UNIX-Release_X64)|x86
		{2DD4BE80-DDC3-4767-94A7-10F1C3395716}.GCModeller(UNIX-Release_X64)|x86.Build.0 = GCModeller(UNIX-Release_X64)|x86
		{2DD4BE80-DDC3-4767-94A7-10F1C3395716}.installer_x64|Any CPU.ActiveCfg = installer_x64|Any CPU
		{2DD4BE80-DDC3-4767-94A7-10F1C3395716}.installer_x64|Any CPU.Build.0 = installer_x64|Any CPU
		{2DD4BE80-DDC3-4767-94A7-10F1C3395716}.installer_x64|x64.ActiveCfg = installer_x64|x64
		{2DD4BE80-DDC3-4767-94A7-10F1C3395716}.installer_x64|x64.Build.0 = installer_x64|x64
		{2DD4BE80-DDC3-4767-94A7-10F1C3395716}.installer_x64|x86.ActiveCfg = installer_x64|x86
		{2DD4BE80-DDC3-4767-94A7-10F1C3395716}.installer_x64|x86.Build.0 = installer_x64|x86
		{2DD4BE80-DDC3-4767-94A7-10F1C3395716}.mysqli_X64_release|Any CPU.ActiveCfg = mysqli_X64_release|Any CPU
		{2DD4BE80-DDC3-4767-94A7-10F1C3395716}.mysqli_X64_release|Any CPU.Build.0 = mysqli_X64_release|Any CPU
		{2DD4BE80-DDC3-4767-94A7-10F1C3395716}.mysqli_X64_release|x64.ActiveCfg = mysqli_X64_release|x64
		{2DD4BE80-DDC3-4767-94A7-10F1C3395716}.mysqli_X64_release|x64.Build.0 = mysqli_X64_release|x64
		{2DD4BE80-DDC3-4767-94A7-10F1C3395716}.mysqli_X64_release|x86.ActiveCfg = mysqli_X64_release|x86
		{2DD4BE80-DDC3-4767-94A7-10F1C3395716}.mysqli_X64_release|x86.Build.0 = mysqli_X64_release|x86
		{2DD4BE80-DDC3-4767-94A7-10F1C3395716}.ProteoWizard.d|Any CPU.ActiveCfg = Publish|Any CPU
		{2DD4BE80-DDC3-4767-94A7-10F1C3395716}.ProteoWizard.d|Any CPU.Build.0 = Publish|Any CPU
		{2DD4BE80-DDC3-4767-94A7-10F1C3395716}.ProteoWizard.d|x64.ActiveCfg = Publish|x64
		{2DD4BE80-DDC3-4767-94A7-10F1C3395716}.ProteoWizard.d|x64.Build.0 = Publish|x64
		{2DD4BE80-DDC3-4767-94A7-10F1C3395716}.ProteoWizard.d|x86.ActiveCfg = Publish|x86
		{2DD4BE80-DDC3-4767-94A7-10F1C3395716}.ProteoWizard.d|x86.Build.0 = Publish|x86
		{2DD4BE80-DDC3-4767-94A7-10F1C3395716}.Publish|Any CPU.ActiveCfg = Publish|Any CPU
		{2DD4BE80-DDC3-4767-94A7-10F1C3395716}.Publish|Any CPU.Build.0 = Publish|Any CPU
		{2DD4BE80-DDC3-4767-94A7-10F1C3395716}.Publish|x64.ActiveCfg = Publish|x64
		{2DD4BE80-DDC3-4767-94A7-10F1C3395716}.Publish|x64.Build.0 = Publish|x64
		{2DD4BE80-DDC3-4767-94A7-10F1C3395716}.Publish|x86.ActiveCfg = Publish|x86
		{2DD4BE80-DDC3-4767-94A7-10F1C3395716}.Publish|x86.Build.0 = Publish|x86
		{2DD4BE80-DDC3-4767-94A7-10F1C3395716}.Release|Any CPU.ActiveCfg = Release|Any CPU
		{2DD4BE80-DDC3-4767-94A7-10F1C3395716}.Release|Any CPU.Build.0 = Release|Any CPU
		{2DD4BE80-DDC3-4767-94A7-10F1C3395716}.Release|x64.ActiveCfg = Release|x64
		{2DD4BE80-DDC3-4767-94A7-10F1C3395716}.Release|x64.Build.0 = Release|x64
		{2DD4BE80-DDC3-4767-94A7-10F1C3395716}.Release|x86.ActiveCfg = Release|x86
		{2DD4BE80-DDC3-4767-94A7-10F1C3395716}.Release|x86.Build.0 = Release|x86
		{2DD4BE80-DDC3-4767-94A7-10F1C3395716}.Release2|Any CPU.ActiveCfg = Release|Any CPU
		{2DD4BE80-DDC3-4767-94A7-10F1C3395716}.Release2|Any CPU.Build.0 = Release|Any CPU
		{2DD4BE80-DDC3-4767-94A7-10F1C3395716}.Release2|x64.ActiveCfg = Release|x64
		{2DD4BE80-DDC3-4767-94A7-10F1C3395716}.Release2|x64.Build.0 = Release|x64
		{2DD4BE80-DDC3-4767-94A7-10F1C3395716}.Release2|x86.ActiveCfg = Release|x86
		{2DD4BE80-DDC3-4767-94A7-10F1C3395716}.Release2|x86.Build.0 = Release|x86
		{2DD4BE80-DDC3-4767-94A7-10F1C3395716}.sciBASIC.NET-test-release|Any CPU.ActiveCfg = Surveillance-of-infectious-diseases|Any CPU
		{2DD4BE80-DDC3-4767-94A7-10F1C3395716}.sciBASIC.NET-test-release|Any CPU.Build.0 = Surveillance-of-infectious-diseases|Any CPU
		{2DD4BE80-DDC3-4767-94A7-10F1C3395716}.sciBASIC.NET-test-release|x64.ActiveCfg = Surveillance-of-infectious-diseases|x64
		{2DD4BE80-DDC3-4767-94A7-10F1C3395716}.sciBASIC.NET-test-release|x64.Build.0 = Surveillance-of-infectious-diseases|x64
		{2DD4BE80-DDC3-4767-94A7-10F1C3395716}.sciBASIC.NET-test-release|x86.ActiveCfg = Surveillance-of-infectious-diseases|x86
		{2DD4BE80-DDC3-4767-94A7-10F1C3395716}.sciBASIC.NET-test-release|x86.Build.0 = Surveillance-of-infectious-diseases|x86
		{2DD4BE80-DDC3-4767-94A7-10F1C3395716}.Surveillance-of-infectious-diseases|Any CPU.ActiveCfg = Surveillance-of-infectious-diseases|Any CPU
		{2DD4BE80-DDC3-4767-94A7-10F1C3395716}.Surveillance-of-infectious-diseases|Any CPU.Build.0 = Surveillance-of-infectious-diseases|Any CPU
		{2DD4BE80-DDC3-4767-94A7-10F1C3395716}.Surveillance-of-infectious-diseases|x64.ActiveCfg = Surveillance-of-infectious-diseases|x64
		{2DD4BE80-DDC3-4767-94A7-10F1C3395716}.Surveillance-of-infectious-diseases|x64.Build.0 = Surveillance-of-infectious-diseases|x64
		{2DD4BE80-DDC3-4767-94A7-10F1C3395716}.Surveillance-of-infectious-diseases|x86.ActiveCfg = Surveillance-of-infectious-diseases|x86
		{2DD4BE80-DDC3-4767-94A7-10F1C3395716}.Surveillance-of-infectious-diseases|x86.Build.0 = Surveillance-of-infectious-diseases|x86
		{2DD4BE80-DDC3-4767-94A7-10F1C3395716}.xDoc_tool_x64|Any CPU.ActiveCfg = Yilia-Release_x64|Any CPU
		{2DD4BE80-DDC3-4767-94A7-10F1C3395716}.xDoc_tool_x64|Any CPU.Build.0 = Yilia-Release_x64|Any CPU
		{2DD4BE80-DDC3-4767-94A7-10F1C3395716}.xDoc_tool_x64|x64.ActiveCfg = Yilia-Release_x64|x64
		{2DD4BE80-DDC3-4767-94A7-10F1C3395716}.xDoc_tool_x64|x64.Build.0 = Yilia-Release_x64|x64
		{2DD4BE80-DDC3-4767-94A7-10F1C3395716}.xDoc_tool_x64|x86.ActiveCfg = Yilia-Release_x64|x86
		{2DD4BE80-DDC3-4767-94A7-10F1C3395716}.xDoc_tool_x64|x86.Build.0 = Yilia-Release_x64|x86
		{2DD4BE80-DDC3-4767-94A7-10F1C3395716}.Yilia-Release_x64|Any CPU.ActiveCfg = Yilia-Release_x64|Any CPU
		{2DD4BE80-DDC3-4767-94A7-10F1C3395716}.Yilia-Release_x64|Any CPU.Build.0 = Yilia-Release_x64|Any CPU
		{2DD4BE80-DDC3-4767-94A7-10F1C3395716}.Yilia-Release_x64|x64.ActiveCfg = Yilia-Release_x64|x64
		{2DD4BE80-DDC3-4767-94A7-10F1C3395716}.Yilia-Release_x64|x64.Build.0 = Yilia-Release_x64|x64
		{2DD4BE80-DDC3-4767-94A7-10F1C3395716}.Yilia-Release_x64|x86.ActiveCfg = Yilia-Release_x64|x86
		{2DD4BE80-DDC3-4767-94A7-10F1C3395716}.Yilia-Release_x64|x86.Build.0 = Yilia-Release_x64|x86
		{4A1D6588-3574-40B5-881A-2707846A7318}.Biodeep_UNIX_x64|Any CPU.ActiveCfg = Release|Any CPU
		{4A1D6588-3574-40B5-881A-2707846A7318}.Biodeep_UNIX_x64|Any CPU.Build.0 = Release|Any CPU
		{4A1D6588-3574-40B5-881A-2707846A7318}.Biodeep_UNIX_x64|x64.ActiveCfg = Release|Any CPU
		{4A1D6588-3574-40B5-881A-2707846A7318}.Biodeep_UNIX_x64|x64.Build.0 = Release|Any CPU
		{4A1D6588-3574-40B5-881A-2707846A7318}.Biodeep_UNIX_x64|x86.ActiveCfg = Release|Any CPU
		{4A1D6588-3574-40B5-881A-2707846A7318}.Biodeep_UNIX_x64|x86.Build.0 = Release|Any CPU
		{4A1D6588-3574-40B5-881A-2707846A7318}.Biodeep|Any CPU.ActiveCfg = Release|Any CPU
		{4A1D6588-3574-40B5-881A-2707846A7318}.Biodeep|Any CPU.Build.0 = Release|Any CPU
		{4A1D6588-3574-40B5-881A-2707846A7318}.Biodeep|x64.ActiveCfg = Release|Any CPU
		{4A1D6588-3574-40B5-881A-2707846A7318}.Biodeep|x64.Build.0 = Release|Any CPU
		{4A1D6588-3574-40B5-881A-2707846A7318}.Biodeep|x86.ActiveCfg = Release|Any CPU
		{4A1D6588-3574-40B5-881A-2707846A7318}.Biodeep|x86.Build.0 = Release|Any CPU
		{4A1D6588-3574-40B5-881A-2707846A7318}.Debug|Any CPU.ActiveCfg = Debug|Any CPU
		{4A1D6588-3574-40B5-881A-2707846A7318}.Debug|Any CPU.Build.0 = Debug|Any CPU
		{4A1D6588-3574-40B5-881A-2707846A7318}.Debug|x64.ActiveCfg = Debug|x64
		{4A1D6588-3574-40B5-881A-2707846A7318}.Debug|x64.Build.0 = Debug|x64
		{4A1D6588-3574-40B5-881A-2707846A7318}.Debug|x86.ActiveCfg = Debug|Any CPU
		{4A1D6588-3574-40B5-881A-2707846A7318}.Debug|x86.Build.0 = Debug|Any CPU
		{4A1D6588-3574-40B5-881A-2707846A7318}.DEMO|Any CPU.ActiveCfg = Debug|Any CPU
		{4A1D6588-3574-40B5-881A-2707846A7318}.DEMO|Any CPU.Build.0 = Debug|Any CPU
		{4A1D6588-3574-40B5-881A-2707846A7318}.DEMO|x64.ActiveCfg = Debug|Any CPU
		{4A1D6588-3574-40B5-881A-2707846A7318}.DEMO|x64.Build.0 = Debug|Any CPU
		{4A1D6588-3574-40B5-881A-2707846A7318}.DEMO|x86.ActiveCfg = Debug|Any CPU
		{4A1D6588-3574-40B5-881A-2707846A7318}.DEMO|x86.Build.0 = Debug|Any CPU
		{4A1D6588-3574-40B5-881A-2707846A7318}.docs|Any CPU.ActiveCfg = Debug|Any CPU
		{4A1D6588-3574-40B5-881A-2707846A7318}.docs|Any CPU.Build.0 = Debug|Any CPU
		{4A1D6588-3574-40B5-881A-2707846A7318}.docs|x64.ActiveCfg = Debug|Any CPU
		{4A1D6588-3574-40B5-881A-2707846A7318}.docs|x64.Build.0 = Debug|Any CPU
		{4A1D6588-3574-40B5-881A-2707846A7318}.docs|x86.ActiveCfg = Debug|Any CPU
		{4A1D6588-3574-40B5-881A-2707846A7318}.docs|x86.Build.0 = Debug|Any CPU
		{4A1D6588-3574-40B5-881A-2707846A7318}.GCModeller(Release_X64)|Any CPU.ActiveCfg = Release|Any CPU
		{4A1D6588-3574-40B5-881A-2707846A7318}.GCModeller(Release_X64)|Any CPU.Build.0 = Release|Any CPU
		{4A1D6588-3574-40B5-881A-2707846A7318}.GCModeller(Release_X64)|x64.ActiveCfg = Release|Any CPU
		{4A1D6588-3574-40B5-881A-2707846A7318}.GCModeller(Release_X64)|x64.Build.0 = Release|Any CPU
		{4A1D6588-3574-40B5-881A-2707846A7318}.GCModeller(Release_X64)|x86.ActiveCfg = Release|Any CPU
		{4A1D6588-3574-40B5-881A-2707846A7318}.GCModeller(Release_X64)|x86.Build.0 = Release|Any CPU
		{4A1D6588-3574-40B5-881A-2707846A7318}.GCModeller(UNIX-Release_X64)|Any CPU.ActiveCfg = Release|Any CPU
		{4A1D6588-3574-40B5-881A-2707846A7318}.GCModeller(UNIX-Release_X64)|Any CPU.Build.0 = Release|Any CPU
		{4A1D6588-3574-40B5-881A-2707846A7318}.GCModeller(UNIX-Release_X64)|x64.ActiveCfg = Release|Any CPU
		{4A1D6588-3574-40B5-881A-2707846A7318}.GCModeller(UNIX-Release_X64)|x64.Build.0 = Release|Any CPU
		{4A1D6588-3574-40B5-881A-2707846A7318}.GCModeller(UNIX-Release_X64)|x86.ActiveCfg = Release|Any CPU
		{4A1D6588-3574-40B5-881A-2707846A7318}.GCModeller(UNIX-Release_X64)|x86.Build.0 = Release|Any CPU
		{4A1D6588-3574-40B5-881A-2707846A7318}.installer_x64|Any CPU.ActiveCfg = Release|Any CPU
		{4A1D6588-3574-40B5-881A-2707846A7318}.installer_x64|Any CPU.Build.0 = Release|Any CPU
		{4A1D6588-3574-40B5-881A-2707846A7318}.installer_x64|x64.ActiveCfg = Release|Any CPU
		{4A1D6588-3574-40B5-881A-2707846A7318}.installer_x64|x64.Build.0 = Release|Any CPU
		{4A1D6588-3574-40B5-881A-2707846A7318}.installer_x64|x86.ActiveCfg = Release|Any CPU
		{4A1D6588-3574-40B5-881A-2707846A7318}.installer_x64|x86.Build.0 = Release|Any CPU
		{4A1D6588-3574-40B5-881A-2707846A7318}.mysqli_X64_release|Any CPU.ActiveCfg = Release|Any CPU
		{4A1D6588-3574-40B5-881A-2707846A7318}.mysqli_X64_release|Any CPU.Build.0 = Release|Any CPU
		{4A1D6588-3574-40B5-881A-2707846A7318}.mysqli_X64_release|x64.ActiveCfg = Release|Any CPU
		{4A1D6588-3574-40B5-881A-2707846A7318}.mysqli_X64_release|x64.Build.0 = Release|Any CPU
		{4A1D6588-3574-40B5-881A-2707846A7318}.mysqli_X64_release|x86.ActiveCfg = Release|Any CPU
		{4A1D6588-3574-40B5-881A-2707846A7318}.mysqli_X64_release|x86.Build.0 = Release|Any CPU
		{4A1D6588-3574-40B5-881A-2707846A7318}.ProteoWizard.d|Any CPU.ActiveCfg = Debug|Any CPU
		{4A1D6588-3574-40B5-881A-2707846A7318}.ProteoWizard.d|Any CPU.Build.0 = Debug|Any CPU
		{4A1D6588-3574-40B5-881A-2707846A7318}.ProteoWizard.d|x64.ActiveCfg = Debug|Any CPU
		{4A1D6588-3574-40B5-881A-2707846A7318}.ProteoWizard.d|x64.Build.0 = Debug|Any CPU
		{4A1D6588-3574-40B5-881A-2707846A7318}.ProteoWizard.d|x86.ActiveCfg = Debug|Any CPU
		{4A1D6588-3574-40B5-881A-2707846A7318}.ProteoWizard.d|x86.Build.0 = Debug|Any CPU
		{4A1D6588-3574-40B5-881A-2707846A7318}.Publish|Any CPU.ActiveCfg = Release|Any CPU
		{4A1D6588-3574-40B5-881A-2707846A7318}.Publish|Any CPU.Build.0 = Release|Any CPU
		{4A1D6588-3574-40B5-881A-2707846A7318}.Publish|x64.ActiveCfg = Publish|x64
		{4A1D6588-3574-40B5-881A-2707846A7318}.Publish|x64.Build.0 = Publish|x64
		{4A1D6588-3574-40B5-881A-2707846A7318}.Publish|x86.ActiveCfg = Release|Any CPU
		{4A1D6588-3574-40B5-881A-2707846A7318}.Publish|x86.Build.0 = Release|Any CPU
		{4A1D6588-3574-40B5-881A-2707846A7318}.Release|Any CPU.ActiveCfg = Release|Any CPU
		{4A1D6588-3574-40B5-881A-2707846A7318}.Release|Any CPU.Build.0 = Release|Any CPU
		{4A1D6588-3574-40B5-881A-2707846A7318}.Release|x64.ActiveCfg = Release|Any CPU
		{4A1D6588-3574-40B5-881A-2707846A7318}.Release|x64.Build.0 = Release|Any CPU
		{4A1D6588-3574-40B5-881A-2707846A7318}.Release|x86.ActiveCfg = Release|Any CPU
		{4A1D6588-3574-40B5-881A-2707846A7318}.Release|x86.Build.0 = Release|Any CPU
		{4A1D6588-3574-40B5-881A-2707846A7318}.Release2|Any CPU.ActiveCfg = Release|Any CPU
		{4A1D6588-3574-40B5-881A-2707846A7318}.Release2|Any CPU.Build.0 = Release|Any CPU
		{4A1D6588-3574-40B5-881A-2707846A7318}.Release2|x64.ActiveCfg = Release|Any CPU
		{4A1D6588-3574-40B5-881A-2707846A7318}.Release2|x64.Build.0 = Release|Any CPU
		{4A1D6588-3574-40B5-881A-2707846A7318}.Release2|x86.ActiveCfg = Release|Any CPU
		{4A1D6588-3574-40B5-881A-2707846A7318}.Release2|x86.Build.0 = Release|Any CPU
		{4A1D6588-3574-40B5-881A-2707846A7318}.sciBASIC.NET-test-release|Any CPU.ActiveCfg = Release|Any CPU
		{4A1D6588-3574-40B5-881A-2707846A7318}.sciBASIC.NET-test-release|Any CPU.Build.0 = Release|Any CPU
		{4A1D6588-3574-40B5-881A-2707846A7318}.sciBASIC.NET-test-release|x64.ActiveCfg = Release|Any CPU
		{4A1D6588-3574-40B5-881A-2707846A7318}.sciBASIC.NET-test-release|x64.Build.0 = Release|Any CPU
		{4A1D6588-3574-40B5-881A-2707846A7318}.sciBASIC.NET-test-release|x86.ActiveCfg = Release|Any CPU
		{4A1D6588-3574-40B5-881A-2707846A7318}.sciBASIC.NET-test-release|x86.Build.0 = Release|Any CPU
		{4A1D6588-3574-40B5-881A-2707846A7318}.Surveillance-of-infectious-diseases|Any CPU.ActiveCfg = Release|Any CPU
		{4A1D6588-3574-40B5-881A-2707846A7318}.Surveillance-of-infectious-diseases|Any CPU.Build.0 = Release|Any CPU
		{4A1D6588-3574-40B5-881A-2707846A7318}.Surveillance-of-infectious-diseases|x64.ActiveCfg = Release|Any CPU
		{4A1D6588-3574-40B5-881A-2707846A7318}.Surveillance-of-infectious-diseases|x64.Build.0 = Release|Any CPU
		{4A1D6588-3574-40B5-881A-2707846A7318}.Surveillance-of-infectious-diseases|x86.ActiveCfg = Release|Any CPU
		{4A1D6588-3574-40B5-881A-2707846A7318}.Surveillance-of-infectious-diseases|x86.Build.0 = Release|Any CPU
		{4A1D6588-3574-40B5-881A-2707846A7318}.xDoc_tool_x64|Any CPU.ActiveCfg = Release|Any CPU
		{4A1D6588-3574-40B5-881A-2707846A7318}.xDoc_tool_x64|Any CPU.Build.0 = Release|Any CPU
		{4A1D6588-3574-40B5-881A-2707846A7318}.xDoc_tool_x64|x64.ActiveCfg = Release|Any CPU
		{4A1D6588-3574-40B5-881A-2707846A7318}.xDoc_tool_x64|x64.Build.0 = Release|Any CPU
		{4A1D6588-3574-40B5-881A-2707846A7318}.xDoc_tool_x64|x86.ActiveCfg = Release|Any CPU
		{4A1D6588-3574-40B5-881A-2707846A7318}.xDoc_tool_x64|x86.Build.0 = Release|Any CPU
		{4A1D6588-3574-40B5-881A-2707846A7318}.Yilia-Release_x64|Any CPU.ActiveCfg = Release|Any CPU
		{4A1D6588-3574-40B5-881A-2707846A7318}.Yilia-Release_x64|Any CPU.Build.0 = Release|Any CPU
		{4A1D6588-3574-40B5-881A-2707846A7318}.Yilia-Release_x64|x64.ActiveCfg = Release|Any CPU
		{4A1D6588-3574-40B5-881A-2707846A7318}.Yilia-Release_x64|x64.Build.0 = Release|Any CPU
		{4A1D6588-3574-40B5-881A-2707846A7318}.Yilia-Release_x64|x86.ActiveCfg = Release|Any CPU
		{4A1D6588-3574-40B5-881A-2707846A7318}.Yilia-Release_x64|x86.Build.0 = Release|Any CPU
		{3A65D811-FC5C-4AD9-8456-8F720FF14C16}.Biodeep_UNIX_x64|Any CPU.ActiveCfg = Release|Any CPU
		{3A65D811-FC5C-4AD9-8456-8F720FF14C16}.Biodeep_UNIX_x64|Any CPU.Build.0 = Release|Any CPU
		{3A65D811-FC5C-4AD9-8456-8F720FF14C16}.Biodeep_UNIX_x64|x64.ActiveCfg = Release|Any CPU
		{3A65D811-FC5C-4AD9-8456-8F720FF14C16}.Biodeep_UNIX_x64|x64.Build.0 = Release|Any CPU
		{3A65D811-FC5C-4AD9-8456-8F720FF14C16}.Biodeep_UNIX_x64|x86.ActiveCfg = Release|Any CPU
		{3A65D811-FC5C-4AD9-8456-8F720FF14C16}.Biodeep_UNIX_x64|x86.Build.0 = Release|Any CPU
		{3A65D811-FC5C-4AD9-8456-8F720FF14C16}.Biodeep|Any CPU.ActiveCfg = Release|Any CPU
		{3A65D811-FC5C-4AD9-8456-8F720FF14C16}.Biodeep|Any CPU.Build.0 = Release|Any CPU
		{3A65D811-FC5C-4AD9-8456-8F720FF14C16}.Biodeep|x64.ActiveCfg = Release|Any CPU
		{3A65D811-FC5C-4AD9-8456-8F720FF14C16}.Biodeep|x64.Build.0 = Release|Any CPU
		{3A65D811-FC5C-4AD9-8456-8F720FF14C16}.Biodeep|x86.ActiveCfg = Release|Any CPU
		{3A65D811-FC5C-4AD9-8456-8F720FF14C16}.Biodeep|x86.Build.0 = Release|Any CPU
		{3A65D811-FC5C-4AD9-8456-8F720FF14C16}.Debug|Any CPU.ActiveCfg = Debug|Any CPU
		{3A65D811-FC5C-4AD9-8456-8F720FF14C16}.Debug|Any CPU.Build.0 = Debug|Any CPU
		{3A65D811-FC5C-4AD9-8456-8F720FF14C16}.Debug|x64.ActiveCfg = Debug|x64
		{3A65D811-FC5C-4AD9-8456-8F720FF14C16}.Debug|x64.Build.0 = Debug|x64
		{3A65D811-FC5C-4AD9-8456-8F720FF14C16}.Debug|x86.ActiveCfg = Debug|Any CPU
		{3A65D811-FC5C-4AD9-8456-8F720FF14C16}.Debug|x86.Build.0 = Debug|Any CPU
		{3A65D811-FC5C-4AD9-8456-8F720FF14C16}.DEMO|Any CPU.ActiveCfg = Debug|Any CPU
		{3A65D811-FC5C-4AD9-8456-8F720FF14C16}.DEMO|Any CPU.Build.0 = Debug|Any CPU
		{3A65D811-FC5C-4AD9-8456-8F720FF14C16}.DEMO|x64.ActiveCfg = Debug|Any CPU
		{3A65D811-FC5C-4AD9-8456-8F720FF14C16}.DEMO|x64.Build.0 = Debug|Any CPU
		{3A65D811-FC5C-4AD9-8456-8F720FF14C16}.DEMO|x86.ActiveCfg = Debug|Any CPU
		{3A65D811-FC5C-4AD9-8456-8F720FF14C16}.DEMO|x86.Build.0 = Debug|Any CPU
		{3A65D811-FC5C-4AD9-8456-8F720FF14C16}.docs|Any CPU.ActiveCfg = Debug|Any CPU
		{3A65D811-FC5C-4AD9-8456-8F720FF14C16}.docs|Any CPU.Build.0 = Debug|Any CPU
		{3A65D811-FC5C-4AD9-8456-8F720FF14C16}.docs|x64.ActiveCfg = Debug|Any CPU
		{3A65D811-FC5C-4AD9-8456-8F720FF14C16}.docs|x64.Build.0 = Debug|Any CPU
		{3A65D811-FC5C-4AD9-8456-8F720FF14C16}.docs|x86.ActiveCfg = Debug|Any CPU
		{3A65D811-FC5C-4AD9-8456-8F720FF14C16}.docs|x86.Build.0 = Debug|Any CPU
		{3A65D811-FC5C-4AD9-8456-8F720FF14C16}.GCModeller(Release_X64)|Any CPU.ActiveCfg = Release|Any CPU
		{3A65D811-FC5C-4AD9-8456-8F720FF14C16}.GCModeller(Release_X64)|Any CPU.Build.0 = Release|Any CPU
		{3A65D811-FC5C-4AD9-8456-8F720FF14C16}.GCModeller(Release_X64)|x64.ActiveCfg = Release|Any CPU
		{3A65D811-FC5C-4AD9-8456-8F720FF14C16}.GCModeller(Release_X64)|x64.Build.0 = Release|Any CPU
		{3A65D811-FC5C-4AD9-8456-8F720FF14C16}.GCModeller(Release_X64)|x86.ActiveCfg = Release|Any CPU
		{3A65D811-FC5C-4AD9-8456-8F720FF14C16}.GCModeller(Release_X64)|x86.Build.0 = Release|Any CPU
		{3A65D811-FC5C-4AD9-8456-8F720FF14C16}.GCModeller(UNIX-Release_X64)|Any CPU.ActiveCfg = Release|Any CPU
		{3A65D811-FC5C-4AD9-8456-8F720FF14C16}.GCModeller(UNIX-Release_X64)|Any CPU.Build.0 = Release|Any CPU
		{3A65D811-FC5C-4AD9-8456-8F720FF14C16}.GCModeller(UNIX-Release_X64)|x64.ActiveCfg = Release|Any CPU
		{3A65D811-FC5C-4AD9-8456-8F720FF14C16}.GCModeller(UNIX-Release_X64)|x64.Build.0 = Release|Any CPU
		{3A65D811-FC5C-4AD9-8456-8F720FF14C16}.GCModeller(UNIX-Release_X64)|x86.ActiveCfg = Release|Any CPU
		{3A65D811-FC5C-4AD9-8456-8F720FF14C16}.GCModeller(UNIX-Release_X64)|x86.Build.0 = Release|Any CPU
		{3A65D811-FC5C-4AD9-8456-8F720FF14C16}.installer_x64|Any CPU.ActiveCfg = Release|Any CPU
		{3A65D811-FC5C-4AD9-8456-8F720FF14C16}.installer_x64|Any CPU.Build.0 = Release|Any CPU
		{3A65D811-FC5C-4AD9-8456-8F720FF14C16}.installer_x64|x64.ActiveCfg = Release|Any CPU
		{3A65D811-FC5C-4AD9-8456-8F720FF14C16}.installer_x64|x64.Build.0 = Release|Any CPU
		{3A65D811-FC5C-4AD9-8456-8F720FF14C16}.installer_x64|x86.ActiveCfg = Release|Any CPU
		{3A65D811-FC5C-4AD9-8456-8F720FF14C16}.installer_x64|x86.Build.0 = Release|Any CPU
		{3A65D811-FC5C-4AD9-8456-8F720FF14C16}.mysqli_X64_release|Any CPU.ActiveCfg = Release|Any CPU
		{3A65D811-FC5C-4AD9-8456-8F720FF14C16}.mysqli_X64_release|Any CPU.Build.0 = Release|Any CPU
		{3A65D811-FC5C-4AD9-8456-8F720FF14C16}.mysqli_X64_release|x64.ActiveCfg = Release|Any CPU
		{3A65D811-FC5C-4AD9-8456-8F720FF14C16}.mysqli_X64_release|x64.Build.0 = Release|Any CPU
		{3A65D811-FC5C-4AD9-8456-8F720FF14C16}.mysqli_X64_release|x86.ActiveCfg = Release|Any CPU
		{3A65D811-FC5C-4AD9-8456-8F720FF14C16}.mysqli_X64_release|x86.Build.0 = Release|Any CPU
		{3A65D811-FC5C-4AD9-8456-8F720FF14C16}.ProteoWizard.d|Any CPU.ActiveCfg = Release|Any CPU
		{3A65D811-FC5C-4AD9-8456-8F720FF14C16}.ProteoWizard.d|Any CPU.Build.0 = Release|Any CPU
		{3A65D811-FC5C-4AD9-8456-8F720FF14C16}.ProteoWizard.d|x64.ActiveCfg = Release|Any CPU
		{3A65D811-FC5C-4AD9-8456-8F720FF14C16}.ProteoWizard.d|x64.Build.0 = Release|Any CPU
		{3A65D811-FC5C-4AD9-8456-8F720FF14C16}.ProteoWizard.d|x86.ActiveCfg = Release|Any CPU
		{3A65D811-FC5C-4AD9-8456-8F720FF14C16}.ProteoWizard.d|x86.Build.0 = Release|Any CPU
		{3A65D811-FC5C-4AD9-8456-8F720FF14C16}.Publish|Any CPU.ActiveCfg = Release|Any CPU
		{3A65D811-FC5C-4AD9-8456-8F720FF14C16}.Publish|Any CPU.Build.0 = Release|Any CPU
		{3A65D811-FC5C-4AD9-8456-8F720FF14C16}.Publish|x64.ActiveCfg = Publish|x64
		{3A65D811-FC5C-4AD9-8456-8F720FF14C16}.Publish|x64.Build.0 = Publish|x64
		{3A65D811-FC5C-4AD9-8456-8F720FF14C16}.Publish|x86.ActiveCfg = Release|Any CPU
		{3A65D811-FC5C-4AD9-8456-8F720FF14C16}.Publish|x86.Build.0 = Release|Any CPU
		{3A65D811-FC5C-4AD9-8456-8F720FF14C16}.Release|Any CPU.ActiveCfg = Release|Any CPU
		{3A65D811-FC5C-4AD9-8456-8F720FF14C16}.Release|Any CPU.Build.0 = Release|Any CPU
		{3A65D811-FC5C-4AD9-8456-8F720FF14C16}.Release|x64.ActiveCfg = Release|Any CPU
		{3A65D811-FC5C-4AD9-8456-8F720FF14C16}.Release|x64.Build.0 = Release|Any CPU
		{3A65D811-FC5C-4AD9-8456-8F720FF14C16}.Release|x86.ActiveCfg = Release|Any CPU
		{3A65D811-FC5C-4AD9-8456-8F720FF14C16}.Release|x86.Build.0 = Release|Any CPU
		{3A65D811-FC5C-4AD9-8456-8F720FF14C16}.Release2|Any CPU.ActiveCfg = Release|Any CPU
		{3A65D811-FC5C-4AD9-8456-8F720FF14C16}.Release2|Any CPU.Build.0 = Release|Any CPU
		{3A65D811-FC5C-4AD9-8456-8F720FF14C16}.Release2|x64.ActiveCfg = Release|Any CPU
		{3A65D811-FC5C-4AD9-8456-8F720FF14C16}.Release2|x64.Build.0 = Release|Any CPU
		{3A65D811-FC5C-4AD9-8456-8F720FF14C16}.Release2|x86.ActiveCfg = Release|Any CPU
		{3A65D811-FC5C-4AD9-8456-8F720FF14C16}.Release2|x86.Build.0 = Release|Any CPU
		{3A65D811-FC5C-4AD9-8456-8F720FF14C16}.sciBASIC.NET-test-release|Any CPU.ActiveCfg = Release|Any CPU
		{3A65D811-FC5C-4AD9-8456-8F720FF14C16}.sciBASIC.NET-test-release|Any CPU.Build.0 = Release|Any CPU
		{3A65D811-FC5C-4AD9-8456-8F720FF14C16}.sciBASIC.NET-test-release|x64.ActiveCfg = Release|Any CPU
		{3A65D811-FC5C-4AD9-8456-8F720FF14C16}.sciBASIC.NET-test-release|x64.Build.0 = Release|Any CPU
		{3A65D811-FC5C-4AD9-8456-8F720FF14C16}.sciBASIC.NET-test-release|x86.ActiveCfg = Release|Any CPU
		{3A65D811-FC5C-4AD9-8456-8F720FF14C16}.sciBASIC.NET-test-release|x86.Build.0 = Release|Any CPU
		{3A65D811-FC5C-4AD9-8456-8F720FF14C16}.Surveillance-of-infectious-diseases|Any CPU.ActiveCfg = Release|Any CPU
		{3A65D811-FC5C-4AD9-8456-8F720FF14C16}.Surveillance-of-infectious-diseases|Any CPU.Build.0 = Release|Any CPU
		{3A65D811-FC5C-4AD9-8456-8F720FF14C16}.Surveillance-of-infectious-diseases|x64.ActiveCfg = Release|Any CPU
		{3A65D811-FC5C-4AD9-8456-8F720FF14C16}.Surveillance-of-infectious-diseases|x64.Build.0 = Release|Any CPU
		{3A65D811-FC5C-4AD9-8456-8F720FF14C16}.Surveillance-of-infectious-diseases|x86.ActiveCfg = Release|Any CPU
		{3A65D811-FC5C-4AD9-8456-8F720FF14C16}.Surveillance-of-infectious-diseases|x86.Build.0 = Release|Any CPU
		{3A65D811-FC5C-4AD9-8456-8F720FF14C16}.xDoc_tool_x64|Any CPU.ActiveCfg = Release|Any CPU
		{3A65D811-FC5C-4AD9-8456-8F720FF14C16}.xDoc_tool_x64|Any CPU.Build.0 = Release|Any CPU
		{3A65D811-FC5C-4AD9-8456-8F720FF14C16}.xDoc_tool_x64|x64.ActiveCfg = Release|Any CPU
		{3A65D811-FC5C-4AD9-8456-8F720FF14C16}.xDoc_tool_x64|x64.Build.0 = Release|Any CPU
		{3A65D811-FC5C-4AD9-8456-8F720FF14C16}.xDoc_tool_x64|x86.ActiveCfg = Release|Any CPU
		{3A65D811-FC5C-4AD9-8456-8F720FF14C16}.xDoc_tool_x64|x86.Build.0 = Release|Any CPU
		{3A65D811-FC5C-4AD9-8456-8F720FF14C16}.Yilia-Release_x64|Any CPU.ActiveCfg = Release|Any CPU
		{3A65D811-FC5C-4AD9-8456-8F720FF14C16}.Yilia-Release_x64|Any CPU.Build.0 = Release|Any CPU
		{3A65D811-FC5C-4AD9-8456-8F720FF14C16}.Yilia-Release_x64|x64.ActiveCfg = Release|Any CPU
		{3A65D811-FC5C-4AD9-8456-8F720FF14C16}.Yilia-Release_x64|x64.Build.0 = Release|Any CPU
		{3A65D811-FC5C-4AD9-8456-8F720FF14C16}.Yilia-Release_x64|x86.ActiveCfg = Release|Any CPU
		{3A65D811-FC5C-4AD9-8456-8F720FF14C16}.Yilia-Release_x64|x86.Build.0 = Release|Any CPU
	EndGlobalSection
	GlobalSection(SolutionProperties) = preSolution
		HideSolutionNode = FALSE
	EndGlobalSection
	GlobalSection(NestedProjects) = preSolution
		{FECCE1FD-E1D4-49E3-A668-60BB5E7AED99} = {3A0E0505-D092-41EE-9769-08B75C554645}
		{7BE561F7-12CA-42D8-BAB0-B8F889D4A3FB} = {ACB607DD-4B96-4DDD-B35F-F00AFA1054DA}
		{36AB06C9-CC20-4CB0-A492-BD9EAE59FD14} = {ACB607DD-4B96-4DDD-B35F-F00AFA1054DA}
		{2DD4BE80-DDC3-4767-94A7-10F1C3395716} = {3A0E0505-D092-41EE-9769-08B75C554645}
		{3A65D811-FC5C-4AD9-8456-8F720FF14C16} = {3A0E0505-D092-41EE-9769-08B75C554645}
	EndGlobalSection
	GlobalSection(ExtensibilityGlobals) = postSolution
		SolutionGuid = {9BBEDB0E-4C8D-4FE8-BE22-90E52131FA40}
	EndGlobalSection
EndGlobal
