<Solution>
  <Configurations>
    <Platform Name="Any CPU" />
    <Platform Name="x64" />
  </Configurations>
  <Folder Name="/framework/">
    <Project Path="../GCModeller/src/runtime/Darwinism/src/data/LINQ/LINQ/LINQ.vbproj">
      <Platform Solution="*|x64" Project="x64" />
    </Project>
    <Project Path="../GCModeller/src/runtime/httpd/src/Flute/Flute.NET5.vbproj">
      <Platform Solution="*|x64" Project="x64" />
    </Project>
    <Project Path="../GCModeller/src/runtime/sciBASIC#/Data/DataFrame/dataframework-netcore5.vbproj">
      <Platform Solution="*|x64" Project="x64" />
    </Project>
    <Project Path="../GCModeller/src/runtime/sciBASIC#/Microsoft.VisualBasic.Core/src/Core.vbproj">
      <Platform Solution="*|x64" Project="x64" />
    </Project>
  </Folder>
  <Folder Name="/server/">
    <Project Path="../GCModeller/src/runtime/httpd/src/HTTP_SERVER/Fluteway.vbproj">
      <Platform Solution="*|x64" Project="x64" />
    </Project>
    <Project Path="../JSql/src/JSql/JSql.vbproj">
      <Platform Solution="*|x64" Project="x64" />
    </Project>
    <Project Path="src/Nuget/Nuget.vbproj">
      <Platform Solution="*|x64" Project="x64" />
    </Project>
  </Folder>
  <Project Path="src/xGet/xGet.vbproj" Id="b217e061-6101-4314-850b-29c931e01485">
    <Platform Solution="Debug|x64" Project="x64" />
  </Project>
</Solution>
