{
  "name": "search-engine",
  "version": "0.0.0",
  "lockfileVersion": 1,
  "requires": true,
  "dependencies": {
    "@types/jquery": {
      "version": "3.2.17",
      "resolved": "https://registry.npmjs.org/@types/jquery/-/jquery-3.2.17.tgz",
      "integrity": "sha512-lt8i2ZqymxxN1JnWSOTPU7Xc3ze32lhASkVdsMd6/SZnb/jtBsmFEoYCBSa0tzGDSyO7ZB+4r4aihj+KTlDs5w==",
      "dev": true
    },
    "@types/node": {
      "version": "6.0.96",
      "resolved": "https://registry.npmjs.org/@types/node/-/node-6.0.96.tgz",
      "integrity": "sha512-fsOOY6tMQ3jCB2wD51XFDmmpgm4wVKkJECdcVRqapbJEa7awJDcr+SaH8toz+4r4KW8YQ3M7ybXMoSDo1QGewA==",
      "dev": true
    }
  }
}
