
Microsoft Visual Studio Solution File, Format Version 12.00
# Visual Studio Version 16
VisualStudioVersion = 16.0.30621.155
MinimumVisualStudioVersion = 10.0.40219.1
Project("{9092AA53-FB77-4645-B42D-1CCCA6BD08BD}") = "Rscript", "Rscript\Rscript.njsproj", "{70A23C1E-149E-4BF3-B29A-C657C823754F}"
EndProject
Global
	GlobalSection(SolutionConfigurationPlatforms) = preSolution
		Debug|Any CPU = Debug|Any CPU
		Release|Any CPU = Release|Any CPU
	EndGlobalSection
	GlobalSection(ProjectConfigurationPlatforms) = postSolution
		{70A23C1E-149E-4BF3-B29A-C657C823754F}.Debug|Any CPU.ActiveCfg = Debug|Any CPU
		{70A23C1E-149E-4BF3-B29A-C657C823754F}.Debug|Any CPU.Build.0 = Debug|Any CPU
		{70A23C1E-149E-4BF3-B29A-C657C823754F}.Release|Any CPU.ActiveCfg = Release|Any CPU
		{70A23C1E-149E-4BF3-B29A-C657C823754F}.Release|Any CPU.Build.0 = Release|Any CPU
	EndGlobalSection
	GlobalSection(SolutionProperties) = preSolution
		HideSolutionNode = FALSE
	EndGlobalSection
	GlobalSection(ExtensibilityGlobals) = postSolution
		SolutionGuid = {6AF23731-9CF4-4FF0-9101-6440AD38162A}
	EndGlobalSection
EndGlobal
