
Microsoft Visual Studio Solution File, Format Version 12.00
# Visual Studio 15
VisualStudioVersion = 15.0.27130.2020
MinimumVisualStudioVersion = 10.0.40219.1
Project("{9092AA53-FB77-4645-B42D-1CCCA6BD08BD}") = "SearchEngine", "index_search\search.njsproj", "{95296614-51E0-46A7-AB1B-FA044E793DDE}"
EndProject
Global
	GlobalSection(SolutionConfigurationPlatforms) = preSolution
		Debug|Any CPU = Debug|Any CPU
		Release|Any CPU = Release|Any CPU
	EndGlobalSection
	GlobalSection(ProjectConfigurationPlatforms) = postSolution
		{95296614-51E0-46A7-AB1B-FA044E793DDE}.Debug|Any CPU.ActiveCfg = Debug|Any CPU
		{95296614-51E0-46A7-AB1B-FA044E793DDE}.Debug|Any CPU.Build.0 = Debug|Any CPU
		{95296614-51E0-46A7-AB1B-FA044E793DDE}.Release|Any CPU.ActiveCfg = Release|Any CPU
		{95296614-51E0-46A7-AB1B-FA044E793DDE}.Release|Any CPU.Build.0 = Release|Any CPU
	EndGlobalSection
	GlobalSection(SolutionProperties) = preSolution
		HideSolutionNode = FALSE
	EndGlobalSection
	GlobalSection(ExtensibilityGlobals) = postSolution
		SolutionGuid = {E35A422E-3B36-4165-928F-0DA7473072E5}
	EndGlobalSection
EndGlobal
