
Microsoft Visual Studio Solution File, Format Version 12.00
# Visual Studio 15
VisualStudioVersion = 15.0.28307.489
MinimumVisualStudioVersion = 10.0.40219.1
Project("{9092AA53-FB77-4645-B42D-1CCCA6BD08BD}") = "vbproj", "vbproj\vbproj.njsproj", "{EE32F93D-96AE-4C46-9F4E-DE9FB19ED270}"
EndProject
Global
	GlobalSection(SolutionConfigurationPlatforms) = preSolution
		Debug|Any CPU = Debug|Any CPU
		Release|Any CPU = Release|Any CPU
	EndGlobalSection
	GlobalSection(ProjectConfigurationPlatforms) = postSolution
		{EE32F93D-96AE-4C46-9F4E-DE9FB19ED270}.Debug|Any CPU.ActiveCfg = Debug|Any CPU
		{EE32F93D-96AE-4C46-9F4E-DE9FB19ED270}.Debug|Any CPU.Build.0 = Debug|Any CPU
		{EE32F93D-96AE-4C46-9F4E-DE9FB19ED270}.Release|Any CPU.ActiveCfg = Release|Any CPU
		{EE32F93D-96AE-4C46-9F4E-DE9FB19ED270}.Release|Any CPU.Build.0 = Release|Any CPU
	EndGlobalSection
	GlobalSection(SolutionProperties) = preSolution
		HideSolutionNode = FALSE
	EndGlobalSection
	GlobalSection(ExtensibilityGlobals) = postSolution
		SolutionGuid = {57F155AC-D239-43F7-9D70-D11656CFF8FA}
	EndGlobalSection
EndGlobal
