{
  "name": "nodejs-console-app1",
  "version": "0.0.0",
  "lockfileVersion": 1,
  "requires": true,
  "dependencies": {
    "@types/jquery": {
      "version": "3.5.2",
      "resolved": "https://registry.npmjs.org/@types/jquery/-/jquery-3.5.2.tgz",
      "integrity": "sha512-+MFOdKF5Zr41t3y2wfzJvK1PrUK0KtPLAFwYownp/0nCoMIANDDu5aFSpWfb8S0ZajCSNeaBnMrBGxksXK5yeg==",
      "requires": {
        "@types/sizzle": "2.3.2"
      }
    },
    "@types/jstree": {
      "version": "3.3.39",
      "resolved": "https://registry.npmjs.org/@types/jstree/-/jstree-3.3.39.tgz",
      "integrity": "sha512-lUUl9NCRqziIXYTC0n6NUykQS0oII5tUhXq6/pXVZSbrbcxB0jr3i7Bpn/8v6f8BVA9su1/NF/DoJ8IrwKuzKw==",
      "requires": {
        "@types/jquery": "3.5.2"
      }
    },
    "@types/node": {
      "version": "8.10.65",
      "resolved": "https://registry.npmjs.org/@types/node/-/node-8.10.65.tgz",
      "integrity": "sha512-xdcqtQl1g3p/49kmcj7ZixPWOcNHA1tYNz+uN0PJEcgtN6zywK74aacTnd3eFGPuBpD7kK8vowmMRkUt6jHU/Q==",
      "dev": true
    },
    "@types/sizzle": {
      "version": "2.3.2",
      "resolved": "https://registry.npmjs.org/@types/sizzle/-/sizzle-2.3.2.tgz",
      "integrity": "sha512-7EJYyKTL7tFR8+gDbB6Wwz/arpGa0Mywk1TJbNzKzHtzbwVmY4HR9WqS5VV7dsBUKQmPNr192jHr/VpBluj/hg=="
    }
  }
}
