{
  "name": "nodejs-console-app1",
  "version": "0.0.0",
  "lockfileVersion": 1,
  "requires": true,
  "dependencies": {
    "@types/jquery": {
      "version": "3.3.29",
      "resolved": "https://registry.npmjs.org/@types/jquery/-/jquery-3.3.29.tgz",
      "integrity": "sha512-FhJvBninYD36v3k6c+bVk1DSZwh7B5Dpb/Pyk3HKVsiohn0nhbefZZ+3JXbWQhFyt0MxSl2jRDdGQPHeOHFXrQ==",
      "requires": {
        "@types/sizzle": "2.3.2"
      }
    },
    "@types/jstree": {
      "version": "3.3.37",
      "resolved": "https://registry.npmjs.org/@types/jstree/-/jstree-3.3.37.tgz",
      "integrity": "sha512-aoyF7MoUoh6I3XocPvkHAqX/qaay+QpdBUHMrgJNeP/eouij/Fn5YzL4nIm6XEAgjhTMZKs1EH/3WSVsWPcGpg==",
      "requires": {
        "@types/jquery": "3.3.29"
      }
    },
    "@types/node": {
      "version": "8.10.44",
      "resolved": "https://registry.npmjs.org/@types/node/-/node-8.10.44.tgz",
      "integrity": "sha512-HY3SK7egERHGUfY8p6ztXIEQWcIPHouYhCGcLAPQin7gE2G/fALFz+epnMwcxKUS6aKqTVoAFdi+t1llQd3xcw==",
      "dev": true
    },
    "@types/sizzle": {
      "version": "2.3.2",
      "resolved": "https://registry.npmjs.org/@types/sizzle/-/sizzle-2.3.2.tgz",
      "integrity": "sha512-7EJYyKTL7tFR8+gDbB6Wwz/arpGa0Mywk1TJbNzKzHtzbwVmY4HR9WqS5VV7dsBUKQmPNr192jHr/VpBluj/hg=="
    }
  }
}
